
Microsoft Visual Studio Solution File, Format Version 12.00
# Visual Studio Version 17
VisualStudioVersion = 17.1.31911.260
MinimumVisualStudioVersion = 10.0.40219.1
Project("{2150E333-8FDC-42A3-9474-1A3956D46DE8}") = "Solution Items", "Solution Items", "{CB664A7C-FE30-4373-AC38-9243034FC9F2}"
	ProjectSection(SolutionItems) = preProject
		ReadMe.md = ReadMe.md
	EndProjectSection
EndProject
Project("{9A19103F-16F7-4668-BE54-9A1E7A4F7556}") = "BlazorWinForms", "BlazorWinForms\BlazorWinForms.csproj", "{32A29A15-E282-4BD6-B209-D659DCD02A43}"
EndProject
Project("{9A19103F-16F7-4668-BE54-9A1E7A4F7556}") = "BlazorWpf", "BlazorWpf\BlazorWpf.csproj", "{5A16B1B0-0721-4BD2-AF8C-1AA1F78B2A57}"
EndProject
Project("{9A19103F-16F7-4668-BE54-9A1E7A4F7556}") = "BlazorMaui", "BlazorMaui\BlazorMaui.csproj", "{807C9B00-DA74-4DFC-9E4D-4229F066D04C}"
EndProject
Project("{9A19103F-16F7-4668-BE54-9A1E7A4F7556}") = "BlazorPWA", "BlazorPWA\BlazorPWA.csproj", "{C4B8F1CA-C280-4776-AAA5-27282ADE50C6}"
EndProject
Project("{9A19103F-16F7-4668-BE54-9A1E7A4F7556}") = "BlazorShared", "BlazorShared\BlazorShared.csproj", "{1F97EAE8-9334-4196-BEDC-BAF0EC1DD306}"
EndProject
Project("{9A19103F-16F7-4668-BE54-9A1E7A4F7556}") = "BlazorSSR", "BlazorSSR\BlazorSSR.csproj", "{A3524F40-C55A-408C-97DA-11617E91CFC2}"
EndProject
Project("{9A19103F-16F7-4668-BE54-9A1E7A4F7556}") = "Console.Maui.Graphics", "Console.Maui.Graphics\Console.Maui.Graphics.csproj", "{034E4D84-3DFC-4782-8D63-5C37E7A9EBF3}"
EndProject
Project("{9A19103F-16F7-4668-BE54-9A1E7A4F7556}") = "BootstrapBlazor", "..\BootstrapBlazor\src\BootstrapBlazor\BootstrapBlazor.csproj", "{AD98A0FB-11EC-421A-A147-CCBCDBBF5AC5}"
EndProject
Project("{9A19103F-16F7-4668-BE54-9A1E7A4F7556}") = "AME.Extensions", "..\Densen.Extensions\AME.Extensions\AME.Extensions.csproj", "{528324BB-3173-4C08-B990-1CFB43E71E57}"
EndProject
Project("{2150E333-8FDC-42A3-9474-1A3956D46DE8}") = "external_src", "external_src", "{58CF3B35-60F9-4BBB-9D55-933A9F080188}"
EndProject
Project("{9A19103F-16F7-4668-BE54-9A1E7A4F7556}") = "Densen.Extensions.BootstrapBlazor", "..\Densen.Extensions\Blazor\Densen.Extensions.BootstrapBlazor.csproj", "{58082DC1-D8E0-4B26-8FF3-21B86F423FA6}"
EndProject
Project("{9A19103F-16F7-4668-BE54-9A1E7A4F7556}") = "LibraryShared", "LibraryShared\LibraryShared.csproj", "{FE890971-70ED-439F-9956-AB7B1A52DE30}"
EndProject
Project("{9A19103F-16F7-4668-BE54-9A1E7A4F7556}") = "Densen.Component.Blazor", "..\Densen.Extensions\Densen.Component.Blazor\Densen.Component.Blazor.csproj", "{9547CDFB-559B-4EC4-86F3-FF449CC9F45B}"
EndProject
Project("{2150E333-8FDC-42A3-9474-1A3956D46DE8}") = "RC2", "RC2", "{6FB997E5-3452-48CF-9C83-00BAD72D9D0A}"
EndProject
Project("{FAE04EC0-301F-11D3-BF4B-00C04F79EFBC}") = "MauiAppRC2", "RC2\MauiAppRC2\MauiAppRC2.csproj", "{39E4CA7E-81FE-4701-97E8-E35291E8987D}"
EndProject
Project("{FAE04EC0-301F-11D3-BF4B-00C04F79EFBC}") = "MauiRC2", "RC2\MauiRC2\MauiRC2.csproj", "{350C40A7-7E43-4953-A702-5FD39DBF6966}"
EndProject
Project("{FAE04EC0-301F-11D3-BF4B-00C04F79EFBC}") = "BlazorWpfRC2", "RC2\BlazorWpfRC2\BlazorWpfRC2.csproj", "{C33DBBA4-15CB-4350-A138-78F54A7FEE69}"
EndProject
Project("{FAE04EC0-301F-11D3-BF4B-00C04F79EFBC}") = "BlazorWinFormsRC2", "RC2\BlazorWinFormsRC2\BlazorWinFormsRC2.csproj", "{9D70968E-1EB6-4EB5-8966-CECBA282941E}"
EndProject
Global
	GlobalSection(SolutionConfigurationPlatforms) = preSolution
		Debug|Any CPU = Debug|Any CPU
		Debug|ARM = Debug|ARM
		Debug|ARM64 = Debug|ARM64
		Debug|x64 = Debug|x64
		Debug|x86 = Debug|x86
		DebugFsql|Any CPU = DebugFsql|Any CPU
		DebugFsql|ARM = DebugFsql|ARM
		DebugFsql|ARM64 = DebugFsql|ARM64
		DebugFsql|x64 = DebugFsql|x64
		DebugFsql|x86 = DebugFsql|x86
		DebugIE|Any CPU = DebugIE|Any CPU
		DebugIE|ARM = DebugIE|ARM
		DebugIE|ARM64 = DebugIE|ARM64
		DebugIE|x64 = DebugIE|x64
		DebugIE|x86 = DebugIE|x86
		Preview|Any CPU = Preview|Any CPU
		Preview|ARM = Preview|ARM
		Preview|ARM64 = Preview|ARM64
		Preview|x64 = Preview|x64
		Preview|x86 = Preview|x86
		Release|Any CPU = Release|Any CPU
		Release|ARM = Release|ARM
		Release|ARM64 = Release|ARM64
		Release|x64 = Release|x64
		Release|x86 = Release|x86
	EndGlobalSection
	GlobalSection(ProjectConfigurationPlatforms) = postSolution
		{32A29A15-E282-4BD6-B209-D659DCD02A43}.Debug|Any CPU.ActiveCfg = Debug|Any CPU
		{32A29A15-E282-4BD6-B209-D659DCD02A43}.Debug|Any CPU.Build.0 = Debug|Any CPU
		{32A29A15-E282-4BD6-B209-D659DCD02A43}.Debug|ARM.ActiveCfg = Debug|Any CPU
		{32A29A15-E282-4BD6-B209-D659DCD02A43}.Debug|ARM.Build.0 = Debug|Any CPU
		{32A29A15-E282-4BD6-B209-D659DCD02A43}.Debug|ARM64.ActiveCfg = Debug|Any CPU
		{32A29A15-E282-4BD6-B209-D659DCD02A43}.Debug|ARM64.Build.0 = Debug|Any CPU
		{32A29A15-E282-4BD6-B209-D659DCD02A43}.Debug|x64.ActiveCfg = Debug|Any CPU
		{32A29A15-E282-4BD6-B209-D659DCD02A43}.Debug|x64.Build.0 = Debug|Any CPU
		{32A29A15-E282-4BD6-B209-D659DCD02A43}.Debug|x86.ActiveCfg = Debug|Any CPU
		{32A29A15-E282-4BD6-B209-D659DCD02A43}.Debug|x86.Build.0 = Debug|Any CPU
		{32A29A15-E282-4BD6-B209-D659DCD02A43}.DebugFsql|Any CPU.ActiveCfg = Debug|Any CPU
		{32A29A15-E282-4BD6-B209-D659DCD02A43}.DebugFsql|Any CPU.Build.0 = Debug|Any CPU
		{32A29A15-E282-4BD6-B209-D659DCD02A43}.DebugFsql|ARM.ActiveCfg = Debug|Any CPU
		{32A29A15-E282-4BD6-B209-D659DCD02A43}.DebugFsql|ARM.Build.0 = Debug|Any CPU
		{32A29A15-E282-4BD6-B209-D659DCD02A43}.DebugFsql|ARM64.ActiveCfg = Debug|Any CPU
		{32A29A15-E282-4BD6-B209-D659DCD02A43}.DebugFsql|ARM64.Build.0 = Debug|Any CPU
		{32A29A15-E282-4BD6-B209-D659DCD02A43}.DebugFsql|x64.ActiveCfg = Debug|Any CPU
		{32A29A15-E282-4BD6-B209-D659DCD02A43}.DebugFsql|x64.Build.0 = Debug|Any CPU
		{32A29A15-E282-4BD6-B209-D659DCD02A43}.DebugFsql|x86.ActiveCfg = Debug|Any CPU
		{32A29A15-E282-4BD6-B209-D659DCD02A43}.DebugFsql|x86.Build.0 = Debug|Any CPU
		{32A29A15-E282-4BD6-B209-D659DCD02A43}.DebugIE|Any CPU.ActiveCfg = Debug|Any CPU
		{32A29A15-E282-4BD6-B209-D659DCD02A43}.DebugIE|Any CPU.Build.0 = Debug|Any CPU
		{32A29A15-E282-4BD6-B209-D659DCD02A43}.DebugIE|ARM.ActiveCfg = Debug|Any CPU
		{32A29A15-E282-4BD6-B209-D659DCD02A43}.DebugIE|ARM.Build.0 = Debug|Any CPU
		{32A29A15-E282-4BD6-B209-D659DCD02A43}.DebugIE|ARM64.ActiveCfg = Debug|Any CPU
		{32A29A15-E282-4BD6-B209-D659DCD02A43}.DebugIE|ARM64.Build.0 = Debug|Any CPU
		{32A29A15-E282-4BD6-B209-D659DCD02A43}.DebugIE|x64.ActiveCfg = Debug|Any CPU
		{32A29A15-E282-4BD6-B209-D659DCD02A43}.DebugIE|x64.Build.0 = Debug|Any CPU
		{32A29A15-E282-4BD6-B209-D659DCD02A43}.DebugIE|x86.ActiveCfg = Debug|Any CPU
		{32A29A15-E282-4BD6-B209-D659DCD02A43}.DebugIE|x86.Build.0 = Debug|Any CPU
		{32A29A15-E282-4BD6-B209-D659DCD02A43}.Preview|Any CPU.ActiveCfg = Release|Any CPU
		{32A29A15-E282-4BD6-B209-D659DCD02A43}.Preview|Any CPU.Build.0 = Release|Any CPU
		{32A29A15-E282-4BD6-B209-D659DCD02A43}.Preview|ARM.ActiveCfg = Release|Any CPU
		{32A29A15-E282-4BD6-B209-D659DCD02A43}.Preview|ARM.Build.0 = Release|Any CPU
		{32A29A15-E282-4BD6-B209-D659DCD02A43}.Preview|ARM64.ActiveCfg = Release|Any CPU
		{32A29A15-E282-4BD6-B209-D659DCD02A43}.Preview|ARM64.Build.0 = Release|Any CPU
		{32A29A15-E282-4BD6-B209-D659DCD02A43}.Preview|x64.ActiveCfg = Release|Any CPU
		{32A29A15-E282-4BD6-B209-D659DCD02A43}.Preview|x64.Build.0 = Release|Any CPU
		{32A29A15-E282-4BD6-B209-D659DCD02A43}.Preview|x86.ActiveCfg = Release|Any CPU
		{32A29A15-E282-4BD6-B209-D659DCD02A43}.Preview|x86.Build.0 = Release|Any CPU
		{32A29A15-E282-4BD6-B209-D659DCD02A43}.Release|Any CPU.ActiveCfg = Release|Any CPU
		{32A29A15-E282-4BD6-B209-D659DCD02A43}.Release|Any CPU.Build.0 = Release|Any CPU
		{32A29A15-E282-4BD6-B209-D659DCD02A43}.Release|ARM.ActiveCfg = Release|Any CPU
		{32A29A15-E282-4BD6-B209-D659DCD02A43}.Release|ARM.Build.0 = Release|Any CPU
		{32A29A15-E282-4BD6-B209-D659DCD02A43}.Release|ARM64.ActiveCfg = Release|Any CPU
		{32A29A15-E282-4BD6-B209-D659DCD02A43}.Release|ARM64.Build.0 = Release|Any CPU
		{32A29A15-E282-4BD6-B209-D659DCD02A43}.Release|x64.ActiveCfg = Release|Any CPU
		{32A29A15-E282-4BD6-B209-D659DCD02A43}.Release|x64.Build.0 = Release|Any CPU
		{32A29A15-E282-4BD6-B209-D659DCD02A43}.Release|x86.ActiveCfg = Release|Any CPU
		{32A29A15-E282-4BD6-B209-D659DCD02A43}.Release|x86.Build.0 = Release|Any CPU
		{5A16B1B0-0721-4BD2-AF8C-1AA1F78B2A57}.Debug|Any CPU.ActiveCfg = Debug|Any CPU
		{5A16B1B0-0721-4BD2-AF8C-1AA1F78B2A57}.Debug|Any CPU.Build.0 = Debug|Any CPU
		{5A16B1B0-0721-4BD2-AF8C-1AA1F78B2A57}.Debug|ARM.ActiveCfg = Debug|Any CPU
		{5A16B1B0-0721-4BD2-AF8C-1AA1F78B2A57}.Debug|ARM.Build.0 = Debug|Any CPU
		{5A16B1B0-0721-4BD2-AF8C-1AA1F78B2A57}.Debug|ARM64.ActiveCfg = Debug|Any CPU
		{5A16B1B0-0721-4BD2-AF8C-1AA1F78B2A57}.Debug|ARM64.Build.0 = Debug|Any CPU
		{5A16B1B0-0721-4BD2-AF8C-1AA1F78B2A57}.Debug|x64.ActiveCfg = Debug|Any CPU
		{5A16B1B0-0721-4BD2-AF8C-1AA1F78B2A57}.Debug|x64.Build.0 = Debug|Any CPU
		{5A16B1B0-0721-4BD2-AF8C-1AA1F78B2A57}.Debug|x86.ActiveCfg = Debug|Any CPU
		{5A16B1B0-0721-4BD2-AF8C-1AA1F78B2A57}.Debug|x86.Build.0 = Debug|Any CPU
		{5A16B1B0-0721-4BD2-AF8C-1AA1F78B2A57}.DebugFsql|Any CPU.ActiveCfg = Debug|Any CPU
		{5A16B1B0-0721-4BD2-AF8C-1AA1F78B2A57}.DebugFsql|Any CPU.Build.0 = Debug|Any CPU
		{5A16B1B0-0721-4BD2-AF8C-1AA1F78B2A57}.DebugFsql|ARM.ActiveCfg = Debug|Any CPU
		{5A16B1B0-0721-4BD2-AF8C-1AA1F78B2A57}.DebugFsql|ARM.Build.0 = Debug|Any CPU
		{5A16B1B0-0721-4BD2-AF8C-1AA1F78B2A57}.DebugFsql|ARM64.ActiveCfg = Debug|Any CPU
		{5A16B1B0-0721-4BD2-AF8C-1AA1F78B2A57}.DebugFsql|ARM64.Build.0 = Debug|Any CPU
		{5A16B1B0-0721-4BD2-AF8C-1AA1F78B2A57}.DebugFsql|x64.ActiveCfg = Debug|Any CPU
		{5A16B1B0-0721-4BD2-AF8C-1AA1F78B2A57}.DebugFsql|x64.Build.0 = Debug|Any CPU
		{5A16B1B0-0721-4BD2-AF8C-1AA1F78B2A57}.DebugFsql|x86.ActiveCfg = Debug|Any CPU
		{5A16B1B0-0721-4BD2-AF8C-1AA1F78B2A57}.DebugFsql|x86.Build.0 = Debug|Any CPU
		{5A16B1B0-0721-4BD2-AF8C-1AA1F78B2A57}.DebugIE|Any CPU.ActiveCfg = Debug|Any CPU
		{5A16B1B0-0721-4BD2-AF8C-1AA1F78B2A57}.DebugIE|Any CPU.Build.0 = Debug|Any CPU
		{5A16B1B0-0721-4BD2-AF8C-1AA1F78B2A57}.DebugIE|ARM.ActiveCfg = Debug|Any CPU
		{5A16B1B0-0721-4BD2-AF8C-1AA1F78B2A57}.DebugIE|ARM.Build.0 = Debug|Any CPU
		{5A16B1B0-0721-4BD2-AF8C-1AA1F78B2A57}.DebugIE|ARM64.ActiveCfg = Debug|Any CPU
		{5A16B1B0-0721-4BD2-AF8C-1AA1F78B2A57}.DebugIE|ARM64.Build.0 = Debug|Any CPU
		{5A16B1B0-0721-4BD2-AF8C-1AA1F78B2A57}.DebugIE|x64.ActiveCfg = Debug|Any CPU
		{5A16B1B0-0721-4BD2-AF8C-1AA1F78B2A57}.DebugIE|x64.Build.0 = Debug|Any CPU
		{5A16B1B0-0721-4BD2-AF8C-1AA1F78B2A57}.DebugIE|x86.ActiveCfg = Debug|Any CPU
		{5A16B1B0-0721-4BD2-AF8C-1AA1F78B2A57}.DebugIE|x86.Build.0 = Debug|Any CPU
		{5A16B1B0-0721-4BD2-AF8C-1AA1F78B2A57}.Preview|Any CPU.ActiveCfg = Release|Any CPU
		{5A16B1B0-0721-4BD2-AF8C-1AA1F78B2A57}.Preview|Any CPU.Build.0 = Release|Any CPU
		{5A16B1B0-0721-4BD2-AF8C-1AA1F78B2A57}.Preview|ARM.ActiveCfg = Release|Any CPU
		{5A16B1B0-0721-4BD2-AF8C-1AA1F78B2A57}.Preview|ARM.Build.0 = Release|Any CPU
		{5A16B1B0-0721-4BD2-AF8C-1AA1F78B2A57}.Preview|ARM64.ActiveCfg = Release|Any CPU
		{5A16B1B0-0721-4BD2-AF8C-1AA1F78B2A57}.Preview|ARM64.Build.0 = Release|Any CPU
		{5A16B1B0-0721-4BD2-AF8C-1AA1F78B2A57}.Preview|x64.ActiveCfg = Release|Any CPU
		{5A16B1B0-0721-4BD2-AF8C-1AA1F78B2A57}.Preview|x64.Build.0 = Release|Any CPU
		{5A16B1B0-0721-4BD2-AF8C-1AA1F78B2A57}.Preview|x86.ActiveCfg = Release|Any CPU
		{5A16B1B0-0721-4BD2-AF8C-1AA1F78B2A57}.Preview|x86.Build.0 = Release|Any CPU
		{5A16B1B0-0721-4BD2-AF8C-1AA1F78B2A57}.Release|Any CPU.ActiveCfg = Release|Any CPU
		{5A16B1B0-0721-4BD2-AF8C-1AA1F78B2A57}.Release|Any CPU.Build.0 = Release|Any CPU
		{5A16B1B0-0721-4BD2-AF8C-1AA1F78B2A57}.Release|ARM.ActiveCfg = Release|Any CPU
		{5A16B1B0-0721-4BD2-AF8C-1AA1F78B2A57}.Release|ARM.Build.0 = Release|Any CPU
		{5A16B1B0-0721-4BD2-AF8C-1AA1F78B2A57}.Release|ARM64.ActiveCfg = Release|Any CPU
		{5A16B1B0-0721-4BD2-AF8C-1AA1F78B2A57}.Release|ARM64.Build.0 = Release|Any CPU
		{5A16B1B0-0721-4BD2-AF8C-1AA1F78B2A57}.Release|x64.ActiveCfg = Release|Any CPU
		{5A16B1B0-0721-4BD2-AF8C-1AA1F78B2A57}.Release|x64.Build.0 = Release|Any CPU
		{5A16B1B0-0721-4BD2-AF8C-1AA1F78B2A57}.Release|x86.ActiveCfg = Release|Any CPU
		{5A16B1B0-0721-4BD2-AF8C-1AA1F78B2A57}.Release|x86.Build.0 = Release|Any CPU
		{807C9B00-DA74-4DFC-9E4D-4229F066D04C}.Debug|Any CPU.ActiveCfg = Debug|Any CPU
		{807C9B00-DA74-4DFC-9E4D-4229F066D04C}.Debug|Any CPU.Build.0 = Debug|Any CPU
		{807C9B00-DA74-4DFC-9E4D-4229F066D04C}.Debug|Any CPU.Deploy.0 = Debug|Any CPU
		{807C9B00-DA74-4DFC-9E4D-4229F066D04C}.Debug|ARM.ActiveCfg = Debug|Any CPU
		{807C9B00-DA74-4DFC-9E4D-4229F066D04C}.Debug|ARM.Build.0 = Debug|Any CPU
		{807C9B00-DA74-4DFC-9E4D-4229F066D04C}.Debug|ARM.Deploy.0 = Debug|Any CPU
		{807C9B00-DA74-4DFC-9E4D-4229F066D04C}.Debug|ARM64.ActiveCfg = Debug|Any CPU
		{807C9B00-DA74-4DFC-9E4D-4229F066D04C}.Debug|ARM64.Build.0 = Debug|Any CPU
		{807C9B00-DA74-4DFC-9E4D-4229F066D04C}.Debug|ARM64.Deploy.0 = Debug|Any CPU
		{807C9B00-DA74-4DFC-9E4D-4229F066D04C}.Debug|x64.ActiveCfg = Debug|Any CPU
		{807C9B00-DA74-4DFC-9E4D-4229F066D04C}.Debug|x64.Build.0 = Debug|Any CPU
		{807C9B00-DA74-4DFC-9E4D-4229F066D04C}.Debug|x64.Deploy.0 = Debug|Any CPU
		{807C9B00-DA74-4DFC-9E4D-4229F066D04C}.Debug|x86.ActiveCfg = Debug|Any CPU
		{807C9B00-DA74-4DFC-9E4D-4229F066D04C}.Debug|x86.Build.0 = Debug|Any CPU
		{807C9B00-DA74-4DFC-9E4D-4229F066D04C}.Debug|x86.Deploy.0 = Debug|Any CPU
		{807C9B00-DA74-4DFC-9E4D-4229F066D04C}.DebugFsql|Any CPU.ActiveCfg = Debug|Any CPU
		{807C9B00-DA74-4DFC-9E4D-4229F066D04C}.DebugFsql|Any CPU.Build.0 = Debug|Any CPU
		{807C9B00-DA74-4DFC-9E4D-4229F066D04C}.DebugFsql|Any CPU.Deploy.0 = Debug|Any CPU
		{807C9B00-DA74-4DFC-9E4D-4229F066D04C}.DebugFsql|ARM.ActiveCfg = Debug|Any CPU
		{807C9B00-DA74-4DFC-9E4D-4229F066D04C}.DebugFsql|ARM.Build.0 = Debug|Any CPU
		{807C9B00-DA74-4DFC-9E4D-4229F066D04C}.DebugFsql|ARM.Deploy.0 = Debug|Any CPU
		{807C9B00-DA74-4DFC-9E4D-4229F066D04C}.DebugFsql|ARM64.ActiveCfg = Debug|Any CPU
		{807C9B00-DA74-4DFC-9E4D-4229F066D04C}.DebugFsql|ARM64.Build.0 = Debug|Any CPU
		{807C9B00-DA74-4DFC-9E4D-4229F066D04C}.DebugFsql|ARM64.Deploy.0 = Debug|Any CPU
		{807C9B00-DA74-4DFC-9E4D-4229F066D04C}.DebugFsql|x64.ActiveCfg = Debug|Any CPU
		{807C9B00-DA74-4DFC-9E4D-4229F066D04C}.DebugFsql|x64.Build.0 = Debug|Any CPU
		{807C9B00-DA74-4DFC-9E4D-4229F066D04C}.DebugFsql|x64.Deploy.0 = Debug|Any CPU
		{807C9B00-DA74-4DFC-9E4D-4229F066D04C}.DebugFsql|x86.ActiveCfg = Debug|Any CPU
		{807C9B00-DA74-4DFC-9E4D-4229F066D04C}.DebugFsql|x86.Build.0 = Debug|Any CPU
		{807C9B00-DA74-4DFC-9E4D-4229F066D04C}.DebugFsql|x86.Deploy.0 = Debug|Any CPU
		{807C9B00-DA74-4DFC-9E4D-4229F066D04C}.DebugIE|Any CPU.ActiveCfg = Debug|Any CPU
		{807C9B00-DA74-4DFC-9E4D-4229F066D04C}.DebugIE|Any CPU.Build.0 = Debug|Any CPU
		{807C9B00-DA74-4DFC-9E4D-4229F066D04C}.DebugIE|Any CPU.Deploy.0 = Debug|Any CPU
		{807C9B00-DA74-4DFC-9E4D-4229F066D04C}.DebugIE|ARM.ActiveCfg = Debug|Any CPU
		{807C9B00-DA74-4DFC-9E4D-4229F066D04C}.DebugIE|ARM.Build.0 = Debug|Any CPU
		{807C9B00-DA74-4DFC-9E4D-4229F066D04C}.DebugIE|ARM.Deploy.0 = Debug|Any CPU
		{807C9B00-DA74-4DFC-9E4D-4229F066D04C}.DebugIE|ARM64.ActiveCfg = Debug|Any CPU
		{807C9B00-DA74-4DFC-9E4D-4229F066D04C}.DebugIE|ARM64.Build.0 = Debug|Any CPU
		{807C9B00-DA74-4DFC-9E4D-4229F066D04C}.DebugIE|ARM64.Deploy.0 = Debug|Any CPU
		{807C9B00-DA74-4DFC-9E4D-4229F066D04C}.DebugIE|x64.ActiveCfg = Debug|Any CPU
		{807C9B00-DA74-4DFC-9E4D-4229F066D04C}.DebugIE|x64.Build.0 = Debug|Any CPU
		{807C9B00-DA74-4DFC-9E4D-4229F066D04C}.DebugIE|x64.Deploy.0 = Debug|Any CPU
		{807C9B00-DA74-4DFC-9E4D-4229F066D04C}.DebugIE|x86.ActiveCfg = Debug|Any CPU
		{807C9B00-DA74-4DFC-9E4D-4229F066D04C}.DebugIE|x86.Build.0 = Debug|Any CPU
		{807C9B00-DA74-4DFC-9E4D-4229F066D04C}.DebugIE|x86.Deploy.0 = Debug|Any CPU
		{807C9B00-DA74-4DFC-9E4D-4229F066D04C}.Preview|Any CPU.ActiveCfg = Release|Any CPU
		{807C9B00-DA74-4DFC-9E4D-4229F066D04C}.Preview|Any CPU.Build.0 = Release|Any CPU
		{807C9B00-DA74-4DFC-9E4D-4229F066D04C}.Preview|Any CPU.Deploy.0 = Release|Any CPU
		{807C9B00-DA74-4DFC-9E4D-4229F066D04C}.Preview|ARM.ActiveCfg = Release|Any CPU
		{807C9B00-DA74-4DFC-9E4D-4229F066D04C}.Preview|ARM.Build.0 = Release|Any CPU
		{807C9B00-DA74-4DFC-9E4D-4229F066D04C}.Preview|ARM.Deploy.0 = Release|Any CPU
		{807C9B00-DA74-4DFC-9E4D-4229F066D04C}.Preview|ARM64.ActiveCfg = Release|Any CPU
		{807C9B00-DA74-4DFC-9E4D-4229F066D04C}.Preview|ARM64.Build.0 = Release|Any CPU
		{807C9B00-DA74-4DFC-9E4D-4229F066D04C}.Preview|ARM64.Deploy.0 = Release|Any CPU
		{807C9B00-DA74-4DFC-9E4D-4229F066D04C}.Preview|x64.ActiveCfg = Release|Any CPU
		{807C9B00-DA74-4DFC-9E4D-4229F066D04C}.Preview|x64.Build.0 = Release|Any CPU
		{807C9B00-DA74-4DFC-9E4D-4229F066D04C}.Preview|x64.Deploy.0 = Release|Any CPU
		{807C9B00-DA74-4DFC-9E4D-4229F066D04C}.Preview|x86.ActiveCfg = Release|Any CPU
		{807C9B00-DA74-4DFC-9E4D-4229F066D04C}.Preview|x86.Build.0 = Release|Any CPU
		{807C9B00-DA74-4DFC-9E4D-4229F066D04C}.Preview|x86.Deploy.0 = Release|Any CPU
		{807C9B00-DA74-4DFC-9E4D-4229F066D04C}.Release|Any CPU.ActiveCfg = Release|Any CPU
		{807C9B00-DA74-4DFC-9E4D-4229F066D04C}.Release|Any CPU.Build.0 = Release|Any CPU
		{807C9B00-DA74-4DFC-9E4D-4229F066D04C}.Release|Any CPU.Deploy.0 = Release|Any CPU
		{807C9B00-DA74-4DFC-9E4D-4229F066D04C}.Release|ARM.ActiveCfg = Release|Any CPU
		{807C9B00-DA74-4DFC-9E4D-4229F066D04C}.Release|ARM.Build.0 = Release|Any CPU
		{807C9B00-DA74-4DFC-9E4D-4229F066D04C}.Release|ARM.Deploy.0 = Release|Any CPU
		{807C9B00-DA74-4DFC-9E4D-4229F066D04C}.Release|ARM64.ActiveCfg = Release|Any CPU
		{807C9B00-DA74-4DFC-9E4D-4229F066D04C}.Release|ARM64.Build.0 = Release|Any CPU
		{807C9B00-DA74-4DFC-9E4D-4229F066D04C}.Release|ARM64.Deploy.0 = Release|Any CPU
		{807C9B00-DA74-4DFC-9E4D-4229F066D04C}.Release|x64.ActiveCfg = Release|Any CPU
		{807C9B00-DA74-4DFC-9E4D-4229F066D04C}.Release|x64.Build.0 = Release|Any CPU
		{807C9B00-DA74-4DFC-9E4D-4229F066D04C}.Release|x64.Deploy.0 = Release|Any CPU
		{807C9B00-DA74-4DFC-9E4D-4229F066D04C}.Release|x86.ActiveCfg = Release|Any CPU
		{807C9B00-DA74-4DFC-9E4D-4229F066D04C}.Release|x86.Build.0 = Release|Any CPU
		{807C9B00-DA74-4DFC-9E4D-4229F066D04C}.Release|x86.Deploy.0 = Release|Any CPU
		{C4B8F1CA-C280-4776-AAA5-27282ADE50C6}.Debug|Any CPU.ActiveCfg = Debug|Any CPU
		{C4B8F1CA-C280-4776-AAA5-27282ADE50C6}.Debug|Any CPU.Build.0 = Debug|Any CPU
		{C4B8F1CA-C280-4776-AAA5-27282ADE50C6}.Debug|ARM.ActiveCfg = Debug|Any CPU
		{C4B8F1CA-C280-4776-AAA5-27282ADE50C6}.Debug|ARM.Build.0 = Debug|Any CPU
		{C4B8F1CA-C280-4776-AAA5-27282ADE50C6}.Debug|ARM64.ActiveCfg = Debug|Any CPU
		{C4B8F1CA-C280-4776-AAA5-27282ADE50C6}.Debug|ARM64.Build.0 = Debug|Any CPU
		{C4B8F1CA-C280-4776-AAA5-27282ADE50C6}.Debug|x64.ActiveCfg = Debug|Any CPU
		{C4B8F1CA-C280-4776-AAA5-27282ADE50C6}.Debug|x64.Build.0 = Debug|Any CPU
		{C4B8F1CA-C280-4776-AAA5-27282ADE50C6}.Debug|x86.ActiveCfg = Debug|Any CPU
		{C4B8F1CA-C280-4776-AAA5-27282ADE50C6}.Debug|x86.Build.0 = Debug|Any CPU
		{C4B8F1CA-C280-4776-AAA5-27282ADE50C6}.DebugFsql|Any CPU.ActiveCfg = Debug|Any CPU
		{C4B8F1CA-C280-4776-AAA5-27282ADE50C6}.DebugFsql|Any CPU.Build.0 = Debug|Any CPU
		{C4B8F1CA-C280-4776-AAA5-27282ADE50C6}.DebugFsql|ARM.ActiveCfg = Debug|Any CPU
		{C4B8F1CA-C280-4776-AAA5-27282ADE50C6}.DebugFsql|ARM.Build.0 = Debug|Any CPU
		{C4B8F1CA-C280-4776-AAA5-27282ADE50C6}.DebugFsql|ARM64.ActiveCfg = Debug|Any CPU
		{C4B8F1CA-C280-4776-AAA5-27282ADE50C6}.DebugFsql|ARM64.Build.0 = Debug|Any CPU
		{C4B8F1CA-C280-4776-AAA5-27282ADE50C6}.DebugFsql|x64.ActiveCfg = Debug|Any CPU
		{C4B8F1CA-C280-4776-AAA5-27282ADE50C6}.DebugFsql|x64.Build.0 = Debug|Any CPU
		{C4B8F1CA-C280-4776-AAA5-27282ADE50C6}.DebugFsql|x86.ActiveCfg = Debug|Any CPU
		{C4B8F1CA-C280-4776-AAA5-27282ADE50C6}.DebugFsql|x86.Build.0 = Debug|Any CPU
		{C4B8F1CA-C280-4776-AAA5-27282ADE50C6}.DebugIE|Any CPU.ActiveCfg = Debug|Any CPU
		{C4B8F1CA-C280-4776-AAA5-27282ADE50C6}.DebugIE|Any CPU.Build.0 = Debug|Any CPU
		{C4B8F1CA-C280-4776-AAA5-27282ADE50C6}.DebugIE|ARM.ActiveCfg = Debug|Any CPU
		{C4B8F1CA-C280-4776-AAA5-27282ADE50C6}.DebugIE|ARM.Build.0 = Debug|Any CPU
		{C4B8F1CA-C280-4776-AAA5-27282ADE50C6}.DebugIE|ARM64.ActiveCfg = Debug|Any CPU
		{C4B8F1CA-C280-4776-AAA5-27282ADE50C6}.DebugIE|ARM64.Build.0 = Debug|Any CPU
		{C4B8F1CA-C280-4776-AAA5-27282ADE50C6}.DebugIE|x64.ActiveCfg = Debug|Any CPU
		{C4B8F1CA-C280-4776-AAA5-27282ADE50C6}.DebugIE|x64.Build.0 = Debug|Any CPU
		{C4B8F1CA-C280-4776-AAA5-27282ADE50C6}.DebugIE|x86.ActiveCfg = Debug|Any CPU
		{C4B8F1CA-C280-4776-AAA5-27282ADE50C6}.DebugIE|x86.Build.0 = Debug|Any CPU
		{C4B8F1CA-C280-4776-AAA5-27282ADE50C6}.Preview|Any CPU.ActiveCfg = Release|Any CPU
		{C4B8F1CA-C280-4776-AAA5-27282ADE50C6}.Preview|Any CPU.Build.0 = Release|Any CPU
		{C4B8F1CA-C280-4776-AAA5-27282ADE50C6}.Preview|ARM.ActiveCfg = Release|Any CPU
		{C4B8F1CA-C280-4776-AAA5-27282ADE50C6}.Preview|ARM.Build.0 = Release|Any CPU
		{C4B8F1CA-C280-4776-AAA5-27282ADE50C6}.Preview|ARM64.ActiveCfg = Release|Any CPU
		{C4B8F1CA-C280-4776-AAA5-27282ADE50C6}.Preview|ARM64.Build.0 = Release|Any CPU
		{C4B8F1CA-C280-4776-AAA5-27282ADE50C6}.Preview|x64.ActiveCfg = Release|Any CPU
		{C4B8F1CA-C280-4776-AAA5-27282ADE50C6}.Preview|x64.Build.0 = Release|Any CPU
		{C4B8F1CA-C280-4776-AAA5-27282ADE50C6}.Preview|x86.ActiveCfg = Release|Any CPU
		{C4B8F1CA-C280-4776-AAA5-27282ADE50C6}.Preview|x86.Build.0 = Release|Any CPU
		{C4B8F1CA-C280-4776-AAA5-27282ADE50C6}.Release|Any CPU.ActiveCfg = Release|Any CPU
		{C4B8F1CA-C280-4776-AAA5-27282ADE50C6}.Release|Any CPU.Build.0 = Release|Any CPU
		{C4B8F1CA-C280-4776-AAA5-27282ADE50C6}.Release|ARM.ActiveCfg = Release|Any CPU
		{C4B8F1CA-C280-4776-AAA5-27282ADE50C6}.Release|ARM.Build.0 = Release|Any CPU
		{C4B8F1CA-C280-4776-AAA5-27282ADE50C6}.Release|ARM64.ActiveCfg = Release|Any CPU
		{C4B8F1CA-C280-4776-AAA5-27282ADE50C6}.Release|ARM64.Build.0 = Release|Any CPU
		{C4B8F1CA-C280-4776-AAA5-27282ADE50C6}.Release|x64.ActiveCfg = Release|Any CPU
		{C4B8F1CA-C280-4776-AAA5-27282ADE50C6}.Release|x64.Build.0 = Release|Any CPU
		{C4B8F1CA-C280-4776-AAA5-27282ADE50C6}.Release|x86.ActiveCfg = Release|Any CPU
		{C4B8F1CA-C280-4776-AAA5-27282ADE50C6}.Release|x86.Build.0 = Release|Any CPU
		{1F97EAE8-9334-4196-BEDC-BAF0EC1DD306}.Debug|Any CPU.ActiveCfg = Debug|Any CPU
		{1F97EAE8-9334-4196-BEDC-BAF0EC1DD306}.Debug|Any CPU.Build.0 = Debug|Any CPU
		{1F97EAE8-9334-4196-BEDC-BAF0EC1DD306}.Debug|ARM.ActiveCfg = Debug|Any CPU
		{1F97EAE8-9334-4196-BEDC-BAF0EC1DD306}.Debug|ARM.Build.0 = Debug|Any CPU
		{1F97EAE8-9334-4196-BEDC-BAF0EC1DD306}.Debug|ARM64.ActiveCfg = Debug|Any CPU
		{1F97EAE8-9334-4196-BEDC-BAF0EC1DD306}.Debug|ARM64.Build.0 = Debug|Any CPU
		{1F97EAE8-9334-4196-BEDC-BAF0EC1DD306}.Debug|x64.ActiveCfg = Debug|Any CPU
		{1F97EAE8-9334-4196-BEDC-BAF0EC1DD306}.Debug|x64.Build.0 = Debug|Any CPU
		{1F97EAE8-9334-4196-BEDC-BAF0EC1DD306}.Debug|x86.ActiveCfg = Debug|Any CPU
		{1F97EAE8-9334-4196-BEDC-BAF0EC1DD306}.Debug|x86.Build.0 = Debug|Any CPU
		{1F97EAE8-9334-4196-BEDC-BAF0EC1DD306}.DebugFsql|Any CPU.ActiveCfg = Debug|Any CPU
		{1F97EAE8-9334-4196-BEDC-BAF0EC1DD306}.DebugFsql|Any CPU.Build.0 = Debug|Any CPU
		{1F97EAE8-9334-4196-BEDC-BAF0EC1DD306}.DebugFsql|ARM.ActiveCfg = Debug|Any CPU
		{1F97EAE8-9334-4196-BEDC-BAF0EC1DD306}.DebugFsql|ARM.Build.0 = Debug|Any CPU
		{1F97EAE8-9334-4196-BEDC-BAF0EC1DD306}.DebugFsql|ARM64.ActiveCfg = Debug|Any CPU
		{1F97EAE8-9334-4196-BEDC-BAF0EC1DD306}.DebugFsql|ARM64.Build.0 = Debug|Any CPU
		{1F97EAE8-9334-4196-BEDC-BAF0EC1DD306}.DebugFsql|x64.ActiveCfg = Debug|Any CPU
		{1F97EAE8-9334-4196-BEDC-BAF0EC1DD306}.DebugFsql|x64.Build.0 = Debug|Any CPU
		{1F97EAE8-9334-4196-BEDC-BAF0EC1DD306}.DebugFsql|x86.ActiveCfg = Debug|Any CPU
		{1F97EAE8-9334-4196-BEDC-BAF0EC1DD306}.DebugFsql|x86.Build.0 = Debug|Any CPU
		{1F97EAE8-9334-4196-BEDC-BAF0EC1DD306}.DebugIE|Any CPU.ActiveCfg = Debug|Any CPU
		{1F97EAE8-9334-4196-BEDC-BAF0EC1DD306}.DebugIE|Any CPU.Build.0 = Debug|Any CPU
		{1F97EAE8-9334-4196-BEDC-BAF0EC1DD306}.DebugIE|ARM.ActiveCfg = Debug|Any CPU
		{1F97EAE8-9334-4196-BEDC-BAF0EC1DD306}.DebugIE|ARM.Build.0 = Debug|Any CPU
		{1F97EAE8-9334-4196-BEDC-BAF0EC1DD306}.DebugIE|ARM64.ActiveCfg = Debug|Any CPU
		{1F97EAE8-9334-4196-BEDC-BAF0EC1DD306}.DebugIE|ARM64.Build.0 = Debug|Any CPU
		{1F97EAE8-9334-4196-BEDC-BAF0EC1DD306}.DebugIE|x64.ActiveCfg = Debug|Any CPU
		{1F97EAE8-9334-4196-BEDC-BAF0EC1DD306}.DebugIE|x64.Build.0 = Debug|Any CPU
		{1F97EAE8-9334-4196-BEDC-BAF0EC1DD306}.DebugIE|x86.ActiveCfg = Debug|Any CPU
		{1F97EAE8-9334-4196-BEDC-BAF0EC1DD306}.DebugIE|x86.Build.0 = Debug|Any CPU
		{1F97EAE8-9334-4196-BEDC-BAF0EC1DD306}.Preview|Any CPU.ActiveCfg = Release|Any CPU
		{1F97EAE8-9334-4196-BEDC-BAF0EC1DD306}.Preview|Any CPU.Build.0 = Release|Any CPU
		{1F97EAE8-9334-4196-BEDC-BAF0EC1DD306}.Preview|ARM.ActiveCfg = Release|Any CPU
		{1F97EAE8-9334-4196-BEDC-BAF0EC1DD306}.Preview|ARM.Build.0 = Release|Any CPU
		{1F97EAE8-9334-4196-BEDC-BAF0EC1DD306}.Preview|ARM64.ActiveCfg = Release|Any CPU
		{1F97EAE8-9334-4196-BEDC-BAF0EC1DD306}.Preview|ARM64.Build.0 = Release|Any CPU
		{1F97EAE8-9334-4196-BEDC-BAF0EC1DD306}.Preview|x64.ActiveCfg = Release|Any CPU
		{1F97EAE8-9334-4196-BEDC-BAF0EC1DD306}.Preview|x64.Build.0 = Release|Any CPU
		{1F97EAE8-9334-4196-BEDC-BAF0EC1DD306}.Preview|x86.ActiveCfg = Release|Any CPU
		{1F97EAE8-9334-4196-BEDC-BAF0EC1DD306}.Preview|x86.Build.0 = Release|Any CPU
		{1F97EAE8-9334-4196-BEDC-BAF0EC1DD306}.Release|Any CPU.ActiveCfg = Release|Any CPU
		{1F97EAE8-9334-4196-BEDC-BAF0EC1DD306}.Release|Any CPU.Build.0 = Release|Any CPU
		{1F97EAE8-9334-4196-BEDC-BAF0EC1DD306}.Release|ARM.ActiveCfg = Release|Any CPU
		{1F97EAE8-9334-4196-BEDC-BAF0EC1DD306}.Release|ARM.Build.0 = Release|Any CPU
		{1F97EAE8-9334-4196-BEDC-BAF0EC1DD306}.Release|ARM64.ActiveCfg = Release|Any CPU
		{1F97EAE8-9334-4196-BEDC-BAF0EC1DD306}.Release|ARM64.Build.0 = Release|Any CPU
		{1F97EAE8-9334-4196-BEDC-BAF0EC1DD306}.Release|x64.ActiveCfg = Release|Any CPU
		{1F97EAE8-9334-4196-BEDC-BAF0EC1DD306}.Release|x64.Build.0 = Release|Any CPU
		{1F97EAE8-9334-4196-BEDC-BAF0EC1DD306}.Release|x86.ActiveCfg = Release|Any CPU
		{1F97EAE8-9334-4196-BEDC-BAF0EC1DD306}.Release|x86.Build.0 = Release|Any CPU
		{A3524F40-C55A-408C-97DA-11617E91CFC2}.Debug|Any CPU.ActiveCfg = Debug|Any CPU
		{A3524F40-C55A-408C-97DA-11617E91CFC2}.Debug|Any CPU.Build.0 = Debug|Any CPU
		{A3524F40-C55A-408C-97DA-11617E91CFC2}.Debug|ARM.ActiveCfg = Debug|Any CPU
		{A3524F40-C55A-408C-97DA-11617E91CFC2}.Debug|ARM.Build.0 = Debug|Any CPU
		{A3524F40-C55A-408C-97DA-11617E91CFC2}.Debug|ARM64.ActiveCfg = Debug|Any CPU
		{A3524F40-C55A-408C-97DA-11617E91CFC2}.Debug|ARM64.Build.0 = Debug|Any CPU
		{A3524F40-C55A-408C-97DA-11617E91CFC2}.Debug|x64.ActiveCfg = Debug|Any CPU
		{A3524F40-C55A-408C-97DA-11617E91CFC2}.Debug|x64.Build.0 = Debug|Any CPU
		{A3524F40-C55A-408C-97DA-11617E91CFC2}.Debug|x86.ActiveCfg = Debug|Any CPU
		{A3524F40-C55A-408C-97DA-11617E91CFC2}.Debug|x86.Build.0 = Debug|Any CPU
		{A3524F40-C55A-408C-97DA-11617E91CFC2}.DebugFsql|Any CPU.ActiveCfg = Debug|Any CPU
		{A3524F40-C55A-408C-97DA-11617E91CFC2}.DebugFsql|Any CPU.Build.0 = Debug|Any CPU
		{A3524F40-C55A-408C-97DA-11617E91CFC2}.DebugFsql|ARM.ActiveCfg = Debug|Any CPU
		{A3524F40-C55A-408C-97DA-11617E91CFC2}.DebugFsql|ARM.Build.0 = Debug|Any CPU
		{A3524F40-C55A-408C-97DA-11617E91CFC2}.DebugFsql|ARM64.ActiveCfg = Debug|Any CPU
		{A3524F40-C55A-408C-97DA-11617E91CFC2}.DebugFsql|ARM64.Build.0 = Debug|Any CPU
		{A3524F40-C55A-408C-97DA-11617E91CFC2}.DebugFsql|x64.ActiveCfg = Debug|Any CPU
		{A3524F40-C55A-408C-97DA-11617E91CFC2}.DebugFsql|x64.Build.0 = Debug|Any CPU
		{A3524F40-C55A-408C-97DA-11617E91CFC2}.DebugFsql|x86.ActiveCfg = Debug|Any CPU
		{A3524F40-C55A-408C-97DA-11617E91CFC2}.DebugFsql|x86.Build.0 = Debug|Any CPU
		{A3524F40-C55A-408C-97DA-11617E91CFC2}.DebugIE|Any CPU.ActiveCfg = Debug|Any CPU
		{A3524F40-C55A-408C-97DA-11617E91CFC2}.DebugIE|Any CPU.Build.0 = Debug|Any CPU
		{A3524F40-C55A-408C-97DA-11617E91CFC2}.DebugIE|ARM.ActiveCfg = Debug|Any CPU
		{A3524F40-C55A-408C-97DA-11617E91CFC2}.DebugIE|ARM.Build.0 = Debug|Any CPU
		{A3524F40-C55A-408C-97DA-11617E91CFC2}.DebugIE|ARM64.ActiveCfg = Debug|Any CPU
		{A3524F40-C55A-408C-97DA-11617E91CFC2}.DebugIE|ARM64.Build.0 = Debug|Any CPU
		{A3524F40-C55A-408C-97DA-11617E91CFC2}.DebugIE|x64.ActiveCfg = Debug|Any CPU
		{A3524F40-C55A-408C-97DA-11617E91CFC2}.DebugIE|x64.Build.0 = Debug|Any CPU
		{A3524F40-C55A-408C-97DA-11617E91CFC2}.DebugIE|x86.ActiveCfg = Debug|Any CPU
		{A3524F40-C55A-408C-97DA-11617E91CFC2}.DebugIE|x86.Build.0 = Debug|Any CPU
		{A3524F40-C55A-408C-97DA-11617E91CFC2}.Preview|Any CPU.ActiveCfg = Release|Any CPU
		{A3524F40-C55A-408C-97DA-11617E91CFC2}.Preview|Any CPU.Build.0 = Release|Any CPU
		{A3524F40-C55A-408C-97DA-11617E91CFC2}.Preview|ARM.ActiveCfg = Release|Any CPU
		{A3524F40-C55A-408C-97DA-11617E91CFC2}.Preview|ARM.Build.0 = Release|Any CPU
		{A3524F40-C55A-408C-97DA-11617E91CFC2}.Preview|ARM64.ActiveCfg = Release|Any CPU
		{A3524F40-C55A-408C-97DA-11617E91CFC2}.Preview|ARM64.Build.0 = Release|Any CPU
		{A3524F40-C55A-408C-97DA-11617E91CFC2}.Preview|x64.ActiveCfg = Release|Any CPU
		{A3524F40-C55A-408C-97DA-11617E91CFC2}.Preview|x64.Build.0 = Release|Any CPU
		{A3524F40-C55A-408C-97DA-11617E91CFC2}.Preview|x86.ActiveCfg = Release|Any CPU
		{A3524F40-C55A-408C-97DA-11617E91CFC2}.Preview|x86.Build.0 = Release|Any CPU
		{A3524F40-C55A-408C-97DA-11617E91CFC2}.Release|Any CPU.ActiveCfg = Release|Any CPU
		{A3524F40-C55A-408C-97DA-11617E91CFC2}.Release|Any CPU.Build.0 = Release|Any CPU
		{A3524F40-C55A-408C-97DA-11617E91CFC2}.Release|ARM.ActiveCfg = Release|Any CPU
		{A3524F40-C55A-408C-97DA-11617E91CFC2}.Release|ARM.Build.0 = Release|Any CPU
		{A3524F40-C55A-408C-97DA-11617E91CFC2}.Release|ARM64.ActiveCfg = Release|Any CPU
		{A3524F40-C55A-408C-97DA-11617E91CFC2}.Release|ARM64.Build.0 = Release|Any CPU
		{A3524F40-C55A-408C-97DA-11617E91CFC2}.Release|x64.ActiveCfg = Release|Any CPU
		{A3524F40-C55A-408C-97DA-11617E91CFC2}.Release|x64.Build.0 = Release|Any CPU
		{A3524F40-C55A-408C-97DA-11617E91CFC2}.Release|x86.ActiveCfg = Release|Any CPU
		{A3524F40-C55A-408C-97DA-11617E91CFC2}.Release|x86.Build.0 = Release|Any CPU
		{034E4D84-3DFC-4782-8D63-5C37E7A9EBF3}.Debug|Any CPU.ActiveCfg = Debug|Any CPU
		{034E4D84-3DFC-4782-8D63-5C37E7A9EBF3}.Debug|Any CPU.Build.0 = Debug|Any CPU
		{034E4D84-3DFC-4782-8D63-5C37E7A9EBF3}.Debug|ARM.ActiveCfg = Debug|Any CPU
		{034E4D84-3DFC-4782-8D63-5C37E7A9EBF3}.Debug|ARM.Build.0 = Debug|Any CPU
		{034E4D84-3DFC-4782-8D63-5C37E7A9EBF3}.Debug|ARM64.ActiveCfg = Debug|Any CPU
		{034E4D84-3DFC-4782-8D63-5C37E7A9EBF3}.Debug|ARM64.Build.0 = Debug|Any CPU
		{034E4D84-3DFC-4782-8D63-5C37E7A9EBF3}.Debug|x64.ActiveCfg = Debug|Any CPU
		{034E4D84-3DFC-4782-8D63-5C37E7A9EBF3}.Debug|x64.Build.0 = Debug|Any CPU
		{034E4D84-3DFC-4782-8D63-5C37E7A9EBF3}.Debug|x86.ActiveCfg = Debug|Any CPU
		{034E4D84-3DFC-4782-8D63-5C37E7A9EBF3}.Debug|x86.Build.0 = Debug|Any CPU
		{034E4D84-3DFC-4782-8D63-5C37E7A9EBF3}.DebugFsql|Any CPU.ActiveCfg = Debug|Any CPU
		{034E4D84-3DFC-4782-8D63-5C37E7A9EBF3}.DebugFsql|Any CPU.Build.0 = Debug|Any CPU
		{034E4D84-3DFC-4782-8D63-5C37E7A9EBF3}.DebugFsql|ARM.ActiveCfg = Debug|Any CPU
		{034E4D84-3DFC-4782-8D63-5C37E7A9EBF3}.DebugFsql|ARM.Build.0 = Debug|Any CPU
		{034E4D84-3DFC-4782-8D63-5C37E7A9EBF3}.DebugFsql|ARM64.ActiveCfg = Debug|Any CPU
		{034E4D84-3DFC-4782-8D63-5C37E7A9EBF3}.DebugFsql|ARM64.Build.0 = Debug|Any CPU
		{034E4D84-3DFC-4782-8D63-5C37E7A9EBF3}.DebugFsql|x64.ActiveCfg = Debug|Any CPU
		{034E4D84-3DFC-4782-8D63-5C37E7A9EBF3}.DebugFsql|x64.Build.0 = Debug|Any CPU
		{034E4D84-3DFC-4782-8D63-5C37E7A9EBF3}.DebugFsql|x86.ActiveCfg = Debug|Any CPU
		{034E4D84-3DFC-4782-8D63-5C37E7A9EBF3}.DebugFsql|x86.Build.0 = Debug|Any CPU
		{034E4D84-3DFC-4782-8D63-5C37E7A9EBF3}.DebugIE|Any CPU.ActiveCfg = Debug|Any CPU
		{034E4D84-3DFC-4782-8D63-5C37E7A9EBF3}.DebugIE|Any CPU.Build.0 = Debug|Any CPU
		{034E4D84-3DFC-4782-8D63-5C37E7A9EBF3}.DebugIE|ARM.ActiveCfg = Debug|Any CPU
		{034E4D84-3DFC-4782-8D63-5C37E7A9EBF3}.DebugIE|ARM.Build.0 = Debug|Any CPU
		{034E4D84-3DFC-4782-8D63-5C37E7A9EBF3}.DebugIE|ARM64.ActiveCfg = Debug|Any CPU
		{034E4D84-3DFC-4782-8D63-5C37E7A9EBF3}.DebugIE|ARM64.Build.0 = Debug|Any CPU
		{034E4D84-3DFC-4782-8D63-5C37E7A9EBF3}.DebugIE|x64.ActiveCfg = Debug|Any CPU
		{034E4D84-3DFC-4782-8D63-5C37E7A9EBF3}.DebugIE|x64.Build.0 = Debug|Any CPU
		{034E4D84-3DFC-4782-8D63-5C37E7A9EBF3}.DebugIE|x86.ActiveCfg = Debug|Any CPU
		{034E4D84-3DFC-4782-8D63-5C37E7A9EBF3}.DebugIE|x86.Build.0 = Debug|Any CPU
		{034E4D84-3DFC-4782-8D63-5C37E7A9EBF3}.Preview|Any CPU.ActiveCfg = Release|Any CPU
		{034E4D84-3DFC-4782-8D63-5C37E7A9EBF3}.Preview|Any CPU.Build.0 = Release|Any CPU
		{034E4D84-3DFC-4782-8D63-5C37E7A9EBF3}.Preview|ARM.ActiveCfg = Release|Any CPU
		{034E4D84-3DFC-4782-8D63-5C37E7A9EBF3}.Preview|ARM.Build.0 = Release|Any CPU
		{034E4D84-3DFC-4782-8D63-5C37E7A9EBF3}.Preview|ARM64.ActiveCfg = Release|Any CPU
		{034E4D84-3DFC-4782-8D63-5C37E7A9EBF3}.Preview|ARM64.Build.0 = Release|Any CPU
		{034E4D84-3DFC-4782-8D63-5C37E7A9EBF3}.Preview|x64.ActiveCfg = Release|Any CPU
		{034E4D84-3DFC-4782-8D63-5C37E7A9EBF3}.Preview|x64.Build.0 = Release|Any CPU
		{034E4D84-3DFC-4782-8D63-5C37E7A9EBF3}.Preview|x86.ActiveCfg = Release|Any CPU
		{034E4D84-3DFC-4782-8D63-5C37E7A9EBF3}.Preview|x86.Build.0 = Release|Any CPU
		{034E4D84-3DFC-4782-8D63-5C37E7A9EBF3}.Release|Any CPU.ActiveCfg = Release|Any CPU
		{034E4D84-3DFC-4782-8D63-5C37E7A9EBF3}.Release|Any CPU.Build.0 = Release|Any CPU
		{034E4D84-3DFC-4782-8D63-5C37E7A9EBF3}.Release|ARM.ActiveCfg = Release|Any CPU
		{034E4D84-3DFC-4782-8D63-5C37E7A9EBF3}.Release|ARM.Build.0 = Release|Any CPU
		{034E4D84-3DFC-4782-8D63-5C37E7A9EBF3}.Release|ARM64.ActiveCfg = Release|Any CPU
		{034E4D84-3DFC-4782-8D63-5C37E7A9EBF3}.Release|ARM64.Build.0 = Release|Any CPU
		{034E4D84-3DFC-4782-8D63-5C37E7A9EBF3}.Release|x64.ActiveCfg = Release|Any CPU
		{034E4D84-3DFC-4782-8D63-5C37E7A9EBF3}.Release|x64.Build.0 = Release|Any CPU
		{034E4D84-3DFC-4782-8D63-5C37E7A9EBF3}.Release|x86.ActiveCfg = Release|Any CPU
		{034E4D84-3DFC-4782-8D63-5C37E7A9EBF3}.Release|x86.Build.0 = Release|Any CPU
		{AD98A0FB-11EC-421A-A147-CCBCDBBF5AC5}.Debug|Any CPU.ActiveCfg = Debug|Any CPU
		{AD98A0FB-11EC-421A-A147-CCBCDBBF5AC5}.Debug|Any CPU.Build.0 = Debug|Any CPU
		{AD98A0FB-11EC-421A-A147-CCBCDBBF5AC5}.Debug|ARM.ActiveCfg = Debug|Any CPU
		{AD98A0FB-11EC-421A-A147-CCBCDBBF5AC5}.Debug|ARM.Build.0 = Debug|Any CPU
		{AD98A0FB-11EC-421A-A147-CCBCDBBF5AC5}.Debug|ARM64.ActiveCfg = Debug|Any CPU
		{AD98A0FB-11EC-421A-A147-CCBCDBBF5AC5}.Debug|ARM64.Build.0 = Debug|Any CPU
		{AD98A0FB-11EC-421A-A147-CCBCDBBF5AC5}.Debug|x64.ActiveCfg = Debug|Any CPU
		{AD98A0FB-11EC-421A-A147-CCBCDBBF5AC5}.Debug|x64.Build.0 = Debug|Any CPU
		{AD98A0FB-11EC-421A-A147-CCBCDBBF5AC5}.Debug|x86.ActiveCfg = Debug|Any CPU
		{AD98A0FB-11EC-421A-A147-CCBCDBBF5AC5}.Debug|x86.Build.0 = Debug|Any CPU
		{AD98A0FB-11EC-421A-A147-CCBCDBBF5AC5}.DebugFsql|Any CPU.ActiveCfg = Debug|Any CPU
		{AD98A0FB-11EC-421A-A147-CCBCDBBF5AC5}.DebugFsql|Any CPU.Build.0 = Debug|Any CPU
		{AD98A0FB-11EC-421A-A147-CCBCDBBF5AC5}.DebugFsql|ARM.ActiveCfg = Debug|Any CPU
		{AD98A0FB-11EC-421A-A147-CCBCDBBF5AC5}.DebugFsql|ARM.Build.0 = Debug|Any CPU
		{AD98A0FB-11EC-421A-A147-CCBCDBBF5AC5}.DebugFsql|ARM64.ActiveCfg = Debug|Any CPU
		{AD98A0FB-11EC-421A-A147-CCBCDBBF5AC5}.DebugFsql|ARM64.Build.0 = Debug|Any CPU
		{AD98A0FB-11EC-421A-A147-CCBCDBBF5AC5}.DebugFsql|x64.ActiveCfg = Debug|Any CPU
		{AD98A0FB-11EC-421A-A147-CCBCDBBF5AC5}.DebugFsql|x64.Build.0 = Debug|Any CPU
		{AD98A0FB-11EC-421A-A147-CCBCDBBF5AC5}.DebugFsql|x86.ActiveCfg = Debug|Any CPU
		{AD98A0FB-11EC-421A-A147-CCBCDBBF5AC5}.DebugFsql|x86.Build.0 = Debug|Any CPU
		{AD98A0FB-11EC-421A-A147-CCBCDBBF5AC5}.DebugIE|Any CPU.ActiveCfg = Debug|Any CPU
		{AD98A0FB-11EC-421A-A147-CCBCDBBF5AC5}.DebugIE|ARM.ActiveCfg = Debug|Any CPU
		{AD98A0FB-11EC-421A-A147-CCBCDBBF5AC5}.DebugIE|ARM64.ActiveCfg = Debug|Any CPU
		{AD98A0FB-11EC-421A-A147-CCBCDBBF5AC5}.DebugIE|x64.ActiveCfg = Debug|Any CPU
		{AD98A0FB-11EC-421A-A147-CCBCDBBF5AC5}.DebugIE|x86.ActiveCfg = Debug|Any CPU
		{AD98A0FB-11EC-421A-A147-CCBCDBBF5AC5}.Preview|Any CPU.ActiveCfg = Release|Any CPU
		{AD98A0FB-11EC-421A-A147-CCBCDBBF5AC5}.Preview|ARM.ActiveCfg = Release|Any CPU
		{AD98A0FB-11EC-421A-A147-CCBCDBBF5AC5}.Preview|ARM64.ActiveCfg = Release|Any CPU
		{AD98A0FB-11EC-421A-A147-CCBCDBBF5AC5}.Preview|x64.ActiveCfg = Release|Any CPU
		{AD98A0FB-11EC-421A-A147-CCBCDBBF5AC5}.Preview|x86.ActiveCfg = Release|Any CPU
		{AD98A0FB-11EC-421A-A147-CCBCDBBF5AC5}.Release|Any CPU.ActiveCfg = Release|Any CPU
		{AD98A0FB-11EC-421A-A147-CCBCDBBF5AC5}.Release|Any CPU.Build.0 = Release|Any CPU
		{AD98A0FB-11EC-421A-A147-CCBCDBBF5AC5}.Release|ARM.ActiveCfg = Release|Any CPU
		{AD98A0FB-11EC-421A-A147-CCBCDBBF5AC5}.Release|ARM.Build.0 = Release|Any CPU
		{AD98A0FB-11EC-421A-A147-CCBCDBBF5AC5}.Release|ARM64.ActiveCfg = Release|Any CPU
		{AD98A0FB-11EC-421A-A147-CCBCDBBF5AC5}.Release|ARM64.Build.0 = Release|Any CPU
		{AD98A0FB-11EC-421A-A147-CCBCDBBF5AC5}.Release|x64.ActiveCfg = Release|Any CPU
		{AD98A0FB-11EC-421A-A147-CCBCDBBF5AC5}.Release|x64.Build.0 = Release|Any CPU
		{AD98A0FB-11EC-421A-A147-CCBCDBBF5AC5}.Release|x86.ActiveCfg = Release|Any CPU
		{AD98A0FB-11EC-421A-A147-CCBCDBBF5AC5}.Release|x86.Build.0 = Release|Any CPU
		{528324BB-3173-4C08-B990-1CFB43E71E57}.Debug|Any CPU.ActiveCfg = Debug|Any CPU
		{528324BB-3173-4C08-B990-1CFB43E71E57}.Debug|Any CPU.Build.0 = Debug|Any CPU
		{528324BB-3173-4C08-B990-1CFB43E71E57}.Debug|ARM.ActiveCfg = Debug|Any CPU
		{528324BB-3173-4C08-B990-1CFB43E71E57}.Debug|ARM.Build.0 = Debug|Any CPU
		{528324BB-3173-4C08-B990-1CFB43E71E57}.Debug|ARM64.ActiveCfg = Debug|Any CPU
		{528324BB-3173-4C08-B990-1CFB43E71E57}.Debug|ARM64.Build.0 = Debug|Any CPU
		{528324BB-3173-4C08-B990-1CFB43E71E57}.Debug|x64.ActiveCfg = Debug|Any CPU
		{528324BB-3173-4C08-B990-1CFB43E71E57}.Debug|x64.Build.0 = Debug|Any CPU
		{528324BB-3173-4C08-B990-1CFB43E71E57}.Debug|x86.ActiveCfg = Debug|Any CPU
		{528324BB-3173-4C08-B990-1CFB43E71E57}.Debug|x86.Build.0 = Debug|Any CPU
		{528324BB-3173-4C08-B990-1CFB43E71E57}.DebugFsql|Any CPU.ActiveCfg = DebugIE|Any CPU
		{528324BB-3173-4C08-B990-1CFB43E71E57}.DebugFsql|Any CPU.Build.0 = DebugIE|Any CPU
		{528324BB-3173-4C08-B990-1CFB43E71E57}.DebugFsql|ARM.ActiveCfg = DebugIE|Any CPU
		{528324BB-3173-4C08-B990-1CFB43E71E57}.DebugFsql|ARM.Build.0 = DebugIE|Any CPU
		{528324BB-3173-4C08-B990-1CFB43E71E57}.DebugFsql|ARM64.ActiveCfg = DebugIE|Any CPU
		{528324BB-3173-4C08-B990-1CFB43E71E57}.DebugFsql|ARM64.Build.0 = DebugIE|Any CPU
		{528324BB-3173-4C08-B990-1CFB43E71E57}.DebugFsql|x64.ActiveCfg = DebugIE|Any CPU
		{528324BB-3173-4C08-B990-1CFB43E71E57}.DebugFsql|x64.Build.0 = DebugIE|Any CPU
		{528324BB-3173-4C08-B990-1CFB43E71E57}.DebugFsql|x86.ActiveCfg = DebugIE|Any CPU
		{528324BB-3173-4C08-B990-1CFB43E71E57}.DebugFsql|x86.Build.0 = DebugIE|Any CPU
		{528324BB-3173-4C08-B990-1CFB43E71E57}.DebugIE|Any CPU.ActiveCfg = DebugIE|Any CPU
		{528324BB-3173-4C08-B990-1CFB43E71E57}.DebugIE|Any CPU.Build.0 = DebugIE|Any CPU
		{528324BB-3173-4C08-B990-1CFB43E71E57}.DebugIE|ARM.ActiveCfg = DebugIE|Any CPU
		{528324BB-3173-4C08-B990-1CFB43E71E57}.DebugIE|ARM.Build.0 = DebugIE|Any CPU
		{528324BB-3173-4C08-B990-1CFB43E71E57}.DebugIE|ARM64.ActiveCfg = DebugIE|Any CPU
		{528324BB-3173-4C08-B990-1CFB43E71E57}.DebugIE|ARM64.Build.0 = DebugIE|Any CPU
		{528324BB-3173-4C08-B990-1CFB43E71E57}.DebugIE|x64.ActiveCfg = DebugIE|Any CPU
		{528324BB-3173-4C08-B990-1CFB43E71E57}.DebugIE|x64.Build.0 = DebugIE|Any CPU
		{528324BB-3173-4C08-B990-1CFB43E71E57}.DebugIE|x86.ActiveCfg = DebugIE|Any CPU
		{528324BB-3173-4C08-B990-1CFB43E71E57}.DebugIE|x86.Build.0 = DebugIE|Any CPU
		{528324BB-3173-4C08-B990-1CFB43E71E57}.Preview|Any CPU.ActiveCfg = Preview|Any CPU
		{528324BB-3173-4C08-B990-1CFB43E71E57}.Preview|Any CPU.Build.0 = Preview|Any CPU
		{528324BB-3173-4C08-B990-1CFB43E71E57}.Preview|ARM.ActiveCfg = Preview|Any CPU
		{528324BB-3173-4C08-B990-1CFB43E71E57}.Preview|ARM.Build.0 = Preview|Any CPU
		{528324BB-3173-4C08-B990-1CFB43E71E57}.Preview|ARM64.ActiveCfg = Preview|Any CPU
		{528324BB-3173-4C08-B990-1CFB43E71E57}.Preview|ARM64.Build.0 = Preview|Any CPU
		{528324BB-3173-4C08-B990-1CFB43E71E57}.Preview|x64.ActiveCfg = Preview|Any CPU
		{528324BB-3173-4C08-B990-1CFB43E71E57}.Preview|x64.Build.0 = Preview|Any CPU
		{528324BB-3173-4C08-B990-1CFB43E71E57}.Preview|x86.ActiveCfg = Preview|Any CPU
		{528324BB-3173-4C08-B990-1CFB43E71E57}.Preview|x86.Build.0 = Preview|Any CPU
		{528324BB-3173-4C08-B990-1CFB43E71E57}.Release|Any CPU.ActiveCfg = Release|Any CPU
		{528324BB-3173-4C08-B990-1CFB43E71E57}.Release|Any CPU.Build.0 = Release|Any CPU
		{528324BB-3173-4C08-B990-1CFB43E71E57}.Release|ARM.ActiveCfg = Release|Any CPU
		{528324BB-3173-4C08-B990-1CFB43E71E57}.Release|ARM.Build.0 = Release|Any CPU
		{528324BB-3173-4C08-B990-1CFB43E71E57}.Release|ARM64.ActiveCfg = Release|Any CPU
		{528324BB-3173-4C08-B990-1CFB43E71E57}.Release|ARM64.Build.0 = Release|Any CPU
		{528324BB-3173-4C08-B990-1CFB43E71E57}.Release|x64.ActiveCfg = Release|Any CPU
		{528324BB-3173-4C08-B990-1CFB43E71E57}.Release|x64.Build.0 = Release|Any CPU
		{528324BB-3173-4C08-B990-1CFB43E71E57}.Release|x86.ActiveCfg = Release|Any CPU
		{528324BB-3173-4C08-B990-1CFB43E71E57}.Release|x86.Build.0 = Release|Any CPU
		{58082DC1-D8E0-4B26-8FF3-21B86F423FA6}.Debug|Any CPU.ActiveCfg = Debug|Any CPU
		{58082DC1-D8E0-4B26-8FF3-21B86F423FA6}.Debug|Any CPU.Build.0 = Debug|Any CPU
		{58082DC1-D8E0-4B26-8FF3-21B86F423FA6}.Debug|ARM.ActiveCfg = Debug|Any CPU
		{58082DC1-D8E0-4B26-8FF3-21B86F423FA6}.Debug|ARM.Build.0 = Debug|Any CPU
		{58082DC1-D8E0-4B26-8FF3-21B86F423FA6}.Debug|ARM64.ActiveCfg = Debug|Any CPU
		{58082DC1-D8E0-4B26-8FF3-21B86F423FA6}.Debug|ARM64.Build.0 = Debug|Any CPU
		{58082DC1-D8E0-4B26-8FF3-21B86F423FA6}.Debug|x64.ActiveCfg = Debug|Any CPU
		{58082DC1-D8E0-4B26-8FF3-21B86F423FA6}.Debug|x64.Build.0 = Debug|Any CPU
		{58082DC1-D8E0-4B26-8FF3-21B86F423FA6}.Debug|x86.ActiveCfg = Debug|Any CPU
		{58082DC1-D8E0-4B26-8FF3-21B86F423FA6}.Debug|x86.Build.0 = Debug|Any CPU
		{58082DC1-D8E0-4B26-8FF3-21B86F423FA6}.DebugFsql|Any CPU.ActiveCfg = Debug|Any CPU
		{58082DC1-D8E0-4B26-8FF3-21B86F423FA6}.DebugFsql|Any CPU.Build.0 = Debug|Any CPU
		{58082DC1-D8E0-4B26-8FF3-21B86F423FA6}.DebugFsql|ARM.ActiveCfg = Debug|Any CPU
		{58082DC1-D8E0-4B26-8FF3-21B86F423FA6}.DebugFsql|ARM.Build.0 = Debug|Any CPU
		{58082DC1-D8E0-4B26-8FF3-21B86F423FA6}.DebugFsql|ARM64.ActiveCfg = Debug|Any CPU
		{58082DC1-D8E0-4B26-8FF3-21B86F423FA6}.DebugFsql|ARM64.Build.0 = Debug|Any CPU
		{58082DC1-D8E0-4B26-8FF3-21B86F423FA6}.DebugFsql|x64.ActiveCfg = Debug|Any CPU
		{58082DC1-D8E0-4B26-8FF3-21B86F423FA6}.DebugFsql|x64.Build.0 = Debug|Any CPU
		{58082DC1-D8E0-4B26-8FF3-21B86F423FA6}.DebugFsql|x86.ActiveCfg = Debug|Any CPU
		{58082DC1-D8E0-4B26-8FF3-21B86F423FA6}.DebugFsql|x86.Build.0 = Debug|Any CPU
		{58082DC1-D8E0-4B26-8FF3-21B86F423FA6}.DebugIE|Any CPU.ActiveCfg = Debug|Any CPU
		{58082DC1-D8E0-4B26-8FF3-21B86F423FA6}.DebugIE|Any CPU.Build.0 = Debug|Any CPU
		{58082DC1-D8E0-4B26-8FF3-21B86F423FA6}.DebugIE|ARM.ActiveCfg = Debug|Any CPU
		{58082DC1-D8E0-4B26-8FF3-21B86F423FA6}.DebugIE|ARM.Build.0 = Debug|Any CPU
		{58082DC1-D8E0-4B26-8FF3-21B86F423FA6}.DebugIE|ARM64.ActiveCfg = Debug|Any CPU
		{58082DC1-D8E0-4B26-8FF3-21B86F423FA6}.DebugIE|ARM64.Build.0 = Debug|Any CPU
		{58082DC1-D8E0-4B26-8FF3-21B86F423FA6}.DebugIE|x64.ActiveCfg = Debug|Any CPU
		{58082DC1-D8E0-4B26-8FF3-21B86F423FA6}.DebugIE|x64.Build.0 = Debug|Any CPU
		{58082DC1-D8E0-4B26-8FF3-21B86F423FA6}.DebugIE|x86.ActiveCfg = Debug|Any CPU
		{58082DC1-D8E0-4B26-8FF3-21B86F423FA6}.DebugIE|x86.Build.0 = Debug|Any CPU
		{58082DC1-D8E0-4B26-8FF3-21B86F423FA6}.Preview|Any CPU.ActiveCfg = Preview|Any CPU
		{58082DC1-D8E0-4B26-8FF3-21B86F423FA6}.Preview|Any CPU.Build.0 = Preview|Any CPU
		{58082DC1-D8E0-4B26-8FF3-21B86F423FA6}.Preview|ARM.ActiveCfg = Preview|Any CPU
		{58082DC1-D8E0-4B26-8FF3-21B86F423FA6}.Preview|ARM.Build.0 = Preview|Any CPU
		{58082DC1-D8E0-4B26-8FF3-21B86F423FA6}.Preview|ARM64.ActiveCfg = Preview|Any CPU
		{58082DC1-D8E0-4B26-8FF3-21B86F423FA6}.Preview|ARM64.Build.0 = Preview|Any CPU
		{58082DC1-D8E0-4B26-8FF3-21B86F423FA6}.Preview|x64.ActiveCfg = Preview|Any CPU
		{58082DC1-D8E0-4B26-8FF3-21B86F423FA6}.Preview|x64.Build.0 = Preview|Any CPU
		{58082DC1-D8E0-4B26-8FF3-21B86F423FA6}.Preview|x86.ActiveCfg = Preview|Any CPU
		{58082DC1-D8E0-4B26-8FF3-21B86F423FA6}.Preview|x86.Build.0 = Preview|Any CPU
		{58082DC1-D8E0-4B26-8FF3-21B86F423FA6}.Release|Any CPU.ActiveCfg = Release|Any CPU
		{58082DC1-D8E0-4B26-8FF3-21B86F423FA6}.Release|Any CPU.Build.0 = Release|Any CPU
		{58082DC1-D8E0-4B26-8FF3-21B86F423FA6}.Release|ARM.ActiveCfg = Release|Any CPU
		{58082DC1-D8E0-4B26-8FF3-21B86F423FA6}.Release|ARM.Build.0 = Release|Any CPU
		{58082DC1-D8E0-4B26-8FF3-21B86F423FA6}.Release|ARM64.ActiveCfg = Release|Any CPU
		{58082DC1-D8E0-4B26-8FF3-21B86F423FA6}.Release|ARM64.Build.0 = Release|Any CPU
		{58082DC1-D8E0-4B26-8FF3-21B86F423FA6}.Release|x64.ActiveCfg = Release|Any CPU
		{58082DC1-D8E0-4B26-8FF3-21B86F423FA6}.Release|x64.Build.0 = Release|Any CPU
		{58082DC1-D8E0-4B26-8FF3-21B86F423FA6}.Release|x86.ActiveCfg = Release|Any CPU
		{58082DC1-D8E0-4B26-8FF3-21B86F423FA6}.Release|x86.Build.0 = Release|Any CPU
		{FE890971-70ED-439F-9956-AB7B1A52DE30}.Debug|Any CPU.ActiveCfg = Debug|Any CPU
		{FE890971-70ED-439F-9956-AB7B1A52DE30}.Debug|Any CPU.Build.0 = Debug|Any CPU
		{FE890971-70ED-439F-9956-AB7B1A52DE30}.Debug|ARM.ActiveCfg = Debug|Any CPU
		{FE890971-70ED-439F-9956-AB7B1A52DE30}.Debug|ARM.Build.0 = Debug|Any CPU
		{FE890971-70ED-439F-9956-AB7B1A52DE30}.Debug|ARM64.ActiveCfg = Debug|Any CPU
		{FE890971-70ED-439F-9956-AB7B1A52DE30}.Debug|ARM64.Build.0 = Debug|Any CPU
		{FE890971-70ED-439F-9956-AB7B1A52DE30}.Debug|x64.ActiveCfg = Debug|Any CPU
		{FE890971-70ED-439F-9956-AB7B1A52DE30}.Debug|x64.Build.0 = Debug|Any CPU
		{FE890971-70ED-439F-9956-AB7B1A52DE30}.Debug|x86.ActiveCfg = Debug|Any CPU
		{FE890971-70ED-439F-9956-AB7B1A52DE30}.Debug|x86.Build.0 = Debug|Any CPU
		{FE890971-70ED-439F-9956-AB7B1A52DE30}.DebugFsql|Any CPU.ActiveCfg = DebugFsql|Any CPU
		{FE890971-70ED-439F-9956-AB7B1A52DE30}.DebugFsql|Any CPU.Build.0 = DebugFsql|Any CPU
		{FE890971-70ED-439F-9956-AB7B1A52DE30}.DebugFsql|ARM.ActiveCfg = DebugFsql|Any CPU
		{FE890971-70ED-439F-9956-AB7B1A52DE30}.DebugFsql|ARM.Build.0 = DebugFsql|Any CPU
		{FE890971-70ED-439F-9956-AB7B1A52DE30}.DebugFsql|ARM64.ActiveCfg = DebugFsql|Any CPU
		{FE890971-70ED-439F-9956-AB7B1A52DE30}.DebugFsql|ARM64.Build.0 = DebugFsql|Any CPU
		{FE890971-70ED-439F-9956-AB7B1A52DE30}.DebugFsql|x64.ActiveCfg = DebugFsql|Any CPU
		{FE890971-70ED-439F-9956-AB7B1A52DE30}.DebugFsql|x64.Build.0 = DebugFsql|Any CPU
		{FE890971-70ED-439F-9956-AB7B1A52DE30}.DebugFsql|x86.ActiveCfg = DebugFsql|Any CPU
		{FE890971-70ED-439F-9956-AB7B1A52DE30}.DebugFsql|x86.Build.0 = DebugFsql|Any CPU
		{FE890971-70ED-439F-9956-AB7B1A52DE30}.DebugIE|Any CPU.ActiveCfg = DebugFsql|Any CPU
		{FE890971-70ED-439F-9956-AB7B1A52DE30}.DebugIE|Any CPU.Build.0 = DebugFsql|Any CPU
		{FE890971-70ED-439F-9956-AB7B1A52DE30}.DebugIE|ARM.ActiveCfg = DebugFsql|Any CPU
		{FE890971-70ED-439F-9956-AB7B1A52DE30}.DebugIE|ARM.Build.0 = DebugFsql|Any CPU
		{FE890971-70ED-439F-9956-AB7B1A52DE30}.DebugIE|ARM64.ActiveCfg = DebugFsql|Any CPU
		{FE890971-70ED-439F-9956-AB7B1A52DE30}.DebugIE|ARM64.Build.0 = DebugFsql|Any CPU
		{FE890971-70ED-439F-9956-AB7B1A52DE30}.DebugIE|x64.ActiveCfg = DebugFsql|Any CPU
		{FE890971-70ED-439F-9956-AB7B1A52DE30}.DebugIE|x64.Build.0 = DebugFsql|Any CPU
		{FE890971-70ED-439F-9956-AB7B1A52DE30}.DebugIE|x86.ActiveCfg = DebugFsql|Any CPU
		{FE890971-70ED-439F-9956-AB7B1A52DE30}.DebugIE|x86.Build.0 = DebugFsql|Any CPU
		{FE890971-70ED-439F-9956-AB7B1A52DE30}.Preview|Any CPU.ActiveCfg = Debug|Any CPU
		{FE890971-70ED-439F-9956-AB7B1A52DE30}.Preview|Any CPU.Build.0 = Debug|Any CPU
		{FE890971-70ED-439F-9956-AB7B1A52DE30}.Preview|ARM.ActiveCfg = Debug|Any CPU
		{FE890971-70ED-439F-9956-AB7B1A52DE30}.Preview|ARM.Build.0 = Debug|Any CPU
		{FE890971-70ED-439F-9956-AB7B1A52DE30}.Preview|ARM64.ActiveCfg = Debug|Any CPU
		{FE890971-70ED-439F-9956-AB7B1A52DE30}.Preview|ARM64.Build.0 = Debug|Any CPU
		{FE890971-70ED-439F-9956-AB7B1A52DE30}.Preview|x64.ActiveCfg = Debug|Any CPU
		{FE890971-70ED-439F-9956-AB7B1A52DE30}.Preview|x64.Build.0 = Debug|Any CPU
		{FE890971-70ED-439F-9956-AB7B1A52DE30}.Preview|x86.ActiveCfg = Debug|Any CPU
		{FE890971-70ED-439F-9956-AB7B1A52DE30}.Preview|x86.Build.0 = Debug|Any CPU
		{FE890971-70ED-439F-9956-AB7B1A52DE30}.Release|Any CPU.ActiveCfg = Release|Any CPU
		{FE890971-70ED-439F-9956-AB7B1A52DE30}.Release|Any CPU.Build.0 = Release|Any CPU
		{FE890971-70ED-439F-9956-AB7B1A52DE30}.Release|ARM.ActiveCfg = Release|Any CPU
		{FE890971-70ED-439F-9956-AB7B1A52DE30}.Release|ARM.Build.0 = Release|Any CPU
		{FE890971-70ED-439F-9956-AB7B1A52DE30}.Release|ARM64.ActiveCfg = Release|Any CPU
		{FE890971-70ED-439F-9956-AB7B1A52DE30}.Release|ARM64.Build.0 = Release|Any CPU
		{FE890971-70ED-439F-9956-AB7B1A52DE30}.Release|x64.ActiveCfg = Release|Any CPU
		{FE890971-70ED-439F-9956-AB7B1A52DE30}.Release|x64.Build.0 = Release|Any CPU
		{FE890971-70ED-439F-9956-AB7B1A52DE30}.Release|x86.ActiveCfg = Release|Any CPU
		{FE890971-70ED-439F-9956-AB7B1A52DE30}.Release|x86.Build.0 = Release|Any CPU
		{9547CDFB-559B-4EC4-86F3-FF449CC9F45B}.Debug|Any CPU.ActiveCfg = Debug|Any CPU
		{9547CDFB-559B-4EC4-86F3-FF449CC9F45B}.Debug|Any CPU.Build.0 = Debug|Any CPU
		{9547CDFB-559B-4EC4-86F3-FF449CC9F45B}.Debug|ARM.ActiveCfg = Debug|Any CPU
		{9547CDFB-559B-4EC4-86F3-FF449CC9F45B}.Debug|ARM.Build.0 = Debug|Any CPU
		{9547CDFB-559B-4EC4-86F3-FF449CC9F45B}.Debug|ARM64.ActiveCfg = Debug|Any CPU
		{9547CDFB-559B-4EC4-86F3-FF449CC9F45B}.Debug|ARM64.Build.0 = Debug|Any CPU
		{9547CDFB-559B-4EC4-86F3-FF449CC9F45B}.Debug|x64.ActiveCfg = Debug|Any CPU
		{9547CDFB-559B-4EC4-86F3-FF449CC9F45B}.Debug|x64.Build.0 = Debug|Any CPU
		{9547CDFB-559B-4EC4-86F3-FF449CC9F45B}.Debug|x86.ActiveCfg = Debug|Any CPU
		{9547CDFB-559B-4EC4-86F3-FF449CC9F45B}.Debug|x86.Build.0 = Debug|Any CPU
		{9547CDFB-559B-4EC4-86F3-FF449CC9F45B}.DebugFsql|Any CPU.ActiveCfg = Debug|Any CPU
		{9547CDFB-559B-4EC4-86F3-FF449CC9F45B}.DebugFsql|Any CPU.Build.0 = Debug|Any CPU
		{9547CDFB-559B-4EC4-86F3-FF449CC9F45B}.DebugFsql|ARM.ActiveCfg = Debug|Any CPU
		{9547CDFB-559B-4EC4-86F3-FF449CC9F45B}.DebugFsql|ARM.Build.0 = Debug|Any CPU
		{9547CDFB-559B-4EC4-86F3-FF449CC9F45B}.DebugFsql|ARM64.ActiveCfg = Debug|Any CPU
		{9547CDFB-559B-4EC4-86F3-FF449CC9F45B}.DebugFsql|ARM64.Build.0 = Debug|Any CPU
		{9547CDFB-559B-4EC4-86F3-FF449CC9F45B}.DebugFsql|x64.ActiveCfg = Debug|Any CPU
		{9547CDFB-559B-4EC4-86F3-FF449CC9F45B}.DebugFsql|x64.Build.0 = Debug|Any CPU
		{9547CDFB-559B-4EC4-86F3-FF449CC9F45B}.DebugFsql|x86.ActiveCfg = Debug|Any CPU
		{9547CDFB-559B-4EC4-86F3-FF449CC9F45B}.DebugFsql|x86.Build.0 = Debug|Any CPU
		{9547CDFB-559B-4EC4-86F3-FF449CC9F45B}.DebugIE|Any CPU.ActiveCfg = Debug|Any CPU
		{9547CDFB-559B-4EC4-86F3-FF449CC9F45B}.DebugIE|Any CPU.Build.0 = Debug|Any CPU
		{9547CDFB-559B-4EC4-86F3-FF449CC9F45B}.DebugIE|ARM.ActiveCfg = Debug|Any CPU
		{9547CDFB-559B-4EC4-86F3-FF449CC9F45B}.DebugIE|ARM.Build.0 = Debug|Any CPU
		{9547CDFB-559B-4EC4-86F3-FF449CC9F45B}.DebugIE|ARM64.ActiveCfg = Debug|Any CPU
		{9547CDFB-559B-4EC4-86F3-FF449CC9F45B}.DebugIE|ARM64.Build.0 = Debug|Any CPU
		{9547CDFB-559B-4EC4-86F3-FF449CC9F45B}.DebugIE|x64.ActiveCfg = Debug|Any CPU
		{9547CDFB-559B-4EC4-86F3-FF449CC9F45B}.DebugIE|x64.Build.0 = Debug|Any CPU
		{9547CDFB-559B-4EC4-86F3-FF449CC9F45B}.DebugIE|x86.ActiveCfg = Debug|Any CPU
		{9547CDFB-559B-4EC4-86F3-FF449CC9F45B}.DebugIE|x86.Build.0 = Debug|Any CPU
		{9547CDFB-559B-4EC4-86F3-FF449CC9F45B}.Preview|Any CPU.ActiveCfg = Debug|Any CPU
		{9547CDFB-559B-4EC4-86F3-FF449CC9F45B}.Preview|Any CPU.Build.0 = Debug|Any CPU
		{9547CDFB-559B-4EC4-86F3-FF449CC9F45B}.Preview|ARM.ActiveCfg = Debug|Any CPU
		{9547CDFB-559B-4EC4-86F3-FF449CC9F45B}.Preview|ARM.Build.0 = Debug|Any CPU
		{9547CDFB-559B-4EC4-86F3-FF449CC9F45B}.Preview|ARM64.ActiveCfg = Debug|Any CPU
		{9547CDFB-559B-4EC4-86F3-FF449CC9F45B}.Preview|ARM64.Build.0 = Debug|Any CPU
		{9547CDFB-559B-4EC4-86F3-FF449CC9F45B}.Preview|x64.ActiveCfg = Debug|Any CPU
		{9547CDFB-559B-4EC4-86F3-FF449CC9F45B}.Preview|x64.Build.0 = Debug|Any CPU
		{9547CDFB-559B-4EC4-86F3-FF449CC9F45B}.Preview|x86.ActiveCfg = Debug|Any CPU
		{9547CDFB-559B-4EC4-86F3-FF449CC9F45B}.Preview|x86.Build.0 = Debug|Any CPU
		{9547CDFB-559B-4EC4-86F3-FF449CC9F45B}.Release|Any CPU.ActiveCfg = Release|Any CPU
		{9547CDFB-559B-4EC4-86F3-FF449CC9F45B}.Release|Any CPU.Build.0 = Release|Any CPU
		{9547CDFB-559B-4EC4-86F3-FF449CC9F45B}.Release|ARM.ActiveCfg = Release|Any CPU
		{9547CDFB-559B-4EC4-86F3-FF449CC9F45B}.Release|ARM.Build.0 = Release|Any CPU
		{9547CDFB-559B-4EC4-86F3-FF449CC9F45B}.Release|ARM64.ActiveCfg = Release|Any CPU
		{9547CDFB-559B-4EC4-86F3-FF449CC9F45B}.Release|ARM64.Build.0 = Release|Any CPU
		{9547CDFB-559B-4EC4-86F3-FF449CC9F45B}.Release|x64.ActiveCfg = Release|Any CPU
		{9547CDFB-559B-4EC4-86F3-FF449CC9F45B}.Release|x64.Build.0 = Release|Any CPU
		{9547CDFB-559B-4EC4-86F3-FF449CC9F45B}.Release|x86.ActiveCfg = Release|Any CPU
		{9547CDFB-559B-4EC4-86F3-FF449CC9F45B}.Release|x86.Build.0 = Release|Any CPU
		{39E4CA7E-81FE-4701-97E8-E35291E8987D}.Debug|Any CPU.ActiveCfg = Debug|Any CPU
		{39E4CA7E-81FE-4701-97E8-E35291E8987D}.Debug|Any CPU.Build.0 = Debug|Any CPU
		{39E4CA7E-81FE-4701-97E8-E35291E8987D}.Debug|Any CPU.Deploy.0 = Debug|Any CPU
		{39E4CA7E-81FE-4701-97E8-E35291E8987D}.Debug|ARM.ActiveCfg = Debug|Any CPU
		{39E4CA7E-81FE-4701-97E8-E35291E8987D}.Debug|ARM.Build.0 = Debug|Any CPU
		{39E4CA7E-81FE-4701-97E8-E35291E8987D}.Debug|ARM.Deploy.0 = Debug|Any CPU
		{39E4CA7E-81FE-4701-97E8-E35291E8987D}.Debug|ARM64.ActiveCfg = Debug|Any CPU
		{39E4CA7E-81FE-4701-97E8-E35291E8987D}.Debug|ARM64.Build.0 = Debug|Any CPU
		{39E4CA7E-81FE-4701-97E8-E35291E8987D}.Debug|ARM64.Deploy.0 = Debug|Any CPU
		{39E4CA7E-81FE-4701-97E8-E35291E8987D}.Debug|x64.ActiveCfg = Debug|Any CPU
		{39E4CA7E-81FE-4701-97E8-E35291E8987D}.Debug|x64.Build.0 = Debug|Any CPU
		{39E4CA7E-81FE-4701-97E8-E35291E8987D}.Debug|x64.Deploy.0 = Debug|Any CPU
		{39E4CA7E-81FE-4701-97E8-E35291E8987D}.Debug|x86.ActiveCfg = Debug|Any CPU
		{39E4CA7E-81FE-4701-97E8-E35291E8987D}.Debug|x86.Build.0 = Debug|Any CPU
		{39E4CA7E-81FE-4701-97E8-E35291E8987D}.Debug|x86.Deploy.0 = Debug|Any CPU
		{39E4CA7E-81FE-4701-97E8-E35291E8987D}.DebugFsql|Any CPU.ActiveCfg = Debug|Any CPU
		{39E4CA7E-81FE-4701-97E8-E35291E8987D}.DebugFsql|Any CPU.Build.0 = Debug|Any CPU
		{39E4CA7E-81FE-4701-97E8-E35291E8987D}.DebugFsql|Any CPU.Deploy.0 = Debug|Any CPU
		{39E4CA7E-81FE-4701-97E8-E35291E8987D}.DebugFsql|ARM.ActiveCfg = Debug|Any CPU
		{39E4CA7E-81FE-4701-97E8-E35291E8987D}.DebugFsql|ARM.Build.0 = Debug|Any CPU
		{39E4CA7E-81FE-4701-97E8-E35291E8987D}.DebugFsql|ARM.Deploy.0 = Debug|Any CPU
		{39E4CA7E-81FE-4701-97E8-E35291E8987D}.DebugFsql|ARM64.ActiveCfg = Debug|Any CPU
		{39E4CA7E-81FE-4701-97E8-E35291E8987D}.DebugFsql|ARM64.Build.0 = Debug|Any CPU
		{39E4CA7E-81FE-4701-97E8-E35291E8987D}.DebugFsql|ARM64.Deploy.0 = Debug|Any CPU
		{39E4CA7E-81FE-4701-97E8-E35291E8987D}.DebugFsql|x64.ActiveCfg = Debug|Any CPU
		{39E4CA7E-81FE-4701-97E8-E35291E8987D}.DebugFsql|x64.Build.0 = Debug|Any CPU
		{39E4CA7E-81FE-4701-97E8-E35291E8987D}.DebugFsql|x64.Deploy.0 = Debug|Any CPU
		{39E4CA7E-81FE-4701-97E8-E35291E8987D}.DebugFsql|x86.ActiveCfg = Debug|Any CPU
		{39E4CA7E-81FE-4701-97E8-E35291E8987D}.DebugFsql|x86.Build.0 = Debug|Any CPU
		{39E4CA7E-81FE-4701-97E8-E35291E8987D}.DebugFsql|x86.Deploy.0 = Debug|Any CPU
		{39E4CA7E-81FE-4701-97E8-E35291E8987D}.DebugIE|Any CPU.ActiveCfg = Debug|Any CPU
		{39E4CA7E-81FE-4701-97E8-E35291E8987D}.DebugIE|Any CPU.Build.0 = Debug|Any CPU
		{39E4CA7E-81FE-4701-97E8-E35291E8987D}.DebugIE|Any CPU.Deploy.0 = Debug|Any CPU
		{39E4CA7E-81FE-4701-97E8-E35291E8987D}.DebugIE|ARM.ActiveCfg = Debug|Any CPU
		{39E4CA7E-81FE-4701-97E8-E35291E8987D}.DebugIE|ARM.Build.0 = Debug|Any CPU
		{39E4CA7E-81FE-4701-97E8-E35291E8987D}.DebugIE|ARM.Deploy.0 = Debug|Any CPU
		{39E4CA7E-81FE-4701-97E8-E35291E8987D}.DebugIE|ARM64.ActiveCfg = Debug|Any CPU
		{39E4CA7E-81FE-4701-97E8-E35291E8987D}.DebugIE|ARM64.Build.0 = Debug|Any CPU
		{39E4CA7E-81FE-4701-97E8-E35291E8987D}.DebugIE|ARM64.Deploy.0 = Debug|Any CPU
		{39E4CA7E-81FE-4701-97E8-E35291E8987D}.DebugIE|x64.ActiveCfg = Debug|Any CPU
		{39E4CA7E-81FE-4701-97E8-E35291E8987D}.DebugIE|x64.Build.0 = Debug|Any CPU
		{39E4CA7E-81FE-4701-97E8-E35291E8987D}.DebugIE|x64.Deploy.0 = Debug|Any CPU
		{39E4CA7E-81FE-4701-97E8-E35291E8987D}.DebugIE|x86.ActiveCfg = Debug|Any CPU
		{39E4CA7E-81FE-4701-97E8-E35291E8987D}.DebugIE|x86.Build.0 = Debug|Any CPU
		{39E4CA7E-81FE-4701-97E8-E35291E8987D}.DebugIE|x86.Deploy.0 = Debug|Any CPU
		{39E4CA7E-81FE-4701-97E8-E35291E8987D}.Preview|Any CPU.ActiveCfg = Debug|Any CPU
		{39E4CA7E-81FE-4701-97E8-E35291E8987D}.Preview|Any CPU.Build.0 = Debug|Any CPU
		{39E4CA7E-81FE-4701-97E8-E35291E8987D}.Preview|Any CPU.Deploy.0 = Debug|Any CPU
		{39E4CA7E-81FE-4701-97E8-E35291E8987D}.Preview|ARM.ActiveCfg = Debug|Any CPU
		{39E4CA7E-81FE-4701-97E8-E35291E8987D}.Preview|ARM.Build.0 = Debug|Any CPU
		{39E4CA7E-81FE-4701-97E8-E35291E8987D}.Preview|ARM.Deploy.0 = Debug|Any CPU
		{39E4CA7E-81FE-4701-97E8-E35291E8987D}.Preview|ARM64.ActiveCfg = Debug|Any CPU
		{39E4CA7E-81FE-4701-97E8-E35291E8987D}.Preview|ARM64.Build.0 = Debug|Any CPU
		{39E4CA7E-81FE-4701-97E8-E35291E8987D}.Preview|ARM64.Deploy.0 = Debug|Any CPU
		{39E4CA7E-81FE-4701-97E8-E35291E8987D}.Preview|x64.ActiveCfg = Debug|Any CPU
		{39E4CA7E-81FE-4701-97E8-E35291E8987D}.Preview|x64.Build.0 = Debug|Any CPU
		{39E4CA7E-81FE-4701-97E8-E35291E8987D}.Preview|x64.Deploy.0 = Debug|Any CPU
		{39E4CA7E-81FE-4701-97E8-E35291E8987D}.Preview|x86.ActiveCfg = Debug|Any CPU
		{39E4CA7E-81FE-4701-97E8-E35291E8987D}.Preview|x86.Build.0 = Debug|Any CPU
		{39E4CA7E-81FE-4701-97E8-E35291E8987D}.Preview|x86.Deploy.0 = Debug|Any CPU
		{39E4CA7E-81FE-4701-97E8-E35291E8987D}.Release|Any CPU.ActiveCfg = Release|Any CPU
		{39E4CA7E-81FE-4701-97E8-E35291E8987D}.Release|Any CPU.Build.0 = Release|Any CPU
		{39E4CA7E-81FE-4701-97E8-E35291E8987D}.Release|Any CPU.Deploy.0 = Release|Any CPU
		{39E4CA7E-81FE-4701-97E8-E35291E8987D}.Release|ARM.ActiveCfg = Release|Any CPU
		{39E4CA7E-81FE-4701-97E8-E35291E8987D}.Release|ARM.Build.0 = Release|Any CPU
		{39E4CA7E-81FE-4701-97E8-E35291E8987D}.Release|ARM.Deploy.0 = Release|Any CPU
		{39E4CA7E-81FE-4701-97E8-E35291E8987D}.Release|ARM64.ActiveCfg = Release|Any CPU
		{39E4CA7E-81FE-4701-97E8-E35291E8987D}.Release|ARM64.Build.0 = Release|Any CPU
		{39E4CA7E-81FE-4701-97E8-E35291E8987D}.Release|ARM64.Deploy.0 = Release|Any CPU
		{39E4CA7E-81FE-4701-97E8-E35291E8987D}.Release|x64.ActiveCfg = Release|Any CPU
		{39E4CA7E-81FE-4701-97E8-E35291E8987D}.Release|x64.Build.0 = Release|Any CPU
		{39E4CA7E-81FE-4701-97E8-E35291E8987D}.Release|x64.Deploy.0 = Release|Any CPU
		{39E4CA7E-81FE-4701-97E8-E35291E8987D}.Release|x86.ActiveCfg = Release|Any CPU
		{39E4CA7E-81FE-4701-97E8-E35291E8987D}.Release|x86.Build.0 = Release|Any CPU
		{39E4CA7E-81FE-4701-97E8-E35291E8987D}.Release|x86.Deploy.0 = Release|Any CPU
		{350C40A7-7E43-4953-A702-5FD39DBF6966}.Debug|Any CPU.ActiveCfg = Debug|Any CPU
		{350C40A7-7E43-4953-A702-5FD39DBF6966}.Debug|Any CPU.Build.0 = Debug|Any CPU
		{350C40A7-7E43-4953-A702-5FD39DBF6966}.Debug|Any CPU.Deploy.0 = Debug|Any CPU
		{350C40A7-7E43-4953-A702-5FD39DBF6966}.Debug|ARM.ActiveCfg = Debug|Any CPU
		{350C40A7-7E43-4953-A702-5FD39DBF6966}.Debug|ARM.Build.0 = Debug|Any CPU
		{350C40A7-7E43-4953-A702-5FD39DBF6966}.Debug|ARM.Deploy.0 = Debug|Any CPU
		{350C40A7-7E43-4953-A702-5FD39DBF6966}.Debug|ARM64.ActiveCfg = Debug|Any CPU
		{350C40A7-7E43-4953-A702-5FD39DBF6966}.Debug|ARM64.Build.0 = Debug|Any CPU
		{350C40A7-7E43-4953-A702-5FD39DBF6966}.Debug|ARM64.Deploy.0 = Debug|Any CPU
		{350C40A7-7E43-4953-A702-5FD39DBF6966}.Debug|x64.ActiveCfg = Debug|Any CPU
		{350C40A7-7E43-4953-A702-5FD39DBF6966}.Debug|x64.Build.0 = Debug|Any CPU
		{350C40A7-7E43-4953-A702-5FD39DBF6966}.Debug|x64.Deploy.0 = Debug|Any CPU
		{350C40A7-7E43-4953-A702-5FD39DBF6966}.Debug|x86.ActiveCfg = Debug|Any CPU
		{350C40A7-7E43-4953-A702-5FD39DBF6966}.Debug|x86.Build.0 = Debug|Any CPU
		{350C40A7-7E43-4953-A702-5FD39DBF6966}.Debug|x86.Deploy.0 = Debug|Any CPU
		{350C40A7-7E43-4953-A702-5FD39DBF6966}.DebugFsql|Any CPU.ActiveCfg = Debug|Any CPU
		{350C40A7-7E43-4953-A702-5FD39DBF6966}.DebugFsql|Any CPU.Build.0 = Debug|Any CPU
		{350C40A7-7E43-4953-A702-5FD39DBF6966}.DebugFsql|Any CPU.Deploy.0 = Debug|Any CPU
		{350C40A7-7E43-4953-A702-5FD39DBF6966}.DebugFsql|ARM.ActiveCfg = Debug|Any CPU
		{350C40A7-7E43-4953-A702-5FD39DBF6966}.DebugFsql|ARM.Build.0 = Debug|Any CPU
		{350C40A7-7E43-4953-A702-5FD39DBF6966}.DebugFsql|ARM.Deploy.0 = Debug|Any CPU
		{350C40A7-7E43-4953-A702-5FD39DBF6966}.DebugFsql|ARM64.ActiveCfg = Debug|Any CPU
		{350C40A7-7E43-4953-A702-5FD39DBF6966}.DebugFsql|ARM64.Build.0 = Debug|Any CPU
		{350C40A7-7E43-4953-A702-5FD39DBF6966}.DebugFsql|ARM64.Deploy.0 = Debug|Any CPU
		{350C40A7-7E43-4953-A702-5FD39DBF6966}.DebugFsql|x64.ActiveCfg = Debug|Any CPU
		{350C40A7-7E43-4953-A702-5FD39DBF6966}.DebugFsql|x64.Build.0 = Debug|Any CPU
		{350C40A7-7E43-4953-A702-5FD39DBF6966}.DebugFsql|x64.Deploy.0 = Debug|Any CPU
		{350C40A7-7E43-4953-A702-5FD39DBF6966}.DebugFsql|x86.ActiveCfg = Debug|Any CPU
		{350C40A7-7E43-4953-A702-5FD39DBF6966}.DebugFsql|x86.Build.0 = Debug|Any CPU
		{350C40A7-7E43-4953-A702-5FD39DBF6966}.DebugFsql|x86.Deploy.0 = Debug|Any CPU
		{350C40A7-7E43-4953-A702-5FD39DBF6966}.DebugIE|Any CPU.ActiveCfg = Debug|Any CPU
		{350C40A7-7E43-4953-A702-5FD39DBF6966}.DebugIE|Any CPU.Build.0 = Debug|Any CPU
		{350C40A7-7E43-4953-A702-5FD39DBF6966}.DebugIE|Any CPU.Deploy.0 = Debug|Any CPU
		{350C40A7-7E43-4953-A702-5FD39DBF6966}.DebugIE|ARM.ActiveCfg = Debug|Any CPU
		{350C40A7-7E43-4953-A702-5FD39DBF6966}.DebugIE|ARM.Build.0 = Debug|Any CPU
		{350C40A7-7E43-4953-A702-5FD39DBF6966}.DebugIE|ARM.Deploy.0 = Debug|Any CPU
		{350C40A7-7E43-4953-A702-5FD39DBF6966}.DebugIE|ARM64.ActiveCfg = Debug|Any CPU
		{350C40A7-7E43-4953-A702-5FD39DBF6966}.DebugIE|ARM64.Build.0 = Debug|Any CPU
		{350C40A7-7E43-4953-A702-5FD39DBF6966}.DebugIE|ARM64.Deploy.0 = Debug|Any CPU
		{350C40A7-7E43-4953-A702-5FD39DBF6966}.DebugIE|x64.ActiveCfg = Debug|Any CPU
		{350C40A7-7E43-4953-A702-5FD39DBF6966}.DebugIE|x64.Build.0 = Debug|Any CPU
		{350C40A7-7E43-4953-A702-5FD39DBF6966}.DebugIE|x64.Deploy.0 = Debug|Any CPU
		{350C40A7-7E43-4953-A702-5FD39DBF6966}.DebugIE|x86.ActiveCfg = Debug|Any CPU
		{350C40A7-7E43-4953-A702-5FD39DBF6966}.DebugIE|x86.Build.0 = Debug|Any CPU
		{350C40A7-7E43-4953-A702-5FD39DBF6966}.DebugIE|x86.Deploy.0 = Debug|Any CPU
		{350C40A7-7E43-4953-A702-5FD39DBF6966}.Preview|Any CPU.ActiveCfg = Debug|Any CPU
		{350C40A7-7E43-4953-A702-5FD39DBF6966}.Preview|Any CPU.Build.0 = Debug|Any CPU
		{350C40A7-7E43-4953-A702-5FD39DBF6966}.Preview|Any CPU.Deploy.0 = Debug|Any CPU
		{350C40A7-7E43-4953-A702-5FD39DBF6966}.Preview|ARM.ActiveCfg = Debug|Any CPU
		{350C40A7-7E43-4953-A702-5FD39DBF6966}.Preview|ARM.Build.0 = Debug|Any CPU
		{350C40A7-7E43-4953-A702-5FD39DBF6966}.Preview|ARM.Deploy.0 = Debug|Any CPU
		{350C40A7-7E43-4953-A702-5FD39DBF6966}.Preview|ARM64.ActiveCfg = Debug|Any CPU
		{350C40A7-7E43-4953-A702-5FD39DBF6966}.Preview|ARM64.Build.0 = Debug|Any CPU
		{350C40A7-7E43-4953-A702-5FD39DBF6966}.Preview|ARM64.Deploy.0 = Debug|Any CPU
		{350C40A7-7E43-4953-A702-5FD39DBF6966}.Preview|x64.ActiveCfg = Debug|Any CPU
		{350C40A7-7E43-4953-A702-5FD39DBF6966}.Preview|x64.Build.0 = Debug|Any CPU
		{350C40A7-7E43-4953-A702-5FD39DBF6966}.Preview|x64.Deploy.0 = Debug|Any CPU
		{350C40A7-7E43-4953-A702-5FD39DBF6966}.Preview|x86.ActiveCfg = Debug|Any CPU
		{350C40A7-7E43-4953-A702-5FD39DBF6966}.Preview|x86.Build.0 = Debug|Any CPU
		{350C40A7-7E43-4953-A702-5FD39DBF6966}.Preview|x86.Deploy.0 = Debug|Any CPU
		{350C40A7-7E43-4953-A702-5FD39DBF6966}.Release|Any CPU.ActiveCfg = Release|Any CPU
		{350C40A7-7E43-4953-A702-5FD39DBF6966}.Release|Any CPU.Build.0 = Release|Any CPU
		{350C40A7-7E43-4953-A702-5FD39DBF6966}.Release|Any CPU.Deploy.0 = Release|Any CPU
		{350C40A7-7E43-4953-A702-5FD39DBF6966}.Release|ARM.ActiveCfg = Release|Any CPU
		{350C40A7-7E43-4953-A702-5FD39DBF6966}.Release|ARM.Build.0 = Release|Any CPU
		{350C40A7-7E43-4953-A702-5FD39DBF6966}.Release|ARM.Deploy.0 = Release|Any CPU
		{350C40A7-7E43-4953-A702-5FD39DBF6966}.Release|ARM64.ActiveCfg = Release|Any CPU
		{350C40A7-7E43-4953-A702-5FD39DBF6966}.Release|ARM64.Build.0 = Release|Any CPU
		{350C40A7-7E43-4953-A702-5FD39DBF6966}.Release|ARM64.Deploy.0 = Release|Any CPU
		{350C40A7-7E43-4953-A702-5FD39DBF6966}.Release|x64.ActiveCfg = Release|Any CPU
		{350C40A7-7E43-4953-A702-5FD39DBF6966}.Release|x64.Build.0 = Release|Any CPU
		{350C40A7-7E43-4953-A702-5FD39DBF6966}.Release|x64.Deploy.0 = Release|Any CPU
		{350C40A7-7E43-4953-A702-5FD39DBF6966}.Release|x86.ActiveCfg = Release|Any CPU
		{350C40A7-7E43-4953-A702-5FD39DBF6966}.Release|x86.Build.0 = Release|Any CPU
		{350C40A7-7E43-4953-A702-5FD39DBF6966}.Release|x86.Deploy.0 = Release|Any CPU
		{C33DBBA4-15CB-4350-A138-78F54A7FEE69}.Debug|Any CPU.ActiveCfg = Debug|Any CPU
		{C33DBBA4-15CB-4350-A138-78F54A7FEE69}.Debug|Any CPU.Build.0 = Debug|Any CPU
		{C33DBBA4-15CB-4350-A138-78F54A7FEE69}.Debug|ARM.ActiveCfg = Debug|Any CPU
		{C33DBBA4-15CB-4350-A138-78F54A7FEE69}.Debug|ARM.Build.0 = Debug|Any CPU
		{C33DBBA4-15CB-4350-A138-78F54A7FEE69}.Debug|ARM64.ActiveCfg = Debug|Any CPU
		{C33DBBA4-15CB-4350-A138-78F54A7FEE69}.Debug|ARM64.Build.0 = Debug|Any CPU
		{C33DBBA4-15CB-4350-A138-78F54A7FEE69}.Debug|x64.ActiveCfg = Debug|Any CPU
		{C33DBBA4-15CB-4350-A138-78F54A7FEE69}.Debug|x64.Build.0 = Debug|Any CPU
		{C33DBBA4-15CB-4350-A138-78F54A7FEE69}.Debug|x86.ActiveCfg = Debug|Any CPU
		{C33DBBA4-15CB-4350-A138-78F54A7FEE69}.Debug|x86.Build.0 = Debug|Any CPU
		{C33DBBA4-15CB-4350-A138-78F54A7FEE69}.DebugFsql|Any CPU.ActiveCfg = Debug|Any CPU
		{C33DBBA4-15CB-4350-A138-78F54A7FEE69}.DebugFsql|Any CPU.Build.0 = Debug|Any CPU
		{C33DBBA4-15CB-4350-A138-78F54A7FEE69}.DebugFsql|ARM.ActiveCfg = Debug|Any CPU
		{C33DBBA4-15CB-4350-A138-78F54A7FEE69}.DebugFsql|ARM.Build.0 = Debug|Any CPU
		{C33DBBA4-15CB-4350-A138-78F54A7FEE69}.DebugFsql|ARM64.ActiveCfg = Debug|Any CPU
		{C33DBBA4-15CB-4350-A138-78F54A7FEE69}.DebugFsql|ARM64.Build.0 = Debug|Any CPU
		{C33DBBA4-15CB-4350-A138-78F54A7FEE69}.DebugFsql|x64.ActiveCfg = Debug|Any CPU
		{C33DBBA4-15CB-4350-A138-78F54A7FEE69}.DebugFsql|x64.Build.0 = Debug|Any CPU
		{C33DBBA4-15CB-4350-A138-78F54A7FEE69}.DebugFsql|x86.ActiveCfg = Debug|Any CPU
		{C33DBBA4-15CB-4350-A138-78F54A7FEE69}.DebugFsql|x86.Build.0 = Debug|Any CPU
		{C33DBBA4-15CB-4350-A138-78F54A7FEE69}.DebugIE|Any CPU.ActiveCfg = Debug|Any CPU
		{C33DBBA4-15CB-4350-A138-78F54A7FEE69}.DebugIE|Any CPU.Build.0 = Debug|Any CPU
		{C33DBBA4-15CB-4350-A138-78F54A7FEE69}.DebugIE|ARM.ActiveCfg = Debug|Any CPU
		{C33DBBA4-15CB-4350-A138-78F54A7FEE69}.DebugIE|ARM.Build.0 = Debug|Any CPU
		{C33DBBA4-15CB-4350-A138-78F54A7FEE69}.DebugIE|ARM64.ActiveCfg = Debug|Any CPU
		{C33DBBA4-15CB-4350-A138-78F54A7FEE69}.DebugIE|ARM64.Build.0 = Debug|Any CPU
		{C33DBBA4-15CB-4350-A138-78F54A7FEE69}.DebugIE|x64.ActiveCfg = Debug|Any CPU
		{C33DBBA4-15CB-4350-A138-78F54A7FEE69}.DebugIE|x64.Build.0 = Debug|Any CPU
		{C33DBBA4-15CB-4350-A138-78F54A7FEE69}.DebugIE|x86.ActiveCfg = Debug|Any CPU
		{C33DBBA4-15CB-4350-A138-78F54A7FEE69}.DebugIE|x86.Build.0 = Debug|Any CPU
		{C33DBBA4-15CB-4350-A138-78F54A7FEE69}.Preview|Any CPU.ActiveCfg = Debug|Any CPU
		{C33DBBA4-15CB-4350-A138-78F54A7FEE69}.Preview|Any CPU.Build.0 = Debug|Any CPU
		{C33DBBA4-15CB-4350-A138-78F54A7FEE69}.Preview|ARM.ActiveCfg = Debug|Any CPU
		{C33DBBA4-15CB-4350-A138-78F54A7FEE69}.Preview|ARM.Build.0 = Debug|Any CPU
		{C33DBBA4-15CB-4350-A138-78F54A7FEE69}.Preview|ARM64.ActiveCfg = Debug|Any CPU
		{C33DBBA4-15CB-4350-A138-78F54A7FEE69}.Preview|ARM64.Build.0 = Debug|Any CPU
		{C33DBBA4-15CB-4350-A138-78F54A7FEE69}.Preview|x64.ActiveCfg = Debug|Any CPU
		{C33DBBA4-15CB-4350-A138-78F54A7FEE69}.Preview|x64.Build.0 = Debug|Any CPU
		{C33DBBA4-15CB-4350-A138-78F54A7FEE69}.Preview|x86.ActiveCfg = Debug|Any CPU
		{C33DBBA4-15CB-4350-A138-78F54A7FEE69}.Preview|x86.Build.0 = Debug|Any CPU
		{C33DBBA4-15CB-4350-A138-78F54A7FEE69}.Release|Any CPU.ActiveCfg = Release|Any CPU
		{C33DBBA4-15CB-4350-A138-78F54A7FEE69}.Release|Any CPU.Build.0 = Release|Any CPU
		{C33DBBA4-15CB-4350-A138-78F54A7FEE69}.Release|ARM.ActiveCfg = Release|Any CPU
		{C33DBBA4-15CB-4350-A138-78F54A7FEE69}.Release|ARM.Build.0 = Release|Any CPU
		{C33DBBA4-15CB-4350-A138-78F54A7FEE69}.Release|ARM64.ActiveCfg = Release|Any CPU
		{C33DBBA4-15CB-4350-A138-78F54A7FEE69}.Release|ARM64.Build.0 = Release|Any CPU
		{C33DBBA4-15CB-4350-A138-78F54A7FEE69}.Release|x64.ActiveCfg = Release|Any CPU
		{C33DBBA4-15CB-4350-A138-78F54A7FEE69}.Release|x64.Build.0 = Release|Any CPU
		{C33DBBA4-15CB-4350-A138-78F54A7FEE69}.Release|x86.ActiveCfg = Release|Any CPU
		{C33DBBA4-15CB-4350-A138-78F54A7FEE69}.Release|x86.Build.0 = Release|Any CPU
		{9D70968E-1EB6-4EB5-8966-CECBA282941E}.Debug|Any CPU.ActiveCfg = Debug|Any CPU
		{9D70968E-1EB6-4EB5-8966-CECBA282941E}.Debug|Any CPU.Build.0 = Debug|Any CPU
		{9D70968E-1EB6-4EB5-8966-CECBA282941E}.Debug|ARM.ActiveCfg = Debug|Any CPU
		{9D70968E-1EB6-4EB5-8966-CECBA282941E}.Debug|ARM.Build.0 = Debug|Any CPU
		{9D70968E-1EB6-4EB5-8966-CECBA282941E}.Debug|ARM64.ActiveCfg = Debug|Any CPU
		{9D70968E-1EB6-4EB5-8966-CECBA282941E}.Debug|ARM64.Build.0 = Debug|Any CPU
		{9D70968E-1EB6-4EB5-8966-CECBA282941E}.Debug|x64.ActiveCfg = Debug|Any CPU
		{9D70968E-1EB6-4EB5-8966-CECBA282941E}.Debug|x64.Build.0 = Debug|Any CPU
		{9D70968E-1EB6-4EB5-8966-CECBA282941E}.Debug|x86.ActiveCfg = Debug|Any CPU
		{9D70968E-1EB6-4EB5-8966-CECBA282941E}.Debug|x86.Build.0 = Debug|Any CPU
		{9D70968E-1EB6-4EB5-8966-CECBA282941E}.DebugFsql|Any CPU.ActiveCfg = Debug|Any CPU
		{9D70968E-1EB6-4EB5-8966-CECBA282941E}.DebugFsql|Any CPU.Build.0 = Debug|Any CPU
		{9D70968E-1EB6-4EB5-8966-CECBA282941E}.DebugFsql|ARM.ActiveCfg = Debug|Any CPU
		{9D70968E-1EB6-4EB5-8966-CECBA282941E}.DebugFsql|ARM.Build.0 = Debug|Any CPU
		{9D70968E-1EB6-4EB5-8966-CECBA282941E}.DebugFsql|ARM64.ActiveCfg = Debug|Any CPU
		{9D70968E-1EB6-4EB5-8966-CECBA282941E}.DebugFsql|ARM64.Build.0 = Debug|Any CPU
		{9D70968E-1EB6-4EB5-8966-CECBA282941E}.DebugFsql|x64.ActiveCfg = Debug|Any CPU
		{9D70968E-1EB6-4EB5-8966-CECBA282941E}.DebugFsql|x64.Build.0 = Debug|Any CPU
		{9D70968E-1EB6-4EB5-8966-CECBA282941E}.DebugFsql|x86.ActiveCfg = Debug|Any CPU
		{9D70968E-1EB6-4EB5-8966-CECBA282941E}.DebugFsql|x86.Build.0 = Debug|Any CPU
		{9D70968E-1EB6-4EB5-8966-CECBA282941E}.DebugIE|Any CPU.ActiveCfg = Debug|Any CPU
		{9D70968E-1EB6-4EB5-8966-CECBA282941E}.DebugIE|Any CPU.Build.0 = Debug|Any CPU
		{9D70968E-1EB6-4EB5-8966-CECBA282941E}.DebugIE|ARM.ActiveCfg = Debug|Any CPU
		{9D70968E-1EB6-4EB5-8966-CECBA282941E}.DebugIE|ARM.Build.0 = Debug|Any CPU
		{9D70968E-1EB6-4EB5-8966-CECBA282941E}.DebugIE|ARM64.ActiveCfg = Debug|Any CPU
		{9D70968E-1EB6-4EB5-8966-CECBA282941E}.DebugIE|ARM64.Build.0 = Debug|Any CPU
		{9D70968E-1EB6-4EB5-8966-CECBA282941E}.DebugIE|x64.ActiveCfg = Debug|Any CPU
		{9D70968E-1EB6-4EB5-8966-CECBA282941E}.DebugIE|x64.Build.0 = Debug|Any CPU
		{9D70968E-1EB6-4EB5-8966-CECBA282941E}.DebugIE|x86.ActiveCfg = Debug|Any CPU
		{9D70968E-1EB6-4EB5-8966-CECBA282941E}.DebugIE|x86.Build.0 = Debug|Any CPU
		{9D70968E-1EB6-4EB5-8966-CECBA282941E}.Preview|Any CPU.ActiveCfg = Debug|Any CPU
		{9D70968E-1EB6-4EB5-8966-CECBA282941E}.Preview|Any CPU.Build.0 = Debug|Any CPU
		{9D70968E-1EB6-4EB5-8966-CECBA282941E}.Preview|ARM.ActiveCfg = Debug|Any CPU
		{9D70968E-1EB6-4EB5-8966-CECBA282941E}.Preview|ARM.Build.0 = Debug|Any CPU
		{9D70968E-1EB6-4EB5-8966-CECBA282941E}.Preview|ARM64.ActiveCfg = Debug|Any CPU
		{9D70968E-1EB6-4EB5-8966-CECBA282941E}.Preview|ARM64.Build.0 = Debug|Any CPU
		{9D70968E-1EB6-4EB5-8966-CECBA282941E}.Preview|x64.ActiveCfg = Debug|Any CPU
		{9D70968E-1EB6-4EB5-8966-CECBA282941E}.Preview|x64.Build.0 = Debug|Any CPU
		{9D70968E-1EB6-4EB5-8966-CECBA282941E}.Preview|x86.ActiveCfg = Debug|Any CPU
		{9D70968E-1EB6-4EB5-8966-CECBA282941E}.Preview|x86.Build.0 = Debug|Any CPU
		{9D70968E-1EB6-4EB5-8966-CECBA282941E}.Release|Any CPU.ActiveCfg = Release|Any CPU
		{9D70968E-1EB6-4EB5-8966-CECBA282941E}.Release|Any CPU.Build.0 = Release|Any CPU
		{9D70968E-1EB6-4EB5-8966-CECBA282941E}.Release|ARM.ActiveCfg = Release|Any CPU
		{9D70968E-1EB6-4EB5-8966-CECBA282941E}.Release|ARM.Build.0 = Release|Any CPU
		{9D70968E-1EB6-4EB5-8966-CECBA282941E}.Release|ARM64.ActiveCfg = Release|Any CPU
		{9D70968E-1EB6-4EB5-8966-CECBA282941E}.Release|ARM64.Build.0 = Release|Any CPU
		{9D70968E-1EB6-4EB5-8966-CECBA282941E}.Release|x64.ActiveCfg = Release|Any CPU
		{9D70968E-1EB6-4EB5-8966-CECBA282941E}.Release|x64.Build.0 = Release|Any CPU
		{9D70968E-1EB6-4EB5-8966-CECBA282941E}.Release|x86.ActiveCfg = Release|Any CPU
		{9D70968E-1EB6-4EB5-8966-CECBA282941E}.Release|x86.Build.0 = Release|Any CPU
	EndGlobalSection
	GlobalSection(SolutionProperties) = preSolution
		HideSolutionNode = FALSE
	EndGlobalSection
	GlobalSection(NestedProjects) = preSolution
		{AD98A0FB-11EC-421A-A147-CCBCDBBF5AC5} = {58CF3B35-60F9-4BBB-9D55-933A9F080188}
		{528324BB-3173-4C08-B990-1CFB43E71E57} = {58CF3B35-60F9-4BBB-9D55-933A9F080188}
		{58082DC1-D8E0-4B26-8FF3-21B86F423FA6} = {58CF3B35-60F9-4BBB-9D55-933A9F080188}
		{9547CDFB-559B-4EC4-86F3-FF449CC9F45B} = {58CF3B35-60F9-4BBB-9D55-933A9F080188}
		{39E4CA7E-81FE-4701-97E8-E35291E8987D} = {6FB997E5-3452-48CF-9C83-00BAD72D9D0A}
		{350C40A7-7E43-4953-A702-5FD39DBF6966} = {6FB997E5-3452-48CF-9C83-00BAD72D9D0A}
		{C33DBBA4-15CB-4350-A138-78F54A7FEE69} = {6FB997E5-3452-48CF-9C83-00BAD72D9D0A}
		{9D70968E-1EB6-4EB5-8966-CECBA282941E} = {6FB997E5-3452-48CF-9C83-00BAD72D9D0A}
	EndGlobalSection
	GlobalSection(ExtensibilityGlobals) = postSolution
		SolutionGuid = {2194F6FA-98D1-44A9-BD68-A84FCBFA6F82}
	EndGlobalSection
EndGlobal
