
Microsoft Visual Studio Solution File, Format Version 12.00
# Visual Studio Version 17
VisualStudioVersion = 17.1.31911.260
MinimumVisualStudioVersion = 10.0.40219.1
Project("{2150E333-8FDC-42A3-9474-1A3956D46DE8}") = "Solution Items", "Solution Items", "{CB664A7C-FE30-4373-AC38-9243034FC9F2}"
	ProjectSection(SolutionItems) = preProject
		ReadMe.md = ReadMe.md
		WIndows发布步骤.txt = WIndows发布步骤.txt
		发布.txt = 发布.txt
	EndProjectSection
EndProject
Project("{9A19103F-16F7-4668-BE54-9A1E7A4F7556}") = "BlazorWinForms", "BlazorWinForms\BlazorWinForms.csproj", "{32A29A15-E282-4BD6-B209-D659DCD02A43}"
EndProject
Project("{9A19103F-16F7-4668-BE54-9A1E7A4F7556}") = "BlazorWpf", "BlazorWpf\BlazorWpf.csproj", "{5A16B1B0-0721-4BD2-AF8C-1AA1F78B2A57}"
EndProject
Project("{9A19103F-16F7-4668-BE54-9A1E7A4F7556}") = "BlazorMaui", "BlazorMaui\BlazorMaui.csproj", "{807C9B00-DA74-4DFC-9E4D-4229F066D04C}"
EndProject
Project("{FAE04EC0-301F-11D3-BF4B-00C04F79EFBC}") = "BlazorPWA", "BlazorPWA\BlazorPWA.csproj", "{C4B8F1CA-C280-4776-AAA5-27282ADE50C6}"
EndProject
Project("{FAE04EC0-301F-11D3-BF4B-00C04F79EFBC}") = "BlazorShared", "BlazorShared\BlazorShared.csproj", "{1F97EAE8-9334-4196-BEDC-BAF0EC1DD306}"
EndProject
Project("{9A19103F-16F7-4668-BE54-9A1E7A4F7556}") = "BlazorSSR", "BlazorSSR\BlazorSSR.csproj", "{A3524F40-C55A-408C-97DA-11617E91CFC2}"
EndProject
Project("{FAE04EC0-301F-11D3-BF4B-00C04F79EFBC}") = "Console.Maui.Graphics", "Console.Maui.Graphics\Console.Maui.Graphics.csproj", "{034E4D84-3DFC-4782-8D63-5C37E7A9EBF3}"
EndProject
Project("{FAE04EC0-301F-11D3-BF4B-00C04F79EFBC}") = "LibraryShared", "LibraryShared\LibraryShared.csproj", "{FE890971-70ED-439F-9956-AB7B1A52DE30}"
EndProject
Project("{9A19103F-16F7-4668-BE54-9A1E7A4F7556}") = "MauiApp7test", "MauiApp7test\MauiApp7test.csproj", "{04F77C55-E6E9-4A94-B3A7-59AC5E41A50A}"
EndProject
Project("{FAE04EC0-301F-11D3-BF4B-00C04F79EFBC}") = "WpfWithWebview2", "WpfWithWebview2\WpfWithWebview2.csproj", "{CACA862E-568C-451C-AD42-AA1B97CF3AFC}"
EndProject
Project("{9A19103F-16F7-4668-BE54-9A1E7A4F7556}") = "Wpf7WithWebview2", "Wpf7WithWebview2\Wpf7WithWebview2.csproj", "{E99A8C29-5683-40C4-B06F-FDEAAFE9C248}"
EndProject
Project("{9A19103F-16F7-4668-BE54-9A1E7A4F7556}") = "BlazorMauiLite", "BlazorMauiLite\BlazorMauiLite.csproj", "{98C48091-B927-4396-B377-F23DA2242099}"
EndProject
Project("{9A19103F-16F7-4668-BE54-9A1E7A4F7556}") = "BlazorLinux", "BlazorLinux\BlazorLinux.csproj", "{AC630339-6B90-48F5-9F30-3BD121FA7137}"
EndProject
Project("{2150E333-8FDC-42A3-9474-1A3956D46DE8}") = "demo1by1", "demo1by1", "{15875269-8681-4438-9468-E44A6AD6411D}"
EndProject
Project("{FAE04EC0-301F-11D3-BF4B-00C04F79EFBC}") = "MauiApp_PdfReader", "MauiApp_PdfReader\MauiApp_PdfReader.csproj", "{47286A0B-AE29-45BF-8C6F-699CCAB3B257}"
EndProject
Project("{2150E333-8FDC-42A3-9474-1A3956D46DE8}") = "src", "src", "{B5AEA3A5-DB85-4777-89C3-C1E3B60206EE}"
EndProject
Project("{2150E333-8FDC-42A3-9474-1A3956D46DE8}") = "iOS", "iOS", "{7A9A9964-3657-42AE-A265-A5F57AE8F099}"
	ProjectSection(SolutionItems) = preProject
		Screenshot\iOS\Readme.md = Screenshot\iOS\Readme.md
	EndProjectSection
EndProject
Project("{2150E333-8FDC-42A3-9474-1A3956D46DE8}") = "Android", "Android", "{2D8DCC5F-1298-4A25-A7F6-8843AA148472}"
	ProjectSection(SolutionItems) = preProject
		Screenshot\Android\Readme.md = Screenshot\Android\Readme.md
	EndProjectSection
EndProject
Project("{2150E333-8FDC-42A3-9474-1A3956D46DE8}") = "WSA", "WSA", "{92408BFB-1FAF-469C-B8E5-32E994950432}"
	ProjectSection(SolutionItems) = preProject
		Screenshot\WSA%28Windows Subsystem_for_Android%29\Readme.md = Screenshot\WSA%28Windows Subsystem_for_Android%29\Readme.md
	EndProjectSection
EndProject
Project("{2150E333-8FDC-42A3-9474-1A3956D46DE8}") = "Linux", "Linux", "{B7FD8094-83A8-442A-8EC6-BB8C3EF78FB7}"
	ProjectSection(SolutionItems) = preProject
		Screenshot\Linux\Readme.md = Screenshot\Linux\Readme.md
	EndProjectSection
EndProject
Project("{2150E333-8FDC-42A3-9474-1A3956D46DE8}") = "MacCatalyst", "MacCatalyst", "{AB6068B1-4490-485B-A616-5EBB0A4F904D}"
	ProjectSection(SolutionItems) = preProject
		Screenshot\mac\Readme.md = Screenshot\mac\Readme.md
	EndProjectSection
EndProject
Project("{2150E333-8FDC-42A3-9474-1A3956D46DE8}") = "WinUI3", "WinUI3", "{BD9A9B85-DDA0-4433-8F43-162C8205198D}"
	ProjectSection(SolutionItems) = preProject
		Screenshot\WinUI3\Readme.md = Screenshot\WinUI3\Readme.md
	EndProjectSection
EndProject
Project("{2150E333-8FDC-42A3-9474-1A3956D46DE8}") = "WinForms", "WinForms", "{2E0F33DC-1010-4BD0-8844-D5816E74E708}"
	ProjectSection(SolutionItems) = preProject
		Screenshot\WinForms\Readme.md = Screenshot\WinForms\Readme.md
	EndProjectSection
EndProject
Project("{2150E333-8FDC-42A3-9474-1A3956D46DE8}") = "Wpf", "Wpf", "{87970436-FA98-4034-81DD-ED1C53D4672F}"
	ProjectSection(SolutionItems) = preProject
		Screenshot\Wpf\Readme.md = Screenshot\Wpf\Readme.md
	EndProjectSection
EndProject
Project("{FAE04EC0-301F-11D3-BF4B-00C04F79EFBC}") = "BootstrapBlazor.FileViewer", "..\BootstrapBlazor.FileViewer\src\BootstrapBlazor.FileViewer\BootstrapBlazor.FileViewer.csproj", "{1E4602F4-B6F4-41DA-B45A-14BA086E1B59}"
EndProject
Global
	GlobalSection(SolutionConfigurationPlatforms) = preSolution
		Debug|Any CPU = Debug|Any CPU
		Debug|ARM = Debug|ARM
		Debug|ARM64 = Debug|ARM64
		Debug|x64 = Debug|x64
		Debug|x86 = Debug|x86
		DebugNuget|Any CPU = DebugNuget|Any CPU
		DebugNuget|ARM = DebugNuget|ARM
		DebugNuget|ARM64 = DebugNuget|ARM64
		DebugNuget|x64 = DebugNuget|x64
		DebugNuget|x86 = DebugNuget|x86
		Release|Any CPU = Release|Any CPU
		Release|ARM = Release|ARM
		Release|ARM64 = Release|ARM64
		Release|x64 = Release|x64
		Release|x86 = Release|x86
	EndGlobalSection
	GlobalSection(ProjectConfigurationPlatforms) = postSolution
		{32A29A15-E282-4BD6-B209-D659DCD02A43}.Debug|Any CPU.ActiveCfg = Debug|Any CPU
		{32A29A15-E282-4BD6-B209-D659DCD02A43}.Debug|Any CPU.Build.0 = Debug|Any CPU
		{32A29A15-E282-4BD6-B209-D659DCD02A43}.Debug|ARM.ActiveCfg = Debug|Any CPU
		{32A29A15-E282-4BD6-B209-D659DCD02A43}.Debug|ARM.Build.0 = Debug|Any CPU
		{32A29A15-E282-4BD6-B209-D659DCD02A43}.Debug|ARM64.ActiveCfg = Debug|Any CPU
		{32A29A15-E282-4BD6-B209-D659DCD02A43}.Debug|ARM64.Build.0 = Debug|Any CPU
		{32A29A15-E282-4BD6-B209-D659DCD02A43}.Debug|x64.ActiveCfg = Debug|Any CPU
		{32A29A15-E282-4BD6-B209-D659DCD02A43}.Debug|x64.Build.0 = Debug|Any CPU
		{32A29A15-E282-4BD6-B209-D659DCD02A43}.Debug|x86.ActiveCfg = Debug|Any CPU
		{32A29A15-E282-4BD6-B209-D659DCD02A43}.Debug|x86.Build.0 = Debug|Any CPU
		{32A29A15-E282-4BD6-B209-D659DCD02A43}.DebugNuget|Any CPU.ActiveCfg = DebugNuget|Any CPU
		{32A29A15-E282-4BD6-B209-D659DCD02A43}.DebugNuget|Any CPU.Build.0 = DebugNuget|Any CPU
		{32A29A15-E282-4BD6-B209-D659DCD02A43}.DebugNuget|ARM.ActiveCfg = DebugNuget|Any CPU
		{32A29A15-E282-4BD6-B209-D659DCD02A43}.DebugNuget|ARM.Build.0 = DebugNuget|Any CPU
		{32A29A15-E282-4BD6-B209-D659DCD02A43}.DebugNuget|ARM64.ActiveCfg = DebugNuget|Any CPU
		{32A29A15-E282-4BD6-B209-D659DCD02A43}.DebugNuget|ARM64.Build.0 = DebugNuget|Any CPU
		{32A29A15-E282-4BD6-B209-D659DCD02A43}.DebugNuget|x64.ActiveCfg = DebugNuget|Any CPU
		{32A29A15-E282-4BD6-B209-D659DCD02A43}.DebugNuget|x64.Build.0 = DebugNuget|Any CPU
		{32A29A15-E282-4BD6-B209-D659DCD02A43}.DebugNuget|x86.ActiveCfg = DebugNuget|Any CPU
		{32A29A15-E282-4BD6-B209-D659DCD02A43}.DebugNuget|x86.Build.0 = DebugNuget|Any CPU
		{32A29A15-E282-4BD6-B209-D659DCD02A43}.Release|Any CPU.ActiveCfg = Release|Any CPU
		{32A29A15-E282-4BD6-B209-D659DCD02A43}.Release|Any CPU.Build.0 = Release|Any CPU
		{32A29A15-E282-4BD6-B209-D659DCD02A43}.Release|ARM.ActiveCfg = Release|Any CPU
		{32A29A15-E282-4BD6-B209-D659DCD02A43}.Release|ARM.Build.0 = Release|Any CPU
		{32A29A15-E282-4BD6-B209-D659DCD02A43}.Release|ARM64.ActiveCfg = Release|Any CPU
		{32A29A15-E282-4BD6-B209-D659DCD02A43}.Release|ARM64.Build.0 = Release|Any CPU
		{32A29A15-E282-4BD6-B209-D659DCD02A43}.Release|x64.ActiveCfg = Release|Any CPU
		{32A29A15-E282-4BD6-B209-D659DCD02A43}.Release|x64.Build.0 = Release|Any CPU
		{32A29A15-E282-4BD6-B209-D659DCD02A43}.Release|x86.ActiveCfg = Release|Any CPU
		{32A29A15-E282-4BD6-B209-D659DCD02A43}.Release|x86.Build.0 = Release|Any CPU
		{5A16B1B0-0721-4BD2-AF8C-1AA1F78B2A57}.Debug|Any CPU.ActiveCfg = Debug|Any CPU
		{5A16B1B0-0721-4BD2-AF8C-1AA1F78B2A57}.Debug|Any CPU.Build.0 = Debug|Any CPU
		{5A16B1B0-0721-4BD2-AF8C-1AA1F78B2A57}.Debug|ARM.ActiveCfg = Debug|Any CPU
		{5A16B1B0-0721-4BD2-AF8C-1AA1F78B2A57}.Debug|ARM.Build.0 = Debug|Any CPU
		{5A16B1B0-0721-4BD2-AF8C-1AA1F78B2A57}.Debug|ARM64.ActiveCfg = Debug|Any CPU
		{5A16B1B0-0721-4BD2-AF8C-1AA1F78B2A57}.Debug|ARM64.Build.0 = Debug|Any CPU
		{5A16B1B0-0721-4BD2-AF8C-1AA1F78B2A57}.Debug|x64.ActiveCfg = Debug|Any CPU
		{5A16B1B0-0721-4BD2-AF8C-1AA1F78B2A57}.Debug|x64.Build.0 = Debug|Any CPU
		{5A16B1B0-0721-4BD2-AF8C-1AA1F78B2A57}.Debug|x86.ActiveCfg = Debug|Any CPU
		{5A16B1B0-0721-4BD2-AF8C-1AA1F78B2A57}.Debug|x86.Build.0 = Debug|Any CPU
		{5A16B1B0-0721-4BD2-AF8C-1AA1F78B2A57}.DebugNuget|Any CPU.ActiveCfg = DebugNuget|Any CPU
		{5A16B1B0-0721-4BD2-AF8C-1AA1F78B2A57}.DebugNuget|Any CPU.Build.0 = DebugNuget|Any CPU
		{5A16B1B0-0721-4BD2-AF8C-1AA1F78B2A57}.DebugNuget|ARM.ActiveCfg = DebugNuget|Any CPU
		{5A16B1B0-0721-4BD2-AF8C-1AA1F78B2A57}.DebugNuget|ARM.Build.0 = DebugNuget|Any CPU
		{5A16B1B0-0721-4BD2-AF8C-1AA1F78B2A57}.DebugNuget|ARM64.ActiveCfg = DebugNuget|Any CPU
		{5A16B1B0-0721-4BD2-AF8C-1AA1F78B2A57}.DebugNuget|ARM64.Build.0 = DebugNuget|Any CPU
		{5A16B1B0-0721-4BD2-AF8C-1AA1F78B2A57}.DebugNuget|x64.ActiveCfg = DebugNuget|Any CPU
		{5A16B1B0-0721-4BD2-AF8C-1AA1F78B2A57}.DebugNuget|x64.Build.0 = DebugNuget|Any CPU
		{5A16B1B0-0721-4BD2-AF8C-1AA1F78B2A57}.DebugNuget|x86.ActiveCfg = DebugNuget|Any CPU
		{5A16B1B0-0721-4BD2-AF8C-1AA1F78B2A57}.DebugNuget|x86.Build.0 = DebugNuget|Any CPU
		{5A16B1B0-0721-4BD2-AF8C-1AA1F78B2A57}.Release|Any CPU.ActiveCfg = Release|Any CPU
		{5A16B1B0-0721-4BD2-AF8C-1AA1F78B2A57}.Release|Any CPU.Build.0 = Release|Any CPU
		{5A16B1B0-0721-4BD2-AF8C-1AA1F78B2A57}.Release|ARM.ActiveCfg = Release|Any CPU
		{5A16B1B0-0721-4BD2-AF8C-1AA1F78B2A57}.Release|ARM.Build.0 = Release|Any CPU
		{5A16B1B0-0721-4BD2-AF8C-1AA1F78B2A57}.Release|ARM64.ActiveCfg = Release|Any CPU
		{5A16B1B0-0721-4BD2-AF8C-1AA1F78B2A57}.Release|ARM64.Build.0 = Release|Any CPU
		{5A16B1B0-0721-4BD2-AF8C-1AA1F78B2A57}.Release|x64.ActiveCfg = Release|Any CPU
		{5A16B1B0-0721-4BD2-AF8C-1AA1F78B2A57}.Release|x64.Build.0 = Release|Any CPU
		{5A16B1B0-0721-4BD2-AF8C-1AA1F78B2A57}.Release|x86.ActiveCfg = Release|Any CPU
		{5A16B1B0-0721-4BD2-AF8C-1AA1F78B2A57}.Release|x86.Build.0 = Release|Any CPU
		{807C9B00-DA74-4DFC-9E4D-4229F066D04C}.Debug|Any CPU.ActiveCfg = Debug|Any CPU
		{807C9B00-DA74-4DFC-9E4D-4229F066D04C}.Debug|Any CPU.Build.0 = Debug|Any CPU
		{807C9B00-DA74-4DFC-9E4D-4229F066D04C}.Debug|Any CPU.Deploy.0 = Debug|Any CPU
		{807C9B00-DA74-4DFC-9E4D-4229F066D04C}.Debug|ARM.ActiveCfg = Debug|Any CPU
		{807C9B00-DA74-4DFC-9E4D-4229F066D04C}.Debug|ARM.Build.0 = Debug|Any CPU
		{807C9B00-DA74-4DFC-9E4D-4229F066D04C}.Debug|ARM.Deploy.0 = Debug|Any CPU
		{807C9B00-DA74-4DFC-9E4D-4229F066D04C}.Debug|ARM64.ActiveCfg = Debug|Any CPU
		{807C9B00-DA74-4DFC-9E4D-4229F066D04C}.Debug|ARM64.Build.0 = Debug|Any CPU
		{807C9B00-DA74-4DFC-9E4D-4229F066D04C}.Debug|ARM64.Deploy.0 = Debug|Any CPU
		{807C9B00-DA74-4DFC-9E4D-4229F066D04C}.Debug|x64.ActiveCfg = Debug|Any CPU
		{807C9B00-DA74-4DFC-9E4D-4229F066D04C}.Debug|x64.Build.0 = Debug|Any CPU
		{807C9B00-DA74-4DFC-9E4D-4229F066D04C}.Debug|x64.Deploy.0 = Debug|Any CPU
		{807C9B00-DA74-4DFC-9E4D-4229F066D04C}.Debug|x86.ActiveCfg = Debug|Any CPU
		{807C9B00-DA74-4DFC-9E4D-4229F066D04C}.Debug|x86.Build.0 = Debug|Any CPU
		{807C9B00-DA74-4DFC-9E4D-4229F066D04C}.Debug|x86.Deploy.0 = Debug|Any CPU
		{807C9B00-DA74-4DFC-9E4D-4229F066D04C}.DebugNuget|Any CPU.ActiveCfg = DebugNuget|Any CPU
		{807C9B00-DA74-4DFC-9E4D-4229F066D04C}.DebugNuget|Any CPU.Build.0 = DebugNuget|Any CPU
		{807C9B00-DA74-4DFC-9E4D-4229F066D04C}.DebugNuget|Any CPU.Deploy.0 = DebugNuget|Any CPU
		{807C9B00-DA74-4DFC-9E4D-4229F066D04C}.DebugNuget|ARM.ActiveCfg = DebugNuget|Any CPU
		{807C9B00-DA74-4DFC-9E4D-4229F066D04C}.DebugNuget|ARM.Build.0 = DebugNuget|Any CPU
		{807C9B00-DA74-4DFC-9E4D-4229F066D04C}.DebugNuget|ARM.Deploy.0 = DebugNuget|Any CPU
		{807C9B00-DA74-4DFC-9E4D-4229F066D04C}.DebugNuget|ARM64.ActiveCfg = DebugNuget|Any CPU
		{807C9B00-DA74-4DFC-9E4D-4229F066D04C}.DebugNuget|ARM64.Build.0 = DebugNuget|Any CPU
		{807C9B00-DA74-4DFC-9E4D-4229F066D04C}.DebugNuget|ARM64.Deploy.0 = DebugNuget|Any CPU
		{807C9B00-DA74-4DFC-9E4D-4229F066D04C}.DebugNuget|x64.ActiveCfg = DebugNuget|Any CPU
		{807C9B00-DA74-4DFC-9E4D-4229F066D04C}.DebugNuget|x64.Build.0 = DebugNuget|Any CPU
		{807C9B00-DA74-4DFC-9E4D-4229F066D04C}.DebugNuget|x64.Deploy.0 = DebugNuget|Any CPU
		{807C9B00-DA74-4DFC-9E4D-4229F066D04C}.DebugNuget|x86.ActiveCfg = DebugNuget|Any CPU
		{807C9B00-DA74-4DFC-9E4D-4229F066D04C}.DebugNuget|x86.Build.0 = DebugNuget|Any CPU
		{807C9B00-DA74-4DFC-9E4D-4229F066D04C}.DebugNuget|x86.Deploy.0 = DebugNuget|Any CPU
		{807C9B00-DA74-4DFC-9E4D-4229F066D04C}.Release|Any CPU.ActiveCfg = Release|Any CPU
		{807C9B00-DA74-4DFC-9E4D-4229F066D04C}.Release|Any CPU.Build.0 = Release|Any CPU
		{807C9B00-DA74-4DFC-9E4D-4229F066D04C}.Release|Any CPU.Deploy.0 = Release|Any CPU
		{807C9B00-DA74-4DFC-9E4D-4229F066D04C}.Release|ARM.ActiveCfg = Release|Any CPU
		{807C9B00-DA74-4DFC-9E4D-4229F066D04C}.Release|ARM.Build.0 = Release|Any CPU
		{807C9B00-DA74-4DFC-9E4D-4229F066D04C}.Release|ARM.Deploy.0 = Release|Any CPU
		{807C9B00-DA74-4DFC-9E4D-4229F066D04C}.Release|ARM64.ActiveCfg = Release|Any CPU
		{807C9B00-DA74-4DFC-9E4D-4229F066D04C}.Release|ARM64.Build.0 = Release|Any CPU
		{807C9B00-DA74-4DFC-9E4D-4229F066D04C}.Release|ARM64.Deploy.0 = Release|Any CPU
		{807C9B00-DA74-4DFC-9E4D-4229F066D04C}.Release|x64.ActiveCfg = Release|Any CPU
		{807C9B00-DA74-4DFC-9E4D-4229F066D04C}.Release|x64.Build.0 = Release|Any CPU
		{807C9B00-DA74-4DFC-9E4D-4229F066D04C}.Release|x64.Deploy.0 = Release|Any CPU
		{807C9B00-DA74-4DFC-9E4D-4229F066D04C}.Release|x86.ActiveCfg = Release|Any CPU
		{807C9B00-DA74-4DFC-9E4D-4229F066D04C}.Release|x86.Build.0 = Release|Any CPU
		{807C9B00-DA74-4DFC-9E4D-4229F066D04C}.Release|x86.Deploy.0 = Release|Any CPU
		{C4B8F1CA-C280-4776-AAA5-27282ADE50C6}.Debug|Any CPU.ActiveCfg = Debug|Any CPU
		{C4B8F1CA-C280-4776-AAA5-27282ADE50C6}.Debug|Any CPU.Build.0 = Debug|Any CPU
		{C4B8F1CA-C280-4776-AAA5-27282ADE50C6}.Debug|ARM.ActiveCfg = Debug|Any CPU
		{C4B8F1CA-C280-4776-AAA5-27282ADE50C6}.Debug|ARM.Build.0 = Debug|Any CPU
		{C4B8F1CA-C280-4776-AAA5-27282ADE50C6}.Debug|ARM64.ActiveCfg = Debug|Any CPU
		{C4B8F1CA-C280-4776-AAA5-27282ADE50C6}.Debug|ARM64.Build.0 = Debug|Any CPU
		{C4B8F1CA-C280-4776-AAA5-27282ADE50C6}.Debug|x64.ActiveCfg = Debug|Any CPU
		{C4B8F1CA-C280-4776-AAA5-27282ADE50C6}.Debug|x64.Build.0 = Debug|Any CPU
		{C4B8F1CA-C280-4776-AAA5-27282ADE50C6}.Debug|x86.ActiveCfg = Debug|Any CPU
		{C4B8F1CA-C280-4776-AAA5-27282ADE50C6}.Debug|x86.Build.0 = Debug|Any CPU
		{C4B8F1CA-C280-4776-AAA5-27282ADE50C6}.DebugNuget|Any CPU.ActiveCfg = DebugNuget|Any CPU
		{C4B8F1CA-C280-4776-AAA5-27282ADE50C6}.DebugNuget|Any CPU.Build.0 = DebugNuget|Any CPU
		{C4B8F1CA-C280-4776-AAA5-27282ADE50C6}.DebugNuget|ARM.ActiveCfg = DebugNuget|Any CPU
		{C4B8F1CA-C280-4776-AAA5-27282ADE50C6}.DebugNuget|ARM.Build.0 = DebugNuget|Any CPU
		{C4B8F1CA-C280-4776-AAA5-27282ADE50C6}.DebugNuget|ARM64.ActiveCfg = DebugNuget|Any CPU
		{C4B8F1CA-C280-4776-AAA5-27282ADE50C6}.DebugNuget|ARM64.Build.0 = DebugNuget|Any CPU
		{C4B8F1CA-C280-4776-AAA5-27282ADE50C6}.DebugNuget|x64.ActiveCfg = DebugNuget|Any CPU
		{C4B8F1CA-C280-4776-AAA5-27282ADE50C6}.DebugNuget|x64.Build.0 = DebugNuget|Any CPU
		{C4B8F1CA-C280-4776-AAA5-27282ADE50C6}.DebugNuget|x86.ActiveCfg = DebugNuget|Any CPU
		{C4B8F1CA-C280-4776-AAA5-27282ADE50C6}.DebugNuget|x86.Build.0 = DebugNuget|Any CPU
		{C4B8F1CA-C280-4776-AAA5-27282ADE50C6}.Release|Any CPU.ActiveCfg = Release|Any CPU
		{C4B8F1CA-C280-4776-AAA5-27282ADE50C6}.Release|Any CPU.Build.0 = Release|Any CPU
		{C4B8F1CA-C280-4776-AAA5-27282ADE50C6}.Release|ARM.ActiveCfg = Release|Any CPU
		{C4B8F1CA-C280-4776-AAA5-27282ADE50C6}.Release|ARM.Build.0 = Release|Any CPU
		{C4B8F1CA-C280-4776-AAA5-27282ADE50C6}.Release|ARM64.ActiveCfg = Release|Any CPU
		{C4B8F1CA-C280-4776-AAA5-27282ADE50C6}.Release|ARM64.Build.0 = Release|Any CPU
		{C4B8F1CA-C280-4776-AAA5-27282ADE50C6}.Release|x64.ActiveCfg = Release|Any CPU
		{C4B8F1CA-C280-4776-AAA5-27282ADE50C6}.Release|x64.Build.0 = Release|Any CPU
		{C4B8F1CA-C280-4776-AAA5-27282ADE50C6}.Release|x86.ActiveCfg = Release|Any CPU
		{C4B8F1CA-C280-4776-AAA5-27282ADE50C6}.Release|x86.Build.0 = Release|Any CPU
		{1F97EAE8-9334-4196-BEDC-BAF0EC1DD306}.Debug|Any CPU.ActiveCfg = Debug|Any CPU
		{1F97EAE8-9334-4196-BEDC-BAF0EC1DD306}.Debug|Any CPU.Build.0 = Debug|Any CPU
		{1F97EAE8-9334-4196-BEDC-BAF0EC1DD306}.Debug|ARM.ActiveCfg = Debug|Any CPU
		{1F97EAE8-9334-4196-BEDC-BAF0EC1DD306}.Debug|ARM.Build.0 = Debug|Any CPU
		{1F97EAE8-9334-4196-BEDC-BAF0EC1DD306}.Debug|ARM64.ActiveCfg = Debug|Any CPU
		{1F97EAE8-9334-4196-BEDC-BAF0EC1DD306}.Debug|ARM64.Build.0 = Debug|Any CPU
		{1F97EAE8-9334-4196-BEDC-BAF0EC1DD306}.Debug|x64.ActiveCfg = Debug|Any CPU
		{1F97EAE8-9334-4196-BEDC-BAF0EC1DD306}.Debug|x64.Build.0 = Debug|Any CPU
		{1F97EAE8-9334-4196-BEDC-BAF0EC1DD306}.Debug|x86.ActiveCfg = Debug|Any CPU
		{1F97EAE8-9334-4196-BEDC-BAF0EC1DD306}.Debug|x86.Build.0 = Debug|Any CPU
		{1F97EAE8-9334-4196-BEDC-BAF0EC1DD306}.DebugNuget|Any CPU.ActiveCfg = DebugNuget|Any CPU
		{1F97EAE8-9334-4196-BEDC-BAF0EC1DD306}.DebugNuget|Any CPU.Build.0 = DebugNuget|Any CPU
		{1F97EAE8-9334-4196-BEDC-BAF0EC1DD306}.DebugNuget|ARM.ActiveCfg = DebugNuget|Any CPU
		{1F97EAE8-9334-4196-BEDC-BAF0EC1DD306}.DebugNuget|ARM.Build.0 = DebugNuget|Any CPU
		{1F97EAE8-9334-4196-BEDC-BAF0EC1DD306}.DebugNuget|ARM64.ActiveCfg = DebugNuget|Any CPU
		{1F97EAE8-9334-4196-BEDC-BAF0EC1DD306}.DebugNuget|ARM64.Build.0 = DebugNuget|Any CPU
		{1F97EAE8-9334-4196-BEDC-BAF0EC1DD306}.DebugNuget|x64.ActiveCfg = DebugNuget|Any CPU
		{1F97EAE8-9334-4196-BEDC-BAF0EC1DD306}.DebugNuget|x64.Build.0 = DebugNuget|Any CPU
		{1F97EAE8-9334-4196-BEDC-BAF0EC1DD306}.DebugNuget|x86.ActiveCfg = DebugNuget|Any CPU
		{1F97EAE8-9334-4196-BEDC-BAF0EC1DD306}.DebugNuget|x86.Build.0 = DebugNuget|Any CPU
		{1F97EAE8-9334-4196-BEDC-BAF0EC1DD306}.Release|Any CPU.ActiveCfg = Release|Any CPU
		{1F97EAE8-9334-4196-BEDC-BAF0EC1DD306}.Release|Any CPU.Build.0 = Release|Any CPU
		{1F97EAE8-9334-4196-BEDC-BAF0EC1DD306}.Release|ARM.ActiveCfg = Release|Any CPU
		{1F97EAE8-9334-4196-BEDC-BAF0EC1DD306}.Release|ARM.Build.0 = Release|Any CPU
		{1F97EAE8-9334-4196-BEDC-BAF0EC1DD306}.Release|ARM64.ActiveCfg = Release|Any CPU
		{1F97EAE8-9334-4196-BEDC-BAF0EC1DD306}.Release|ARM64.Build.0 = Release|Any CPU
		{1F97EAE8-9334-4196-BEDC-BAF0EC1DD306}.Release|x64.ActiveCfg = Release|Any CPU
		{1F97EAE8-9334-4196-BEDC-BAF0EC1DD306}.Release|x64.Build.0 = Release|Any CPU
		{1F97EAE8-9334-4196-BEDC-BAF0EC1DD306}.Release|x86.ActiveCfg = Release|Any CPU
		{1F97EAE8-9334-4196-BEDC-BAF0EC1DD306}.Release|x86.Build.0 = Release|Any CPU
		{A3524F40-C55A-408C-97DA-11617E91CFC2}.Debug|Any CPU.ActiveCfg = Debug|Any CPU
		{A3524F40-C55A-408C-97DA-11617E91CFC2}.Debug|Any CPU.Build.0 = Debug|Any CPU
		{A3524F40-C55A-408C-97DA-11617E91CFC2}.Debug|ARM.ActiveCfg = Debug|Any CPU
		{A3524F40-C55A-408C-97DA-11617E91CFC2}.Debug|ARM.Build.0 = Debug|Any CPU
		{A3524F40-C55A-408C-97DA-11617E91CFC2}.Debug|ARM64.ActiveCfg = Debug|Any CPU
		{A3524F40-C55A-408C-97DA-11617E91CFC2}.Debug|ARM64.Build.0 = Debug|Any CPU
		{A3524F40-C55A-408C-97DA-11617E91CFC2}.Debug|x64.ActiveCfg = Debug|Any CPU
		{A3524F40-C55A-408C-97DA-11617E91CFC2}.Debug|x64.Build.0 = Debug|Any CPU
		{A3524F40-C55A-408C-97DA-11617E91CFC2}.Debug|x86.ActiveCfg = Debug|Any CPU
		{A3524F40-C55A-408C-97DA-11617E91CFC2}.Debug|x86.Build.0 = Debug|Any CPU
		{A3524F40-C55A-408C-97DA-11617E91CFC2}.DebugNuget|Any CPU.ActiveCfg = DebugNuget|Any CPU
		{A3524F40-C55A-408C-97DA-11617E91CFC2}.DebugNuget|Any CPU.Build.0 = DebugNuget|Any CPU
		{A3524F40-C55A-408C-97DA-11617E91CFC2}.DebugNuget|ARM.ActiveCfg = DebugNuget|Any CPU
		{A3524F40-C55A-408C-97DA-11617E91CFC2}.DebugNuget|ARM.Build.0 = DebugNuget|Any CPU
		{A3524F40-C55A-408C-97DA-11617E91CFC2}.DebugNuget|ARM64.ActiveCfg = DebugNuget|Any CPU
		{A3524F40-C55A-408C-97DA-11617E91CFC2}.DebugNuget|ARM64.Build.0 = DebugNuget|Any CPU
		{A3524F40-C55A-408C-97DA-11617E91CFC2}.DebugNuget|x64.ActiveCfg = DebugNuget|Any CPU
		{A3524F40-C55A-408C-97DA-11617E91CFC2}.DebugNuget|x64.Build.0 = DebugNuget|Any CPU
		{A3524F40-C55A-408C-97DA-11617E91CFC2}.DebugNuget|x86.ActiveCfg = DebugNuget|Any CPU
		{A3524F40-C55A-408C-97DA-11617E91CFC2}.DebugNuget|x86.Build.0 = DebugNuget|Any CPU
		{A3524F40-C55A-408C-97DA-11617E91CFC2}.Release|Any CPU.ActiveCfg = Release|Any CPU
		{A3524F40-C55A-408C-97DA-11617E91CFC2}.Release|Any CPU.Build.0 = Release|Any CPU
		{A3524F40-C55A-408C-97DA-11617E91CFC2}.Release|ARM.ActiveCfg = Release|Any CPU
		{A3524F40-C55A-408C-97DA-11617E91CFC2}.Release|ARM.Build.0 = Release|Any CPU
		{A3524F40-C55A-408C-97DA-11617E91CFC2}.Release|ARM64.ActiveCfg = Release|Any CPU
		{A3524F40-C55A-408C-97DA-11617E91CFC2}.Release|ARM64.Build.0 = Release|Any CPU
		{A3524F40-C55A-408C-97DA-11617E91CFC2}.Release|x64.ActiveCfg = Release|Any CPU
		{A3524F40-C55A-408C-97DA-11617E91CFC2}.Release|x64.Build.0 = Release|Any CPU
		{A3524F40-C55A-408C-97DA-11617E91CFC2}.Release|x86.ActiveCfg = Release|Any CPU
		{A3524F40-C55A-408C-97DA-11617E91CFC2}.Release|x86.Build.0 = Release|Any CPU
		{034E4D84-3DFC-4782-8D63-5C37E7A9EBF3}.Debug|Any CPU.ActiveCfg = Debug|Any CPU
		{034E4D84-3DFC-4782-8D63-5C37E7A9EBF3}.Debug|Any CPU.Build.0 = Debug|Any CPU
		{034E4D84-3DFC-4782-8D63-5C37E7A9EBF3}.Debug|ARM.ActiveCfg = Debug|Any CPU
		{034E4D84-3DFC-4782-8D63-5C37E7A9EBF3}.Debug|ARM.Build.0 = Debug|Any CPU
		{034E4D84-3DFC-4782-8D63-5C37E7A9EBF3}.Debug|ARM64.ActiveCfg = Debug|Any CPU
		{034E4D84-3DFC-4782-8D63-5C37E7A9EBF3}.Debug|ARM64.Build.0 = Debug|Any CPU
		{034E4D84-3DFC-4782-8D63-5C37E7A9EBF3}.Debug|x64.ActiveCfg = Debug|Any CPU
		{034E4D84-3DFC-4782-8D63-5C37E7A9EBF3}.Debug|x64.Build.0 = Debug|Any CPU
		{034E4D84-3DFC-4782-8D63-5C37E7A9EBF3}.Debug|x86.ActiveCfg = Debug|Any CPU
		{034E4D84-3DFC-4782-8D63-5C37E7A9EBF3}.Debug|x86.Build.0 = Debug|Any CPU
		{034E4D84-3DFC-4782-8D63-5C37E7A9EBF3}.DebugNuget|Any CPU.ActiveCfg = DebugNuget|Any CPU
		{034E4D84-3DFC-4782-8D63-5C37E7A9EBF3}.DebugNuget|Any CPU.Build.0 = DebugNuget|Any CPU
		{034E4D84-3DFC-4782-8D63-5C37E7A9EBF3}.DebugNuget|ARM.ActiveCfg = DebugNuget|Any CPU
		{034E4D84-3DFC-4782-8D63-5C37E7A9EBF3}.DebugNuget|ARM.Build.0 = DebugNuget|Any CPU
		{034E4D84-3DFC-4782-8D63-5C37E7A9EBF3}.DebugNuget|ARM64.ActiveCfg = DebugNuget|Any CPU
		{034E4D84-3DFC-4782-8D63-5C37E7A9EBF3}.DebugNuget|ARM64.Build.0 = DebugNuget|Any CPU
		{034E4D84-3DFC-4782-8D63-5C37E7A9EBF3}.DebugNuget|x64.ActiveCfg = DebugNuget|Any CPU
		{034E4D84-3DFC-4782-8D63-5C37E7A9EBF3}.DebugNuget|x64.Build.0 = DebugNuget|Any CPU
		{034E4D84-3DFC-4782-8D63-5C37E7A9EBF3}.DebugNuget|x86.ActiveCfg = DebugNuget|Any CPU
		{034E4D84-3DFC-4782-8D63-5C37E7A9EBF3}.DebugNuget|x86.Build.0 = DebugNuget|Any CPU
		{034E4D84-3DFC-4782-8D63-5C37E7A9EBF3}.Release|Any CPU.ActiveCfg = Release|Any CPU
		{034E4D84-3DFC-4782-8D63-5C37E7A9EBF3}.Release|Any CPU.Build.0 = Release|Any CPU
		{034E4D84-3DFC-4782-8D63-5C37E7A9EBF3}.Release|ARM.ActiveCfg = Release|Any CPU
		{034E4D84-3DFC-4782-8D63-5C37E7A9EBF3}.Release|ARM.Build.0 = Release|Any CPU
		{034E4D84-3DFC-4782-8D63-5C37E7A9EBF3}.Release|ARM64.ActiveCfg = Release|Any CPU
		{034E4D84-3DFC-4782-8D63-5C37E7A9EBF3}.Release|ARM64.Build.0 = Release|Any CPU
		{034E4D84-3DFC-4782-8D63-5C37E7A9EBF3}.Release|x64.ActiveCfg = Release|Any CPU
		{034E4D84-3DFC-4782-8D63-5C37E7A9EBF3}.Release|x64.Build.0 = Release|Any CPU
		{034E4D84-3DFC-4782-8D63-5C37E7A9EBF3}.Release|x86.ActiveCfg = Release|Any CPU
		{034E4D84-3DFC-4782-8D63-5C37E7A9EBF3}.Release|x86.Build.0 = Release|Any CPU
		{FE890971-70ED-439F-9956-AB7B1A52DE30}.Debug|Any CPU.ActiveCfg = Debug|Any CPU
		{FE890971-70ED-439F-9956-AB7B1A52DE30}.Debug|Any CPU.Build.0 = Debug|Any CPU
		{FE890971-70ED-439F-9956-AB7B1A52DE30}.Debug|ARM.ActiveCfg = Debug|Any CPU
		{FE890971-70ED-439F-9956-AB7B1A52DE30}.Debug|ARM.Build.0 = Debug|Any CPU
		{FE890971-70ED-439F-9956-AB7B1A52DE30}.Debug|ARM64.ActiveCfg = Debug|Any CPU
		{FE890971-70ED-439F-9956-AB7B1A52DE30}.Debug|ARM64.Build.0 = Debug|Any CPU
		{FE890971-70ED-439F-9956-AB7B1A52DE30}.Debug|x64.ActiveCfg = Debug|Any CPU
		{FE890971-70ED-439F-9956-AB7B1A52DE30}.Debug|x64.Build.0 = Debug|Any CPU
		{FE890971-70ED-439F-9956-AB7B1A52DE30}.Debug|x86.ActiveCfg = Debug|Any CPU
		{FE890971-70ED-439F-9956-AB7B1A52DE30}.Debug|x86.Build.0 = Debug|Any CPU
		{FE890971-70ED-439F-9956-AB7B1A52DE30}.DebugNuget|Any CPU.ActiveCfg = DebugNuget|Any CPU
		{FE890971-70ED-439F-9956-AB7B1A52DE30}.DebugNuget|Any CPU.Build.0 = DebugNuget|Any CPU
		{FE890971-70ED-439F-9956-AB7B1A52DE30}.DebugNuget|ARM.ActiveCfg = DebugNuget|Any CPU
		{FE890971-70ED-439F-9956-AB7B1A52DE30}.DebugNuget|ARM.Build.0 = DebugNuget|Any CPU
		{FE890971-70ED-439F-9956-AB7B1A52DE30}.DebugNuget|ARM64.ActiveCfg = DebugNuget|Any CPU
		{FE890971-70ED-439F-9956-AB7B1A52DE30}.DebugNuget|ARM64.Build.0 = DebugNuget|Any CPU
		{FE890971-70ED-439F-9956-AB7B1A52DE30}.DebugNuget|x64.ActiveCfg = DebugNuget|Any CPU
		{FE890971-70ED-439F-9956-AB7B1A52DE30}.DebugNuget|x64.Build.0 = DebugNuget|Any CPU
		{FE890971-70ED-439F-9956-AB7B1A52DE30}.DebugNuget|x86.ActiveCfg = DebugNuget|Any CPU
		{FE890971-70ED-439F-9956-AB7B1A52DE30}.DebugNuget|x86.Build.0 = DebugNuget|Any CPU
		{FE890971-70ED-439F-9956-AB7B1A52DE30}.Release|Any CPU.ActiveCfg = Release|Any CPU
		{FE890971-70ED-439F-9956-AB7B1A52DE30}.Release|Any CPU.Build.0 = Release|Any CPU
		{FE890971-70ED-439F-9956-AB7B1A52DE30}.Release|ARM.ActiveCfg = Release|Any CPU
		{FE890971-70ED-439F-9956-AB7B1A52DE30}.Release|ARM.Build.0 = Release|Any CPU
		{FE890971-70ED-439F-9956-AB7B1A52DE30}.Release|ARM64.ActiveCfg = Release|Any CPU
		{FE890971-70ED-439F-9956-AB7B1A52DE30}.Release|ARM64.Build.0 = Release|Any CPU
		{FE890971-70ED-439F-9956-AB7B1A52DE30}.Release|x64.ActiveCfg = Release|Any CPU
		{FE890971-70ED-439F-9956-AB7B1A52DE30}.Release|x64.Build.0 = Release|Any CPU
		{FE890971-70ED-439F-9956-AB7B1A52DE30}.Release|x86.ActiveCfg = Release|Any CPU
		{FE890971-70ED-439F-9956-AB7B1A52DE30}.Release|x86.Build.0 = Release|Any CPU
		{04F77C55-E6E9-4A94-B3A7-59AC5E41A50A}.Debug|Any CPU.ActiveCfg = Debug|Any CPU
		{04F77C55-E6E9-4A94-B3A7-59AC5E41A50A}.Debug|Any CPU.Build.0 = Debug|Any CPU
		{04F77C55-E6E9-4A94-B3A7-59AC5E41A50A}.Debug|Any CPU.Deploy.0 = Debug|Any CPU
		{04F77C55-E6E9-4A94-B3A7-59AC5E41A50A}.Debug|ARM.ActiveCfg = Debug|Any CPU
		{04F77C55-E6E9-4A94-B3A7-59AC5E41A50A}.Debug|ARM.Build.0 = Debug|Any CPU
		{04F77C55-E6E9-4A94-B3A7-59AC5E41A50A}.Debug|ARM.Deploy.0 = Debug|Any CPU
		{04F77C55-E6E9-4A94-B3A7-59AC5E41A50A}.Debug|ARM64.ActiveCfg = Debug|Any CPU
		{04F77C55-E6E9-4A94-B3A7-59AC5E41A50A}.Debug|ARM64.Build.0 = Debug|Any CPU
		{04F77C55-E6E9-4A94-B3A7-59AC5E41A50A}.Debug|ARM64.Deploy.0 = Debug|Any CPU
		{04F77C55-E6E9-4A94-B3A7-59AC5E41A50A}.Debug|x64.ActiveCfg = Debug|Any CPU
		{04F77C55-E6E9-4A94-B3A7-59AC5E41A50A}.Debug|x64.Build.0 = Debug|Any CPU
		{04F77C55-E6E9-4A94-B3A7-59AC5E41A50A}.Debug|x64.Deploy.0 = Debug|Any CPU
		{04F77C55-E6E9-4A94-B3A7-59AC5E41A50A}.Debug|x86.ActiveCfg = Debug|Any CPU
		{04F77C55-E6E9-4A94-B3A7-59AC5E41A50A}.Debug|x86.Build.0 = Debug|Any CPU
		{04F77C55-E6E9-4A94-B3A7-59AC5E41A50A}.Debug|x86.Deploy.0 = Debug|Any CPU
		{04F77C55-E6E9-4A94-B3A7-59AC5E41A50A}.DebugNuget|Any CPU.ActiveCfg = DebugNuget|Any CPU
		{04F77C55-E6E9-4A94-B3A7-59AC5E41A50A}.DebugNuget|Any CPU.Build.0 = DebugNuget|Any CPU
		{04F77C55-E6E9-4A94-B3A7-59AC5E41A50A}.DebugNuget|Any CPU.Deploy.0 = DebugNuget|Any CPU
		{04F77C55-E6E9-4A94-B3A7-59AC5E41A50A}.DebugNuget|ARM.ActiveCfg = DebugNuget|Any CPU
		{04F77C55-E6E9-4A94-B3A7-59AC5E41A50A}.DebugNuget|ARM.Build.0 = DebugNuget|Any CPU
		{04F77C55-E6E9-4A94-B3A7-59AC5E41A50A}.DebugNuget|ARM.Deploy.0 = DebugNuget|Any CPU
		{04F77C55-E6E9-4A94-B3A7-59AC5E41A50A}.DebugNuget|ARM64.ActiveCfg = DebugNuget|Any CPU
		{04F77C55-E6E9-4A94-B3A7-59AC5E41A50A}.DebugNuget|ARM64.Build.0 = DebugNuget|Any CPU
		{04F77C55-E6E9-4A94-B3A7-59AC5E41A50A}.DebugNuget|ARM64.Deploy.0 = DebugNuget|Any CPU
		{04F77C55-E6E9-4A94-B3A7-59AC5E41A50A}.DebugNuget|x64.ActiveCfg = DebugNuget|Any CPU
		{04F77C55-E6E9-4A94-B3A7-59AC5E41A50A}.DebugNuget|x64.Build.0 = DebugNuget|Any CPU
		{04F77C55-E6E9-4A94-B3A7-59AC5E41A50A}.DebugNuget|x64.Deploy.0 = DebugNuget|Any CPU
		{04F77C55-E6E9-4A94-B3A7-59AC5E41A50A}.DebugNuget|x86.ActiveCfg = DebugNuget|Any CPU
		{04F77C55-E6E9-4A94-B3A7-59AC5E41A50A}.DebugNuget|x86.Build.0 = DebugNuget|Any CPU
		{04F77C55-E6E9-4A94-B3A7-59AC5E41A50A}.DebugNuget|x86.Deploy.0 = DebugNuget|Any CPU
		{04F77C55-E6E9-4A94-B3A7-59AC5E41A50A}.Release|Any CPU.ActiveCfg = Release|Any CPU
		{04F77C55-E6E9-4A94-B3A7-59AC5E41A50A}.Release|Any CPU.Build.0 = Release|Any CPU
		{04F77C55-E6E9-4A94-B3A7-59AC5E41A50A}.Release|Any CPU.Deploy.0 = Release|Any CPU
		{04F77C55-E6E9-4A94-B3A7-59AC5E41A50A}.Release|ARM.ActiveCfg = Release|Any CPU
		{04F77C55-E6E9-4A94-B3A7-59AC5E41A50A}.Release|ARM.Build.0 = Release|Any CPU
		{04F77C55-E6E9-4A94-B3A7-59AC5E41A50A}.Release|ARM.Deploy.0 = Release|Any CPU
		{04F77C55-E6E9-4A94-B3A7-59AC5E41A50A}.Release|ARM64.ActiveCfg = Release|Any CPU
		{04F77C55-E6E9-4A94-B3A7-59AC5E41A50A}.Release|ARM64.Build.0 = Release|Any CPU
		{04F77C55-E6E9-4A94-B3A7-59AC5E41A50A}.Release|ARM64.Deploy.0 = Release|Any CPU
		{04F77C55-E6E9-4A94-B3A7-59AC5E41A50A}.Release|x64.ActiveCfg = Release|Any CPU
		{04F77C55-E6E9-4A94-B3A7-59AC5E41A50A}.Release|x64.Build.0 = Release|Any CPU
		{04F77C55-E6E9-4A94-B3A7-59AC5E41A50A}.Release|x64.Deploy.0 = Release|Any CPU
		{04F77C55-E6E9-4A94-B3A7-59AC5E41A50A}.Release|x86.ActiveCfg = Release|Any CPU
		{04F77C55-E6E9-4A94-B3A7-59AC5E41A50A}.Release|x86.Build.0 = Release|Any CPU
		{04F77C55-E6E9-4A94-B3A7-59AC5E41A50A}.Release|x86.Deploy.0 = Release|Any CPU
		{CACA862E-568C-451C-AD42-AA1B97CF3AFC}.Debug|Any CPU.ActiveCfg = Debug|Any CPU
		{CACA862E-568C-451C-AD42-AA1B97CF3AFC}.Debug|Any CPU.Build.0 = Debug|Any CPU
		{CACA862E-568C-451C-AD42-AA1B97CF3AFC}.Debug|ARM.ActiveCfg = Debug|Any CPU
		{CACA862E-568C-451C-AD42-AA1B97CF3AFC}.Debug|ARM.Build.0 = Debug|Any CPU
		{CACA862E-568C-451C-AD42-AA1B97CF3AFC}.Debug|ARM64.ActiveCfg = Debug|Any CPU
		{CACA862E-568C-451C-AD42-AA1B97CF3AFC}.Debug|ARM64.Build.0 = Debug|Any CPU
		{CACA862E-568C-451C-AD42-AA1B97CF3AFC}.Debug|x64.ActiveCfg = Debug|Any CPU
		{CACA862E-568C-451C-AD42-AA1B97CF3AFC}.Debug|x64.Build.0 = Debug|Any CPU
		{CACA862E-568C-451C-AD42-AA1B97CF3AFC}.Debug|x86.ActiveCfg = Debug|Any CPU
		{CACA862E-568C-451C-AD42-AA1B97CF3AFC}.Debug|x86.Build.0 = Debug|Any CPU
		{CACA862E-568C-451C-AD42-AA1B97CF3AFC}.DebugNuget|Any CPU.ActiveCfg = DebugNuget|Any CPU
		{CACA862E-568C-451C-AD42-AA1B97CF3AFC}.DebugNuget|Any CPU.Build.0 = DebugNuget|Any CPU
		{CACA862E-568C-451C-AD42-AA1B97CF3AFC}.DebugNuget|ARM.ActiveCfg = DebugNuget|Any CPU
		{CACA862E-568C-451C-AD42-AA1B97CF3AFC}.DebugNuget|ARM.Build.0 = DebugNuget|Any CPU
		{CACA862E-568C-451C-AD42-AA1B97CF3AFC}.DebugNuget|ARM64.ActiveCfg = DebugNuget|Any CPU
		{CACA862E-568C-451C-AD42-AA1B97CF3AFC}.DebugNuget|ARM64.Build.0 = DebugNuget|Any CPU
		{CACA862E-568C-451C-AD42-AA1B97CF3AFC}.DebugNuget|x64.ActiveCfg = DebugNuget|Any CPU
		{CACA862E-568C-451C-AD42-AA1B97CF3AFC}.DebugNuget|x64.Build.0 = DebugNuget|Any CPU
		{CACA862E-568C-451C-AD42-AA1B97CF3AFC}.DebugNuget|x86.ActiveCfg = DebugNuget|Win32
		{CACA862E-568C-451C-AD42-AA1B97CF3AFC}.DebugNuget|x86.Build.0 = DebugNuget|Win32
		{CACA862E-568C-451C-AD42-AA1B97CF3AFC}.Release|Any CPU.ActiveCfg = Release|Any CPU
		{CACA862E-568C-451C-AD42-AA1B97CF3AFC}.Release|Any CPU.Build.0 = Release|Any CPU
		{CACA862E-568C-451C-AD42-AA1B97CF3AFC}.Release|ARM.ActiveCfg = Release|Any CPU
		{CACA862E-568C-451C-AD42-AA1B97CF3AFC}.Release|ARM.Build.0 = Release|Any CPU
		{CACA862E-568C-451C-AD42-AA1B97CF3AFC}.Release|ARM64.ActiveCfg = Release|Any CPU
		{CACA862E-568C-451C-AD42-AA1B97CF3AFC}.Release|ARM64.Build.0 = Release|Any CPU
		{CACA862E-568C-451C-AD42-AA1B97CF3AFC}.Release|x64.ActiveCfg = Release|Any CPU
		{CACA862E-568C-451C-AD42-AA1B97CF3AFC}.Release|x64.Build.0 = Release|Any CPU
		{CACA862E-568C-451C-AD42-AA1B97CF3AFC}.Release|x86.ActiveCfg = Release|Any CPU
		{CACA862E-568C-451C-AD42-AA1B97CF3AFC}.Release|x86.Build.0 = Release|Any CPU
		{E99A8C29-5683-40C4-B06F-FDEAAFE9C248}.Debug|Any CPU.ActiveCfg = Debug|Any CPU
		{E99A8C29-5683-40C4-B06F-FDEAAFE9C248}.Debug|Any CPU.Build.0 = Debug|Any CPU
		{E99A8C29-5683-40C4-B06F-FDEAAFE9C248}.Debug|ARM.ActiveCfg = Debug|Any CPU
		{E99A8C29-5683-40C4-B06F-FDEAAFE9C248}.Debug|ARM.Build.0 = Debug|Any CPU
		{E99A8C29-5683-40C4-B06F-FDEAAFE9C248}.Debug|ARM64.ActiveCfg = Debug|Any CPU
		{E99A8C29-5683-40C4-B06F-FDEAAFE9C248}.Debug|ARM64.Build.0 = Debug|Any CPU
		{E99A8C29-5683-40C4-B06F-FDEAAFE9C248}.Debug|x64.ActiveCfg = Debug|Any CPU
		{E99A8C29-5683-40C4-B06F-FDEAAFE9C248}.Debug|x64.Build.0 = Debug|Any CPU
		{E99A8C29-5683-40C4-B06F-FDEAAFE9C248}.Debug|x86.ActiveCfg = Debug|Any CPU
		{E99A8C29-5683-40C4-B06F-FDEAAFE9C248}.Debug|x86.Build.0 = Debug|Any CPU
		{E99A8C29-5683-40C4-B06F-FDEAAFE9C248}.DebugNuget|Any CPU.ActiveCfg = DebugNuget|Any CPU
		{E99A8C29-5683-40C4-B06F-FDEAAFE9C248}.DebugNuget|Any CPU.Build.0 = DebugNuget|Any CPU
		{E99A8C29-5683-40C4-B06F-FDEAAFE9C248}.DebugNuget|ARM.ActiveCfg = DebugNuget|Any CPU
		{E99A8C29-5683-40C4-B06F-FDEAAFE9C248}.DebugNuget|ARM.Build.0 = DebugNuget|Any CPU
		{E99A8C29-5683-40C4-B06F-FDEAAFE9C248}.DebugNuget|ARM64.ActiveCfg = DebugNuget|Any CPU
		{E99A8C29-5683-40C4-B06F-FDEAAFE9C248}.DebugNuget|ARM64.Build.0 = DebugNuget|Any CPU
		{E99A8C29-5683-40C4-B06F-FDEAAFE9C248}.DebugNuget|x64.ActiveCfg = DebugNuget|Any CPU
		{E99A8C29-5683-40C4-B06F-FDEAAFE9C248}.DebugNuget|x64.Build.0 = DebugNuget|Any CPU
		{E99A8C29-5683-40C4-B06F-FDEAAFE9C248}.DebugNuget|x86.ActiveCfg = DebugNuget|Any CPU
		{E99A8C29-5683-40C4-B06F-FDEAAFE9C248}.DebugNuget|x86.Build.0 = DebugNuget|Any CPU
		{E99A8C29-5683-40C4-B06F-FDEAAFE9C248}.Release|Any CPU.ActiveCfg = Release|Any CPU
		{E99A8C29-5683-40C4-B06F-FDEAAFE9C248}.Release|Any CPU.Build.0 = Release|Any CPU
		{E99A8C29-5683-40C4-B06F-FDEAAFE9C248}.Release|ARM.ActiveCfg = Release|Any CPU
		{E99A8C29-5683-40C4-B06F-FDEAAFE9C248}.Release|ARM.Build.0 = Release|Any CPU
		{E99A8C29-5683-40C4-B06F-FDEAAFE9C248}.Release|ARM64.ActiveCfg = Release|Any CPU
		{E99A8C29-5683-40C4-B06F-FDEAAFE9C248}.Release|ARM64.Build.0 = Release|Any CPU
		{E99A8C29-5683-40C4-B06F-FDEAAFE9C248}.Release|x64.ActiveCfg = Release|Any CPU
		{E99A8C29-5683-40C4-B06F-FDEAAFE9C248}.Release|x64.Build.0 = Release|Any CPU
		{E99A8C29-5683-40C4-B06F-FDEAAFE9C248}.Release|x86.ActiveCfg = Release|Any CPU
		{E99A8C29-5683-40C4-B06F-FDEAAFE9C248}.Release|x86.Build.0 = Release|Any CPU
		{98C48091-B927-4396-B377-F23DA2242099}.Debug|Any CPU.ActiveCfg = Debug|Any CPU
		{98C48091-B927-4396-B377-F23DA2242099}.Debug|Any CPU.Build.0 = Debug|Any CPU
		{98C48091-B927-4396-B377-F23DA2242099}.Debug|Any CPU.Deploy.0 = Debug|Any CPU
		{98C48091-B927-4396-B377-F23DA2242099}.Debug|ARM.ActiveCfg = Debug|Any CPU
		{98C48091-B927-4396-B377-F23DA2242099}.Debug|ARM.Build.0 = Debug|Any CPU
		{98C48091-B927-4396-B377-F23DA2242099}.Debug|ARM.Deploy.0 = Debug|Any CPU
		{98C48091-B927-4396-B377-F23DA2242099}.Debug|ARM64.ActiveCfg = Debug|Any CPU
		{98C48091-B927-4396-B377-F23DA2242099}.Debug|ARM64.Build.0 = Debug|Any CPU
		{98C48091-B927-4396-B377-F23DA2242099}.Debug|ARM64.Deploy.0 = Debug|Any CPU
		{98C48091-B927-4396-B377-F23DA2242099}.Debug|x64.ActiveCfg = Debug|Any CPU
		{98C48091-B927-4396-B377-F23DA2242099}.Debug|x64.Build.0 = Debug|Any CPU
		{98C48091-B927-4396-B377-F23DA2242099}.Debug|x64.Deploy.0 = Debug|Any CPU
		{98C48091-B927-4396-B377-F23DA2242099}.Debug|x86.ActiveCfg = Debug|Any CPU
		{98C48091-B927-4396-B377-F23DA2242099}.Debug|x86.Build.0 = Debug|Any CPU
		{98C48091-B927-4396-B377-F23DA2242099}.Debug|x86.Deploy.0 = Debug|Any CPU
		{98C48091-B927-4396-B377-F23DA2242099}.DebugNuget|Any CPU.ActiveCfg = Debug|Any CPU
		{98C48091-B927-4396-B377-F23DA2242099}.DebugNuget|Any CPU.Build.0 = Debug|Any CPU
		{98C48091-B927-4396-B377-F23DA2242099}.DebugNuget|Any CPU.Deploy.0 = Debug|Any CPU
		{98C48091-B927-4396-B377-F23DA2242099}.DebugNuget|ARM.ActiveCfg = Debug|Any CPU
		{98C48091-B927-4396-B377-F23DA2242099}.DebugNuget|ARM.Build.0 = Debug|Any CPU
		{98C48091-B927-4396-B377-F23DA2242099}.DebugNuget|ARM.Deploy.0 = Debug|Any CPU
		{98C48091-B927-4396-B377-F23DA2242099}.DebugNuget|ARM64.ActiveCfg = Debug|Any CPU
		{98C48091-B927-4396-B377-F23DA2242099}.DebugNuget|ARM64.Build.0 = Debug|Any CPU
		{98C48091-B927-4396-B377-F23DA2242099}.DebugNuget|ARM64.Deploy.0 = Debug|Any CPU
		{98C48091-B927-4396-B377-F23DA2242099}.DebugNuget|x64.ActiveCfg = Debug|Any CPU
		{98C48091-B927-4396-B377-F23DA2242099}.DebugNuget|x64.Build.0 = Debug|Any CPU
		{98C48091-B927-4396-B377-F23DA2242099}.DebugNuget|x64.Deploy.0 = Debug|Any CPU
		{98C48091-B927-4396-B377-F23DA2242099}.DebugNuget|x86.ActiveCfg = Debug|Any CPU
		{98C48091-B927-4396-B377-F23DA2242099}.DebugNuget|x86.Build.0 = Debug|Any CPU
		{98C48091-B927-4396-B377-F23DA2242099}.DebugNuget|x86.Deploy.0 = Debug|Any CPU
		{98C48091-B927-4396-B377-F23DA2242099}.Release|Any CPU.ActiveCfg = Release|Any CPU
		{98C48091-B927-4396-B377-F23DA2242099}.Release|Any CPU.Build.0 = Release|Any CPU
		{98C48091-B927-4396-B377-F23DA2242099}.Release|Any CPU.Deploy.0 = Release|Any CPU
		{98C48091-B927-4396-B377-F23DA2242099}.Release|ARM.ActiveCfg = Release|Any CPU
		{98C48091-B927-4396-B377-F23DA2242099}.Release|ARM.Build.0 = Release|Any CPU
		{98C48091-B927-4396-B377-F23DA2242099}.Release|ARM.Deploy.0 = Release|Any CPU
		{98C48091-B927-4396-B377-F23DA2242099}.Release|ARM64.ActiveCfg = Release|Any CPU
		{98C48091-B927-4396-B377-F23DA2242099}.Release|ARM64.Build.0 = Release|Any CPU
		{98C48091-B927-4396-B377-F23DA2242099}.Release|ARM64.Deploy.0 = Release|Any CPU
		{98C48091-B927-4396-B377-F23DA2242099}.Release|x64.ActiveCfg = Release|Any CPU
		{98C48091-B927-4396-B377-F23DA2242099}.Release|x64.Build.0 = Release|Any CPU
		{98C48091-B927-4396-B377-F23DA2242099}.Release|x64.Deploy.0 = Release|Any CPU
		{98C48091-B927-4396-B377-F23DA2242099}.Release|x86.ActiveCfg = Release|Any CPU
		{98C48091-B927-4396-B377-F23DA2242099}.Release|x86.Build.0 = Release|Any CPU
		{98C48091-B927-4396-B377-F23DA2242099}.Release|x86.Deploy.0 = Release|Any CPU
		{AC630339-6B90-48F5-9F30-3BD121FA7137}.Debug|Any CPU.ActiveCfg = Debug|Any CPU
		{AC630339-6B90-48F5-9F30-3BD121FA7137}.Debug|Any CPU.Build.0 = Debug|Any CPU
		{AC630339-6B90-48F5-9F30-3BD121FA7137}.Debug|ARM.ActiveCfg = Debug|Any CPU
		{AC630339-6B90-48F5-9F30-3BD121FA7137}.Debug|ARM.Build.0 = Debug|Any CPU
		{AC630339-6B90-48F5-9F30-3BD121FA7137}.Debug|ARM64.ActiveCfg = Debug|Any CPU
		{AC630339-6B90-48F5-9F30-3BD121FA7137}.Debug|ARM64.Build.0 = Debug|Any CPU
		{AC630339-6B90-48F5-9F30-3BD121FA7137}.Debug|x64.ActiveCfg = Debug|Any CPU
		{AC630339-6B90-48F5-9F30-3BD121FA7137}.Debug|x64.Build.0 = Debug|Any CPU
		{AC630339-6B90-48F5-9F30-3BD121FA7137}.Debug|x86.ActiveCfg = Debug|Any CPU
		{AC630339-6B90-48F5-9F30-3BD121FA7137}.Debug|x86.Build.0 = Debug|Any CPU
		{AC630339-6B90-48F5-9F30-3BD121FA7137}.DebugNuget|Any CPU.ActiveCfg = Debug|Any CPU
		{AC630339-6B90-48F5-9F30-3BD121FA7137}.DebugNuget|Any CPU.Build.0 = Debug|Any CPU
		{AC630339-6B90-48F5-9F30-3BD121FA7137}.DebugNuget|ARM.ActiveCfg = Debug|Any CPU
		{AC630339-6B90-48F5-9F30-3BD121FA7137}.DebugNuget|ARM.Build.0 = Debug|Any CPU
		{AC630339-6B90-48F5-9F30-3BD121FA7137}.DebugNuget|ARM64.ActiveCfg = Debug|Any CPU
		{AC630339-6B90-48F5-9F30-3BD121FA7137}.DebugNuget|ARM64.Build.0 = Debug|Any CPU
		{AC630339-6B90-48F5-9F30-3BD121FA7137}.DebugNuget|x64.ActiveCfg = Debug|Any CPU
		{AC630339-6B90-48F5-9F30-3BD121FA7137}.DebugNuget|x64.Build.0 = Debug|Any CPU
		{AC630339-6B90-48F5-9F30-3BD121FA7137}.DebugNuget|x86.ActiveCfg = Debug|Any CPU
		{AC630339-6B90-48F5-9F30-3BD121FA7137}.DebugNuget|x86.Build.0 = Debug|Any CPU
		{AC630339-6B90-48F5-9F30-3BD121FA7137}.Release|Any CPU.ActiveCfg = Release|Any CPU
		{AC630339-6B90-48F5-9F30-3BD121FA7137}.Release|Any CPU.Build.0 = Release|Any CPU
		{AC630339-6B90-48F5-9F30-3BD121FA7137}.Release|ARM.ActiveCfg = Release|Any CPU
		{AC630339-6B90-48F5-9F30-3BD121FA7137}.Release|ARM.Build.0 = Release|Any CPU
		{AC630339-6B90-48F5-9F30-3BD121FA7137}.Release|ARM64.ActiveCfg = Release|Any CPU
		{AC630339-6B90-48F5-9F30-3BD121FA7137}.Release|ARM64.Build.0 = Release|Any CPU
		{AC630339-6B90-48F5-9F30-3BD121FA7137}.Release|x64.ActiveCfg = Release|Any CPU
		{AC630339-6B90-48F5-9F30-3BD121FA7137}.Release|x64.Build.0 = Release|Any CPU
		{AC630339-6B90-48F5-9F30-3BD121FA7137}.Release|x86.ActiveCfg = Release|Any CPU
		{AC630339-6B90-48F5-9F30-3BD121FA7137}.Release|x86.Build.0 = Release|Any CPU
		{47286A0B-AE29-45BF-8C6F-699CCAB3B257}.Debug|Any CPU.ActiveCfg = Debug|Any CPU
		{47286A0B-AE29-45BF-8C6F-699CCAB3B257}.Debug|Any CPU.Build.0 = Debug|Any CPU
		{47286A0B-AE29-45BF-8C6F-699CCAB3B257}.Debug|Any CPU.Deploy.0 = Debug|Any CPU
		{47286A0B-AE29-45BF-8C6F-699CCAB3B257}.Debug|ARM.ActiveCfg = Debug|Any CPU
		{47286A0B-AE29-45BF-8C6F-699CCAB3B257}.Debug|ARM.Build.0 = Debug|Any CPU
		{47286A0B-AE29-45BF-8C6F-699CCAB3B257}.Debug|ARM.Deploy.0 = Debug|Any CPU
		{47286A0B-AE29-45BF-8C6F-699CCAB3B257}.Debug|ARM64.ActiveCfg = Debug|Any CPU
		{47286A0B-AE29-45BF-8C6F-699CCAB3B257}.Debug|ARM64.Build.0 = Debug|Any CPU
		{47286A0B-AE29-45BF-8C6F-699CCAB3B257}.Debug|ARM64.Deploy.0 = Debug|Any CPU
		{47286A0B-AE29-45BF-8C6F-699CCAB3B257}.Debug|x64.ActiveCfg = Debug|Any CPU
		{47286A0B-AE29-45BF-8C6F-699CCAB3B257}.Debug|x64.Build.0 = Debug|Any CPU
		{47286A0B-AE29-45BF-8C6F-699CCAB3B257}.Debug|x64.Deploy.0 = Debug|Any CPU
		{47286A0B-AE29-45BF-8C6F-699CCAB3B257}.Debug|x86.ActiveCfg = Debug|Any CPU
		{47286A0B-AE29-45BF-8C6F-699CCAB3B257}.Debug|x86.Build.0 = Debug|Any CPU
		{47286A0B-AE29-45BF-8C6F-699CCAB3B257}.Debug|x86.Deploy.0 = Debug|Any CPU
		{47286A0B-AE29-45BF-8C6F-699CCAB3B257}.DebugNuget|Any CPU.ActiveCfg = Debug|Any CPU
		{47286A0B-AE29-45BF-8C6F-699CCAB3B257}.DebugNuget|Any CPU.Build.0 = Debug|Any CPU
		{47286A0B-AE29-45BF-8C6F-699CCAB3B257}.DebugNuget|Any CPU.Deploy.0 = Debug|Any CPU
		{47286A0B-AE29-45BF-8C6F-699CCAB3B257}.DebugNuget|ARM.ActiveCfg = Debug|Any CPU
		{47286A0B-AE29-45BF-8C6F-699CCAB3B257}.DebugNuget|ARM.Build.0 = Debug|Any CPU
		{47286A0B-AE29-45BF-8C6F-699CCAB3B257}.DebugNuget|ARM.Deploy.0 = Debug|Any CPU
		{47286A0B-AE29-45BF-8C6F-699CCAB3B257}.DebugNuget|ARM64.ActiveCfg = Debug|Any CPU
		{47286A0B-AE29-45BF-8C6F-699CCAB3B257}.DebugNuget|ARM64.Build.0 = Debug|Any CPU
		{47286A0B-AE29-45BF-8C6F-699CCAB3B257}.DebugNuget|ARM64.Deploy.0 = Debug|Any CPU
		{47286A0B-AE29-45BF-8C6F-699CCAB3B257}.DebugNuget|x64.ActiveCfg = Debug|Any CPU
		{47286A0B-AE29-45BF-8C6F-699CCAB3B257}.DebugNuget|x64.Build.0 = Debug|Any CPU
		{47286A0B-AE29-45BF-8C6F-699CCAB3B257}.DebugNuget|x64.Deploy.0 = Debug|Any CPU
		{47286A0B-AE29-45BF-8C6F-699CCAB3B257}.DebugNuget|x86.ActiveCfg = Debug|Any CPU
		{47286A0B-AE29-45BF-8C6F-699CCAB3B257}.DebugNuget|x86.Build.0 = Debug|Any CPU
		{47286A0B-AE29-45BF-8C6F-699CCAB3B257}.DebugNuget|x86.Deploy.0 = Debug|Any CPU
		{47286A0B-AE29-45BF-8C6F-699CCAB3B257}.Release|Any CPU.ActiveCfg = Release|Any CPU
		{47286A0B-AE29-45BF-8C6F-699CCAB3B257}.Release|Any CPU.Build.0 = Release|Any CPU
		{47286A0B-AE29-45BF-8C6F-699CCAB3B257}.Release|Any CPU.Deploy.0 = Release|Any CPU
		{47286A0B-AE29-45BF-8C6F-699CCAB3B257}.Release|ARM.ActiveCfg = Release|Any CPU
		{47286A0B-AE29-45BF-8C6F-699CCAB3B257}.Release|ARM.Build.0 = Release|Any CPU
		{47286A0B-AE29-45BF-8C6F-699CCAB3B257}.Release|ARM.Deploy.0 = Release|Any CPU
		{47286A0B-AE29-45BF-8C6F-699CCAB3B257}.Release|ARM64.ActiveCfg = Release|Any CPU
		{47286A0B-AE29-45BF-8C6F-699CCAB3B257}.Release|ARM64.Build.0 = Release|Any CPU
		{47286A0B-AE29-45BF-8C6F-699CCAB3B257}.Release|ARM64.Deploy.0 = Release|Any CPU
		{47286A0B-AE29-45BF-8C6F-699CCAB3B257}.Release|x64.ActiveCfg = Release|Any CPU
		{47286A0B-AE29-45BF-8C6F-699CCAB3B257}.Release|x64.Build.0 = Release|Any CPU
		{47286A0B-AE29-45BF-8C6F-699CCAB3B257}.Release|x64.Deploy.0 = Release|Any CPU
		{47286A0B-AE29-45BF-8C6F-699CCAB3B257}.Release|x86.ActiveCfg = Release|Any CPU
		{47286A0B-AE29-45BF-8C6F-699CCAB3B257}.Release|x86.Build.0 = Release|Any CPU
		{47286A0B-AE29-45BF-8C6F-699CCAB3B257}.Release|x86.Deploy.0 = Release|Any CPU
		{1E4602F4-B6F4-41DA-B45A-14BA086E1B59}.Debug|Any CPU.ActiveCfg = Debug|Any CPU
		{1E4602F4-B6F4-41DA-B45A-14BA086E1B59}.Debug|Any CPU.Build.0 = Debug|Any CPU
		{1E4602F4-B6F4-41DA-B45A-14BA086E1B59}.Debug|ARM.ActiveCfg = Debug|Any CPU
		{1E4602F4-B6F4-41DA-B45A-14BA086E1B59}.Debug|ARM.Build.0 = Debug|Any CPU
		{1E4602F4-B6F4-41DA-B45A-14BA086E1B59}.Debug|ARM64.ActiveCfg = Debug|Any CPU
		{1E4602F4-B6F4-41DA-B45A-14BA086E1B59}.Debug|ARM64.Build.0 = Debug|Any CPU
		{1E4602F4-B6F4-41DA-B45A-14BA086E1B59}.Debug|x64.ActiveCfg = Debug|Any CPU
		{1E4602F4-B6F4-41DA-B45A-14BA086E1B59}.Debug|x64.Build.0 = Debug|Any CPU
		{1E4602F4-B6F4-41DA-B45A-14BA086E1B59}.Debug|x86.ActiveCfg = Debug|Any CPU
		{1E4602F4-B6F4-41DA-B45A-14BA086E1B59}.Debug|x86.Build.0 = Debug|Any CPU
		{1E4602F4-B6F4-41DA-B45A-14BA086E1B59}.DebugNuget|Any CPU.ActiveCfg = Debug|Any CPU
		{1E4602F4-B6F4-41DA-B45A-14BA086E1B59}.DebugNuget|Any CPU.Build.0 = Debug|Any CPU
		{1E4602F4-B6F4-41DA-B45A-14BA086E1B59}.DebugNuget|ARM.ActiveCfg = Debug|Any CPU
		{1E4602F4-B6F4-41DA-B45A-14BA086E1B59}.DebugNuget|ARM.Build.0 = Debug|Any CPU
		{1E4602F4-B6F4-41DA-B45A-14BA086E1B59}.DebugNuget|ARM64.ActiveCfg = Debug|Any CPU
		{1E4602F4-B6F4-41DA-B45A-14BA086E1B59}.DebugNuget|ARM64.Build.0 = Debug|Any CPU
		{1E4602F4-B6F4-41DA-B45A-14BA086E1B59}.DebugNuget|x64.ActiveCfg = Debug|Any CPU
		{1E4602F4-B6F4-41DA-B45A-14BA086E1B59}.DebugNuget|x64.Build.0 = Debug|Any CPU
		{1E4602F4-B6F4-41DA-B45A-14BA086E1B59}.DebugNuget|x86.ActiveCfg = Debug|Any CPU
		{1E4602F4-B6F4-41DA-B45A-14BA086E1B59}.DebugNuget|x86.Build.0 = Debug|Any CPU
		{1E4602F4-B6F4-41DA-B45A-14BA086E1B59}.Release|Any CPU.ActiveCfg = Release|Any CPU
		{1E4602F4-B6F4-41DA-B45A-14BA086E1B59}.Release|Any CPU.Build.0 = Release|Any CPU
		{1E4602F4-B6F4-41DA-B45A-14BA086E1B59}.Release|ARM.ActiveCfg = Release|Any CPU
		{1E4602F4-B6F4-41DA-B45A-14BA086E1B59}.Release|ARM.Build.0 = Release|Any CPU
		{1E4602F4-B6F4-41DA-B45A-14BA086E1B59}.Release|ARM64.ActiveCfg = Release|Any CPU
		{1E4602F4-B6F4-41DA-B45A-14BA086E1B59}.Release|ARM64.Build.0 = Release|Any CPU
		{1E4602F4-B6F4-41DA-B45A-14BA086E1B59}.Release|x64.ActiveCfg = Release|Any CPU
		{1E4602F4-B6F4-41DA-B45A-14BA086E1B59}.Release|x64.Build.0 = Release|Any CPU
		{1E4602F4-B6F4-41DA-B45A-14BA086E1B59}.Release|x86.ActiveCfg = Release|Any CPU
		{1E4602F4-B6F4-41DA-B45A-14BA086E1B59}.Release|x86.Build.0 = Release|Any CPU
	EndGlobalSection
	GlobalSection(SolutionProperties) = preSolution
		HideSolutionNode = FALSE
	EndGlobalSection
	GlobalSection(NestedProjects) = preSolution
		{47286A0B-AE29-45BF-8C6F-699CCAB3B257} = {15875269-8681-4438-9468-E44A6AD6411D}
		{7A9A9964-3657-42AE-A265-A5F57AE8F099} = {CB664A7C-FE30-4373-AC38-9243034FC9F2}
		{2D8DCC5F-1298-4A25-A7F6-8843AA148472} = {CB664A7C-FE30-4373-AC38-9243034FC9F2}
		{92408BFB-1FAF-469C-B8E5-32E994950432} = {CB664A7C-FE30-4373-AC38-9243034FC9F2}
		{B7FD8094-83A8-442A-8EC6-BB8C3EF78FB7} = {CB664A7C-FE30-4373-AC38-9243034FC9F2}
		{AB6068B1-4490-485B-A616-5EBB0A4F904D} = {CB664A7C-FE30-4373-AC38-9243034FC9F2}
		{BD9A9B85-DDA0-4433-8F43-162C8205198D} = {CB664A7C-FE30-4373-AC38-9243034FC9F2}
		{2E0F33DC-1010-4BD0-8844-D5816E74E708} = {CB664A7C-FE30-4373-AC38-9243034FC9F2}
		{87970436-FA98-4034-81DD-ED1C53D4672F} = {CB664A7C-FE30-4373-AC38-9243034FC9F2}
		{1E4602F4-B6F4-41DA-B45A-14BA086E1B59} = {B5AEA3A5-DB85-4777-89C3-C1E3B60206EE}
	EndGlobalSection
	GlobalSection(ExtensibilityGlobals) = postSolution
		SolutionGuid = {2194F6FA-98D1-44A9-BD68-A84FCBFA6F82}
	EndGlobalSection
EndGlobal
